{
  "originHash" : "cd6cf1a2259bbcd4af1ca94200db5653b548377388eb17c0a60ef52f729423c7",
  "pins" : [
    {
      "identity" : "cloudstorage",
      "kind" : "remoteSourceControl",
      "location" : "https://github.com/tomlokhorst/CloudStorage",
      "state" : {
        "revision" : "d94cb14e563c1a20edeba8a861395c60c2b9d064",
        "version" : "0.7.0"
      }
    },
    {
      "identity" : "swiftdata-transferrable",
      "kind" : "remoteSourceControl",
      "location" : "https://github.com/Whiffer/swiftdata-transferrable",
      "state" : {
        "revision" : "6aff9acc43b03e513627d3bd6a9748fb9c15f295",
        "version" : "2.0.0"
      }
    }
  ],
  "version" : 3
}
