// !$*UTF8*$!
{
	archiveVersion = 1;
	classes = {
	};
	objectVersion = 56;
	objects = {

/* Begin PBXBuildFile section */
		4D0179EB2C11C99B00D76BF5 /* Common.swift in Sources */ = {isa = PBXBuildFile; fileRef = 4D0179EA2C11C99B00D76BF5 /* Common.swift */; };
		4D0179F12C11F30A00D76BF5 /* SettingsView.swift in Sources */ = {isa = PBXBuildFile; fileRef = 4D0179F02C11F30A00D76BF5 /* SettingsView.swift */; };
		4D1210262C2ACDFD00ACD511 /* Refresher.swift in Sources */ = {isa = PBXBuildFile; fileRef = 4DD0FA372C20794300C99E25 /* Refresher.swift */; };
		4D1210272C2AD23400ACD511 /* TaskSwipeModifier.swift in Sources */ = {isa = PBXBuildFile; fileRef = 4DEF682D2C19E47F000B9F1F /* TaskSwipeModifier.swift */; };
		4D1210292C2AD4C800ACD511 /* TaskDetailsView.swift in Sources */ = {isa = PBXBuildFile; fileRef = 4D1210282C2AD4C800ACD511 /* TaskDetailsView.swift */; };
		4D12102A2C2AD75500ACD511 /* CircularProgressView.swift in Sources */ = {isa = PBXBuildFile; fileRef = 4DE97AA72BF35BD300E43E9A /* CircularProgressView.swift */; };
		4D12102B2C2AE6EB00ACD511 /* Localizable.xcstrings in Resources */ = {isa = PBXBuildFile; fileRef = 4D8F04EF2C296F7200B7698B /* Localizable.xcstrings */; };
		4D1959B02BFB8D9200B90F10 /* ProjectSettingsView.swift in Sources */ = {isa = PBXBuildFile; fileRef = 4D1959AF2BFB8D9200B90F10 /* ProjectSettingsView.swift */; };
		4D1959B22BFBB25900B90F10 /* StatusRowView.swift in Sources */ = {isa = PBXBuildFile; fileRef = 4D1959B12BFBB25900B90F10 /* StatusRowView.swift */; };
		4D1959BD2BFBC2CF00B90F10 /* ProjectsListView.swift in Sources */ = {isa = PBXBuildFile; fileRef = 4D1959BC2BFBC2CF00B90F10 /* ProjectsListView.swift */; };
		4D21F3E82C0EFF3D00CB4E7F /* ReviewProjectsView.swift in Sources */ = {isa = PBXBuildFile; fileRef = 4D21F3E72C0EFF3D00CB4E7F /* ReviewProjectsView.swift */; };
		4D21F3EA2C0F278F00CB4E7F /* ProjectToReviewView.swift in Sources */ = {isa = PBXBuildFile; fileRef = 4D21F3E92C0F278F00CB4E7F /* ProjectToReviewView.swift */; };
		4D3769182C188B0D00EBC0C5 /* TaskRowModifier.swift in Sources */ = {isa = PBXBuildFile; fileRef = 4D3769172C188B0D00EBC0C5 /* TaskRowModifier.swift */; };
		4D4272C12BF36F7F0003E129 /* FocusTimerView.swift in Sources */ = {isa = PBXBuildFile; fileRef = 4D4272C02BF36F7F0003E129 /* FocusTimerView.swift */; };
		4D4272C72BF3BD160003E129 /* SwiftDataTransferrable in Frameworks */ = {isa = PBXBuildFile; productRef = 4D4272C62BF3BD160003E129 /* SwiftDataTransferrable */; };
		4D4272C92BF3BDF70003E129 /* NewTaskView.swift in Sources */ = {isa = PBXBuildFile; fileRef = 4D4272C82BF3BDF70003E129 /* NewTaskView.swift */; };
		4D4272CF2BF3C7890003E129 /* EditProjectGroupView.swift in Sources */ = {isa = PBXBuildFile; fileRef = 4D4272CE2BF3C7890003E129 /* EditProjectGroupView.swift */; };
		4D4272D12BF3C7E20003E129 /* NewProjectGroupView.swift in Sources */ = {isa = PBXBuildFile; fileRef = 4D4272D02BF3C7E20003E129 /* NewProjectGroupView.swift */; };
		4D4272D32BF3C8070003E129 /* NewProjectView.swift in Sources */ = {isa = PBXBuildFile; fileRef = 4D4272D22BF3C8070003E129 /* NewProjectView.swift */; };
		4D807D0F2C2ABE6B000A973A /* PomPadDoWatchApp.swift in Sources */ = {isa = PBXBuildFile; fileRef = 4D807D0E2C2ABE6B000A973A /* PomPadDoWatchApp.swift */; };
		4D807D112C2ABE6B000A973A /* ContentView.swift in Sources */ = {isa = PBXBuildFile; fileRef = 4D807D102C2ABE6B000A973A /* ContentView.swift */; };
		4D807D132C2ABE6E000A973A /* Assets.xcassets in Resources */ = {isa = PBXBuildFile; fileRef = 4D807D122C2ABE6E000A973A /* Assets.xcassets */; };
		4D807D162C2ABE6E000A973A /* Preview Assets.xcassets in Resources */ = {isa = PBXBuildFile; fileRef = 4D807D152C2ABE6E000A973A /* Preview Assets.xcassets */; };
		4D807D202C2ABE6F000A973A /* PomPadDoWatchAppTests.swift in Sources */ = {isa = PBXBuildFile; fileRef = 4D807D1F2C2ABE6F000A973A /* PomPadDoWatchAppTests.swift */; };
		4D807D2A2C2ABE6F000A973A /* PomPadDoWatchAppUITests.swift in Sources */ = {isa = PBXBuildFile; fileRef = 4D807D292C2ABE6F000A973A /* PomPadDoWatchAppUITests.swift */; };
		4D807D2C2C2ABE6F000A973A /* PomPadDoWatchAppUITestsLaunchTests.swift in Sources */ = {isa = PBXBuildFile; fileRef = 4D807D2B2C2ABE6F000A973A /* PomPadDoWatchAppUITestsLaunchTests.swift */; };
		4D807D2F2C2ABE6F000A973A /* PomPadDoWatch Watch App.app in Embed Watch Content */ = {isa = PBXBuildFile; fileRef = 4D807D0C2C2ABE6B000A973A /* PomPadDoWatch Watch App.app */; settings = {ATTRIBUTES = (RemoveHeadersOnCopy, ); }; };
		4D807D3A2C2AC1EF000A973A /* Project.swift in Sources */ = {isa = PBXBuildFile; fileRef = 4DE97A9D2BF351ED00E43E9A /* Project.swift */; };
		4D807D3B2C2AC1EF000A973A /* Status.swift in Sources */ = {isa = PBXBuildFile; fileRef = 4DE97A9E2BF351ED00E43E9A /* Status.swift */; };
		4D807D3C2C2AC1EF000A973A /* Todo.swift in Sources */ = {isa = PBXBuildFile; fileRef = 4DE97A9C2BF351ED00E43E9A /* Todo.swift */; };
		4D807D3D2C2AC1EF000A973A /* ProjectGroup.swift in Sources */ = {isa = PBXBuildFile; fileRef = 4DE97A9F2BF351ED00E43E9A /* ProjectGroup.swift */; };
		4D807D3E2C2AC202000A973A /* TaskCheckBoxView.swift in Sources */ = {isa = PBXBuildFile; fileRef = 4DE97AC12BF368B300E43E9A /* TaskCheckBoxView.swift */; };
		4D807D3F2C2AC211000A973A /* Previewer.swift in Sources */ = {isa = PBXBuildFile; fileRef = 4DE97AAE2BF35CAF00E43E9A /* Previewer.swift */; };
		4D807D402C2AC219000A973A /* TasksQuery.swift in Sources */ = {isa = PBXBuildFile; fileRef = 4DE97AAF2BF35CB000E43E9A /* TasksQuery.swift */; };
		4D807D462C2AC2BC000A973A /* NewTaskView.swift in Sources */ = {isa = PBXBuildFile; fileRef = 4D807D452C2AC2BC000A973A /* NewTaskView.swift */; };
		4D807D482C2AC34E000A973A /* SectionsListView.swift in Sources */ = {isa = PBXBuildFile; fileRef = 4D807D472C2AC34E000A973A /* SectionsListView.swift */; };
		4D807D4A2C2AC384000A973A /* TasksListView.swift in Sources */ = {isa = PBXBuildFile; fileRef = 4D807D492C2AC384000A973A /* TasksListView.swift */; };
		4D83FCC72C4FB15200F407C9 /* WidgetKit.framework in Frameworks */ = {isa = PBXBuildFile; fileRef = 4D1FA5DC2C387B7300B30FEB /* WidgetKit.framework */; };
		4D83FCC82C4FB15200F407C9 /* SwiftUI.framework in Frameworks */ = {isa = PBXBuildFile; fileRef = 4D1FA5DE2C387B7300B30FEB /* SwiftUI.framework */; };
		4D83FCCB2C4FB15200F407C9 /* PomPadDoWidgetsBundle.swift in Sources */ = {isa = PBXBuildFile; fileRef = 4D83FCCA2C4FB15200F407C9 /* PomPadDoWidgetsBundle.swift */; };
		4D83FCCF2C4FB15400F407C9 /* Assets.xcassets in Resources */ = {isa = PBXBuildFile; fileRef = 4D83FCCE2C4FB15400F407C9 /* Assets.xcassets */; };
		4D83FCD32C4FB15400F407C9 /* PomPadDoWidgetsExtension.appex in Embed Foundation Extensions */ = {isa = PBXBuildFile; fileRef = 4D83FCC62C4FB15200F407C9 /* PomPadDoWidgetsExtension.appex */; settings = {ATTRIBUTES = (RemoveHeadersOnCopy, ); }; };
		4D83FCDB2C4FB28B00F407C9 /* ProjectGroup.swift in Sources */ = {isa = PBXBuildFile; fileRef = 4DE97A9F2BF351ED00E43E9A /* ProjectGroup.swift */; };
		4D83FCDC2C4FB28B00F407C9 /* Project.swift in Sources */ = {isa = PBXBuildFile; fileRef = 4DE97A9D2BF351ED00E43E9A /* Project.swift */; };
		4D83FCDD2C4FB28B00F407C9 /* Todo.swift in Sources */ = {isa = PBXBuildFile; fileRef = 4DE97A9C2BF351ED00E43E9A /* Todo.swift */; };
		4D83FCDE2C4FB28B00F407C9 /* Status.swift in Sources */ = {isa = PBXBuildFile; fileRef = 4DE97A9E2BF351ED00E43E9A /* Status.swift */; };
		4D83FCDF2C4FB29000F407C9 /* TasksQuery.swift in Sources */ = {isa = PBXBuildFile; fileRef = 4DE97AAF2BF35CB000E43E9A /* TasksQuery.swift */; };
		4D83FCE02C4FB37000F407C9 /* TodayTasks.swift in Sources */ = {isa = PBXBuildFile; fileRef = 4D83FCD92C4FB27F00F407C9 /* TodayTasks.swift */; };
		4D83FCE32C4FC08D00F407C9 /* AddToInbox.swift in Sources */ = {isa = PBXBuildFile; fileRef = 4D83FCE12C4FC08500F407C9 /* AddToInbox.swift */; };
		4D83FCE62C50016100F407C9 /* PomPadDoWidgetsBundle.swift in Sources */ = {isa = PBXBuildFile; fileRef = 4D83FCCA2C4FB15200F407C9 /* PomPadDoWidgetsBundle.swift */; };
		4D83FCE72C50016100F407C9 /* ProjectGroup.swift in Sources */ = {isa = PBXBuildFile; fileRef = 4DE97A9F2BF351ED00E43E9A /* ProjectGroup.swift */; };
		4D83FCE82C50016100F407C9 /* TodayTasks.swift in Sources */ = {isa = PBXBuildFile; fileRef = 4D83FCD92C4FB27F00F407C9 /* TodayTasks.swift */; };
		4D83FCE92C50016100F407C9 /* Project.swift in Sources */ = {isa = PBXBuildFile; fileRef = 4DE97A9D2BF351ED00E43E9A /* Project.swift */; };
		4D83FCEA2C50016100F407C9 /* Todo.swift in Sources */ = {isa = PBXBuildFile; fileRef = 4DE97A9C2BF351ED00E43E9A /* Todo.swift */; };
		4D83FCEB2C50016100F407C9 /* Status.swift in Sources */ = {isa = PBXBuildFile; fileRef = 4DE97A9E2BF351ED00E43E9A /* Status.swift */; };
		4D83FCEC2C50016100F407C9 /* AddToInbox.swift in Sources */ = {isa = PBXBuildFile; fileRef = 4D83FCE12C4FC08500F407C9 /* AddToInbox.swift */; };
		4D83FCED2C50016100F407C9 /* TasksQuery.swift in Sources */ = {isa = PBXBuildFile; fileRef = 4DE97AAF2BF35CB000E43E9A /* TasksQuery.swift */; };
		4D83FCEF2C50016100F407C9 /* SwiftUI.framework in Frameworks */ = {isa = PBXBuildFile; fileRef = 4D1FA5DE2C387B7300B30FEB /* SwiftUI.framework */; };
		4D83FCF02C50016100F407C9 /* WidgetKit.framework in Frameworks */ = {isa = PBXBuildFile; fileRef = 4D1FA5DC2C387B7300B30FEB /* WidgetKit.framework */; };
		4D83FCF22C50016100F407C9 /* Assets.xcassets in Resources */ = {isa = PBXBuildFile; fileRef = 4D83FCCE2C4FB15400F407C9 /* Assets.xcassets */; };
		4D83FCF82C5001DC00F407C9 /* PomPadDoWidgetsWatchExtension.appex in Embed Foundation Extensions */ = {isa = PBXBuildFile; fileRef = 4D83FCF62C50016100F407C9 /* PomPadDoWidgetsWatchExtension.appex */; settings = {ATTRIBUTES = (RemoveHeadersOnCopy, ); }; };
		4D8F04F02C296F7200B7698B /* Localizable.xcstrings in Resources */ = {isa = PBXBuildFile; fileRef = 4D8F04EF2C296F7200B7698B /* Localizable.xcstrings */; };
		4D8F04F22C296F8C00B7698B /* InfoPlist.xcstrings in Resources */ = {isa = PBXBuildFile; fileRef = 4D8F04F12C296F8C00B7698B /* InfoPlist.xcstrings */; };
		4DA863EE2BFF4D3200269D83 /* EditTaskView.swift in Sources */ = {isa = PBXBuildFile; fileRef = 4DA863ED2BFF4D3200269D83 /* EditTaskView.swift */; };
		4DA863F02BFF691E00269D83 /* TaskRowView.swift in Sources */ = {isa = PBXBuildFile; fileRef = 4DA863EF2BFF691E00269D83 /* TaskRowView.swift */; };
		4DA863F42BFF71B100269D83 /* ProjectTasksListView.swift in Sources */ = {isa = PBXBuildFile; fileRef = 4DA863F32BFF71B100269D83 /* ProjectTasksListView.swift */; };
		4DA863F62BFF864A00269D83 /* ProjectView.swift in Sources */ = {isa = PBXBuildFile; fileRef = 4DA863F52BFF864A00269D83 /* ProjectView.swift */; };
		4DA863F82BFF879900269D83 /* TasksListView.swift in Sources */ = {isa = PBXBuildFile; fileRef = 4DA863F72BFF879900269D83 /* TasksListView.swift */; };
		4DBBB0332C189B0300F1D400 /* ProjectTaskModifier.swift in Sources */ = {isa = PBXBuildFile; fileRef = 4DBBB0322C189B0300F1D400 /* ProjectTaskModifier.swift */; };
		4DCBF8B02C062D5700E1537A /* BoardView.swift in Sources */ = {isa = PBXBuildFile; fileRef = 4DCBF8AF2C062D5700E1537A /* BoardView.swift */; };
		4DD0FA382C20794300C99E25 /* Refresher.swift in Sources */ = {isa = PBXBuildFile; fileRef = 4DD0FA372C20794300C99E25 /* Refresher.swift */; };
		4DDDB3D32BF23034002C4F95 /* PomPadDoiOSApp.swift in Sources */ = {isa = PBXBuildFile; fileRef = 4DDDB3D22BF23034002C4F95 /* PomPadDoiOSApp.swift */; };
		4DDDB3D52BF23034002C4F95 /* ContentView.swift in Sources */ = {isa = PBXBuildFile; fileRef = 4DDDB3D42BF23034002C4F95 /* ContentView.swift */; };
		4DDDB3D92BF23037002C4F95 /* Assets.xcassets in Resources */ = {isa = PBXBuildFile; fileRef = 4DDDB3D82BF23037002C4F95 /* Assets.xcassets */; };
		4DDDB3DC2BF23037002C4F95 /* Preview Assets.xcassets in Resources */ = {isa = PBXBuildFile; fileRef = 4DDDB3DB2BF23037002C4F95 /* Preview Assets.xcassets */; };
		4DDDB3E62BF23037002C4F95 /* PomPadDoiOSTests.swift in Sources */ = {isa = PBXBuildFile; fileRef = 4DDDB3E52BF23037002C4F95 /* PomPadDoiOSTests.swift */; };
		4DDDB3F02BF23037002C4F95 /* PomPadDoiOSUITests.swift in Sources */ = {isa = PBXBuildFile; fileRef = 4DDDB3EF2BF23037002C4F95 /* PomPadDoiOSUITests.swift */; };
		4DDDB3F22BF23037002C4F95 /* PomPadDoiOSUITestsLaunchTests.swift in Sources */ = {isa = PBXBuildFile; fileRef = 4DDDB3F12BF23037002C4F95 /* PomPadDoiOSUITestsLaunchTests.swift */; };
		4DDDB3FF2BF257B7002C4F95 /* MainView.swift in Sources */ = {isa = PBXBuildFile; fileRef = 4DDDB3FE2BF257B7002C4F95 /* MainView.swift */; };
		4DE97AA02BF351ED00E43E9A /* Todo.swift in Sources */ = {isa = PBXBuildFile; fileRef = 4DE97A9C2BF351ED00E43E9A /* Todo.swift */; };
		4DE97AA12BF351ED00E43E9A /* Project.swift in Sources */ = {isa = PBXBuildFile; fileRef = 4DE97A9D2BF351ED00E43E9A /* Project.swift */; };
		4DE97AA22BF351ED00E43E9A /* Status.swift in Sources */ = {isa = PBXBuildFile; fileRef = 4DE97A9E2BF351ED00E43E9A /* Status.swift */; };
		4DE97AA32BF351EE00E43E9A /* ProjectGroup.swift in Sources */ = {isa = PBXBuildFile; fileRef = 4DE97A9F2BF351ED00E43E9A /* ProjectGroup.swift */; };
		4DE97AA92BF35BD300E43E9A /* CheckBoxView.swift in Sources */ = {isa = PBXBuildFile; fileRef = 4DE97AA62BF35BD300E43E9A /* CheckBoxView.swift */; };
		4DE97AAA2BF35BD300E43E9A /* CircularProgressView.swift in Sources */ = {isa = PBXBuildFile; fileRef = 4DE97AA72BF35BD300E43E9A /* CircularProgressView.swift */; };
		4DE97AAB2BF35BD300E43E9A /* Collapsible.swift in Sources */ = {isa = PBXBuildFile; fileRef = 4DE97AA82BF35BD300E43E9A /* Collapsible.swift */; };
		4DE97AB22BF35CB000E43E9A /* Previewer.swift in Sources */ = {isa = PBXBuildFile; fileRef = 4DE97AAE2BF35CAF00E43E9A /* Previewer.swift */; };
		4DE97AB32BF35CB000E43E9A /* TasksQuery.swift in Sources */ = {isa = PBXBuildFile; fileRef = 4DE97AAF2BF35CB000E43E9A /* TasksQuery.swift */; };
		4DE97AB42BF35CB000E43E9A /* NotificationManager.swift in Sources */ = {isa = PBXBuildFile; fileRef = 4DE97AB02BF35CB000E43E9A /* NotificationManager.swift */; };
		4DE97AB82BF35EA200E43E9A /* FocusTimer.swift in Sources */ = {isa = PBXBuildFile; fileRef = 4DE97AB62BF35EA200E43E9A /* FocusTimer.swift */; };
		4DE97ABB2BF366B300E43E9A /* BadgeManager.swift in Sources */ = {isa = PBXBuildFile; fileRef = 4DE97ABA2BF366B300E43E9A /* BadgeManager.swift */; };
		4DE97AC22BF368B300E43E9A /* TaskCheckBoxView.swift in Sources */ = {isa = PBXBuildFile; fileRef = 4DE97AC12BF368B300E43E9A /* TaskCheckBoxView.swift */; };
		4DEF682E2C19E47F000B9F1F /* TaskSwipeModifier.swift in Sources */ = {isa = PBXBuildFile; fileRef = 4DEF682D2C19E47F000B9F1F /* TaskSwipeModifier.swift */; };
		4DEF68302C19FD12000B9F1F /* SectionsListView.swift in Sources */ = {isa = PBXBuildFile; fileRef = 4DEF682F2C19FD12000B9F1F /* SectionsListView.swift */; };
/* End PBXBuildFile section */

/* Begin PBXContainerItemProxy section */
		4D807D1C2C2ABE6F000A973A /* PBXContainerItemProxy */ = {
			isa = PBXContainerItemProxy;
			containerPortal = 4DDDB3C72BF23034002C4F95 /* Project object */;
			proxyType = 1;
			remoteGlobalIDString = 4D807D0B2C2ABE6B000A973A;
			remoteInfo = "PomPadDoWatch Watch App";
		};
		4D807D262C2ABE6F000A973A /* PBXContainerItemProxy */ = {
			isa = PBXContainerItemProxy;
			containerPortal = 4DDDB3C72BF23034002C4F95 /* Project object */;
			proxyType = 1;
			remoteGlobalIDString = 4D807D0B2C2ABE6B000A973A;
			remoteInfo = "PomPadDoWatch Watch App";
		};
		4D807D2D2C2ABE6F000A973A /* PBXContainerItemProxy */ = {
			isa = PBXContainerItemProxy;
			containerPortal = 4DDDB3C72BF23034002C4F95 /* Project object */;
			proxyType = 1;
			remoteGlobalIDString = 4D807D0B2C2ABE6B000A973A;
			remoteInfo = "PomPadDoWatch Watch App";
		};
		4D83FCD12C4FB15400F407C9 /* PBXContainerItemProxy */ = {
			isa = PBXContainerItemProxy;
			containerPortal = 4DDDB3C72BF23034002C4F95 /* Project object */;
			proxyType = 1;
			remoteGlobalIDString = 4D83FCC52C4FB15200F407C9;
			remoteInfo = PomPadDoWidgetsExtension;
		};
		4D83FCF92C5001DC00F407C9 /* PBXContainerItemProxy */ = {
			isa = PBXContainerItemProxy;
			containerPortal = 4DDDB3C72BF23034002C4F95 /* Project object */;
			proxyType = 1;
			remoteGlobalIDString = 4D83FCE42C50016100F407C9;
			remoteInfo = PomPadDoWidgetsWatchExtension;
		};
		4DDDB3E22BF23037002C4F95 /* PBXContainerItemProxy */ = {
			isa = PBXContainerItemProxy;
			containerPortal = 4DDDB3C72BF23034002C4F95 /* Project object */;
			proxyType = 1;
			remoteGlobalIDString = 4DDDB3CE2BF23034002C4F95;
			remoteInfo = PomPadDoiOS;
		};
		4DDDB3EC2BF23037002C4F95 /* PBXContainerItemProxy */ = {
			isa = PBXContainerItemProxy;
			containerPortal = 4DDDB3C72BF23034002C4F95 /* Project object */;
			proxyType = 1;
			remoteGlobalIDString = 4DDDB3CE2BF23034002C4F95;
			remoteInfo = PomPadDoiOS;
		};
/* End PBXContainerItemProxy section */

/* Begin PBXCopyFilesBuildPhase section */
		4D807D302C2ABE6F000A973A /* Embed Watch Content */ = {
			isa = PBXCopyFilesBuildPhase;
			buildActionMask = 2147483647;
			dstPath = "$(CONTENTS_FOLDER_PATH)/Watch";
			dstSubfolderSpec = 16;
			files = (
				4D807D2F2C2ABE6F000A973A /* PomPadDoWatch Watch App.app in Embed Watch Content */,
			);
			name = "Embed Watch Content";
			runOnlyForDeploymentPostprocessing = 0;
		};
		4D83FCD42C4FB15400F407C9 /* Embed Foundation Extensions */ = {
			isa = PBXCopyFilesBuildPhase;
			buildActionMask = 2147483647;
			dstPath = "";
			dstSubfolderSpec = 13;
			files = (
				4D83FCD32C4FB15400F407C9 /* PomPadDoWidgetsExtension.appex in Embed Foundation Extensions */,
			);
			name = "Embed Foundation Extensions";
			runOnlyForDeploymentPostprocessing = 0;
		};
		4D83FCFB2C5001DC00F407C9 /* Embed Foundation Extensions */ = {
			isa = PBXCopyFilesBuildPhase;
			buildActionMask = 2147483647;
			dstPath = "";
			dstSubfolderSpec = 13;
			files = (
				4D83FCF82C5001DC00F407C9 /* PomPadDoWidgetsWatchExtension.appex in Embed Foundation Extensions */,
			);
			name = "Embed Foundation Extensions";
			runOnlyForDeploymentPostprocessing = 0;
		};
/* End PBXCopyFilesBuildPhase section */

/* Begin PBXFileReference section */
		4D0179EA2C11C99B00D76BF5 /* Common.swift */ = {isa = PBXFileReference; fileEncoding = 4; lastKnownFileType = sourcecode.swift; name = Common.swift; path = ../../../PomPadDoMac/PomPadDoMac/Utils/Common.swift; sourceTree = "<group>"; };
		4D0179F02C11F30A00D76BF5 /* SettingsView.swift */ = {isa = PBXFileReference; lastKnownFileType = sourcecode.swift; path = SettingsView.swift; sourceTree = "<group>"; };
		4D1210282C2AD4C800ACD511 /* TaskDetailsView.swift */ = {isa = PBXFileReference; lastKnownFileType = sourcecode.swift; path = TaskDetailsView.swift; sourceTree = "<group>"; };
		4D1959AF2BFB8D9200B90F10 /* ProjectSettingsView.swift */ = {isa = PBXFileReference; lastKnownFileType = sourcecode.swift; path = ProjectSettingsView.swift; sourceTree = "<group>"; };
		4D1959B12BFBB25900B90F10 /* StatusRowView.swift */ = {isa = PBXFileReference; lastKnownFileType = sourcecode.swift; path = StatusRowView.swift; sourceTree = "<group>"; };
		4D1959BC2BFBC2CF00B90F10 /* ProjectsListView.swift */ = {isa = PBXFileReference; lastKnownFileType = sourcecode.swift; path = ProjectsListView.swift; sourceTree = "<group>"; };
		4D1FA5DC2C387B7300B30FEB /* WidgetKit.framework */ = {isa = PBXFileReference; lastKnownFileType = wrapper.framework; name = WidgetKit.framework; path = System/Library/Frameworks/WidgetKit.framework; sourceTree = SDKROOT; };
		4D1FA5DE2C387B7300B30FEB /* SwiftUI.framework */ = {isa = PBXFileReference; lastKnownFileType = wrapper.framework; name = SwiftUI.framework; path = System/Library/Frameworks/SwiftUI.framework; sourceTree = SDKROOT; };
		4D21F3E72C0EFF3D00CB4E7F /* ReviewProjectsView.swift */ = {isa = PBXFileReference; lastKnownFileType = sourcecode.swift; path = ReviewProjectsView.swift; sourceTree = "<group>"; };
		4D21F3E92C0F278F00CB4E7F /* ProjectToReviewView.swift */ = {isa = PBXFileReference; lastKnownFileType = sourcecode.swift; path = ProjectToReviewView.swift; sourceTree = "<group>"; };
		4D3769172C188B0D00EBC0C5 /* TaskRowModifier.swift */ = {isa = PBXFileReference; lastKnownFileType = sourcecode.swift; path = TaskRowModifier.swift; sourceTree = "<group>"; };
		4D4272C02BF36F7F0003E129 /* FocusTimerView.swift */ = {isa = PBXFileReference; lastKnownFileType = sourcecode.swift; path = FocusTimerView.swift; sourceTree = "<group>"; };
		4D4272C82BF3BDF70003E129 /* NewTaskView.swift */ = {isa = PBXFileReference; lastKnownFileType = sourcecode.swift; path = NewTaskView.swift; sourceTree = "<group>"; };
		4D4272CE2BF3C7890003E129 /* EditProjectGroupView.swift */ = {isa = PBXFileReference; lastKnownFileType = sourcecode.swift; path = EditProjectGroupView.swift; sourceTree = "<group>"; };
		4D4272D02BF3C7E20003E129 /* NewProjectGroupView.swift */ = {isa = PBXFileReference; lastKnownFileType = sourcecode.swift; path = NewProjectGroupView.swift; sourceTree = "<group>"; };
		4D4272D22BF3C8070003E129 /* NewProjectView.swift */ = {isa = PBXFileReference; lastKnownFileType = sourcecode.swift; path = NewProjectView.swift; sourceTree = "<group>"; };
		4D807D0C2C2ABE6B000A973A /* PomPadDoWatch Watch App.app */ = {isa = PBXFileReference; explicitFileType = wrapper.application; includeInIndex = 0; path = "PomPadDoWatch Watch App.app"; sourceTree = BUILT_PRODUCTS_DIR; };
		4D807D0E2C2ABE6B000A973A /* PomPadDoWatchApp.swift */ = {isa = PBXFileReference; lastKnownFileType = sourcecode.swift; path = PomPadDoWatchApp.swift; sourceTree = "<group>"; };
		4D807D102C2ABE6B000A973A /* ContentView.swift */ = {isa = PBXFileReference; lastKnownFileType = sourcecode.swift; path = ContentView.swift; sourceTree = "<group>"; };
		4D807D122C2ABE6E000A973A /* Assets.xcassets */ = {isa = PBXFileReference; lastKnownFileType = folder.assetcatalog; path = Assets.xcassets; sourceTree = "<group>"; };
		4D807D152C2ABE6E000A973A /* Preview Assets.xcassets */ = {isa = PBXFileReference; lastKnownFileType = folder.assetcatalog; path = "Preview Assets.xcassets"; sourceTree = "<group>"; };
		4D807D1B2C2ABE6E000A973A /* PomPadDoWatch Watch AppTests.xctest */ = {isa = PBXFileReference; explicitFileType = wrapper.cfbundle; includeInIndex = 0; path = "PomPadDoWatch Watch AppTests.xctest"; sourceTree = BUILT_PRODUCTS_DIR; };
		4D807D1F2C2ABE6F000A973A /* PomPadDoWatchAppTests.swift */ = {isa = PBXFileReference; lastKnownFileType = sourcecode.swift; path = PomPadDoWatchAppTests.swift; sourceTree = "<group>"; };
		4D807D252C2ABE6F000A973A /* PomPadDoWatch Watch AppUITests.xctest */ = {isa = PBXFileReference; explicitFileType = wrapper.cfbundle; includeInIndex = 0; path = "PomPadDoWatch Watch AppUITests.xctest"; sourceTree = BUILT_PRODUCTS_DIR; };
		4D807D292C2ABE6F000A973A /* PomPadDoWatchAppUITests.swift */ = {isa = PBXFileReference; lastKnownFileType = sourcecode.swift; path = PomPadDoWatchAppUITests.swift; sourceTree = "<group>"; };
		4D807D2B2C2ABE6F000A973A /* PomPadDoWatchAppUITestsLaunchTests.swift */ = {isa = PBXFileReference; lastKnownFileType = sourcecode.swift; path = PomPadDoWatchAppUITestsLaunchTests.swift; sourceTree = "<group>"; };
		4D807D412C2AC26A000A973A /* PomPadDoWatch Watch App.entitlements */ = {isa = PBXFileReference; lastKnownFileType = text.plist.entitlements; path = "PomPadDoWatch Watch App.entitlements"; sourceTree = "<group>"; };
		4D807D422C2AC27C000A973A /* PomPadDoWatch-Watch-App-Info.plist */ = {isa = PBXFileReference; lastKnownFileType = text.plist; path = "PomPadDoWatch-Watch-App-Info.plist"; sourceTree = SOURCE_ROOT; };
		4D807D452C2AC2BC000A973A /* NewTaskView.swift */ = {isa = PBXFileReference; lastKnownFileType = sourcecode.swift; path = NewTaskView.swift; sourceTree = "<group>"; };
		4D807D472C2AC34E000A973A /* SectionsListView.swift */ = {isa = PBXFileReference; lastKnownFileType = sourcecode.swift; path = SectionsListView.swift; sourceTree = "<group>"; };
		4D807D492C2AC384000A973A /* TasksListView.swift */ = {isa = PBXFileReference; lastKnownFileType = sourcecode.swift; path = TasksListView.swift; sourceTree = "<group>"; };
		4D83FCC62C4FB15200F407C9 /* PomPadDoWidgetsExtension.appex */ = {isa = PBXFileReference; explicitFileType = "wrapper.app-extension"; includeInIndex = 0; path = PomPadDoWidgetsExtension.appex; sourceTree = BUILT_PRODUCTS_DIR; };
		4D83FCCA2C4FB15200F407C9 /* PomPadDoWidgetsBundle.swift */ = {isa = PBXFileReference; lastKnownFileType = sourcecode.swift; path = PomPadDoWidgetsBundle.swift; sourceTree = "<group>"; };
		4D83FCCE2C4FB15400F407C9 /* Assets.xcassets */ = {isa = PBXFileReference; lastKnownFileType = folder.assetcatalog; path = Assets.xcassets; sourceTree = "<group>"; };
		4D83FCD02C4FB15400F407C9 /* Info.plist */ = {isa = PBXFileReference; lastKnownFileType = text.plist.xml; path = Info.plist; sourceTree = "<group>"; };
		4D83FCD82C4FB1BE00F407C9 /* PomPadDoWidgetsExtension.entitlements */ = {isa = PBXFileReference; lastKnownFileType = text.plist.entitlements; path = PomPadDoWidgetsExtension.entitlements; sourceTree = "<group>"; };
		4D83FCD92C4FB27F00F407C9 /* TodayTasks.swift */ = {isa = PBXFileReference; lastKnownFileType = sourcecode.swift; path = TodayTasks.swift; sourceTree = "<group>"; };
		4D83FCE12C4FC08500F407C9 /* AddToInbox.swift */ = {isa = PBXFileReference; lastKnownFileType = sourcecode.swift; path = AddToInbox.swift; sourceTree = "<group>"; };
		4D83FCF62C50016100F407C9 /* PomPadDoWidgetsWatchExtension.appex */ = {isa = PBXFileReference; explicitFileType = "wrapper.app-extension"; includeInIndex = 0; path = PomPadDoWidgetsWatchExtension.appex; sourceTree = BUILT_PRODUCTS_DIR; };
		4D83FCF72C50016100F407C9 /* PomPadDoWidgetsWatchExtension-Info.plist */ = {isa = PBXFileReference; lastKnownFileType = text.plist.xml; name = "PomPadDoWidgetsWatchExtension-Info.plist"; path = "/Users/cenobith/Desktop/PomPadDo/PomPadDoiOS/PomPadDoWidgetsWatchExtension-Info.plist"; sourceTree = "<absolute>"; };
		4D8F04EF2C296F7200B7698B /* Localizable.xcstrings */ = {isa = PBXFileReference; fileEncoding = 4; lastKnownFileType = text.json.xcstrings; name = Localizable.xcstrings; path = ../../PomPadDoMac/PomPadDoMac/Localizable.xcstrings; sourceTree = "<group>"; };
		4D8F04F12C296F8C00B7698B /* InfoPlist.xcstrings */ = {isa = PBXFileReference; lastKnownFileType = text.json.xcstrings; path = InfoPlist.xcstrings; sourceTree = "<group>"; };
		4DA863ED2BFF4D3200269D83 /* EditTaskView.swift */ = {isa = PBXFileReference; fileEncoding = 4; lastKnownFileType = sourcecode.swift; name = EditTaskView.swift; path = ../../../../PomPadDoMac/PomPadDoMac/Activities/Tasks/EditTaskView.swift; sourceTree = "<group>"; };
		4DA863EF2BFF691E00269D83 /* TaskRowView.swift */ = {isa = PBXFileReference; fileEncoding = 4; lastKnownFileType = sourcecode.swift; name = TaskRowView.swift; path = ../../../../PomPadDoMac/PomPadDoMac/Activities/Tasks/TaskRowView.swift; sourceTree = "<group>"; };
		4DA863F32BFF71B100269D83 /* ProjectTasksListView.swift */ = {isa = PBXFileReference; fileEncoding = 4; lastKnownFileType = sourcecode.swift; name = ProjectTasksListView.swift; path = ../../../../PomPadDoMac/PomPadDoMac/Activities/Projects/ProjectTasksListView.swift; sourceTree = "<group>"; };
		4DA863F52BFF864A00269D83 /* ProjectView.swift */ = {isa = PBXFileReference; fileEncoding = 4; lastKnownFileType = sourcecode.swift; name = ProjectView.swift; path = ../../../../PomPadDoMac/PomPadDoMac/Activities/Projects/ProjectView.swift; sourceTree = "<group>"; };
		4DA863F72BFF879900269D83 /* TasksListView.swift */ = {isa = PBXFileReference; fileEncoding = 4; lastKnownFileType = sourcecode.swift; name = TasksListView.swift; path = ../../../../PomPadDoMac/PomPadDoMac/Activities/Tasks/TasksListView.swift; sourceTree = "<group>"; };
		4DBBB0322C189B0300F1D400 /* ProjectTaskModifier.swift */ = {isa = PBXFileReference; lastKnownFileType = sourcecode.swift; path = ProjectTaskModifier.swift; sourceTree = "<group>"; };
		4DCB073A2BFCB5B7009BA752 /* PomPadDoiOS.entitlements */ = {isa = PBXFileReference; lastKnownFileType = text.plist.entitlements; path = PomPadDoiOS.entitlements; sourceTree = "<group>"; };
		4DCBF8AF2C062D5700E1537A /* BoardView.swift */ = {isa = PBXFileReference; fileEncoding = 4; lastKnownFileType = sourcecode.swift; name = BoardView.swift; path = ../../../../../PomPadDoMac/PomPadDoMac/Activities/Projects/Board/BoardView.swift; sourceTree = "<group>"; };
		4DD0FA372C20794300C99E25 /* Refresher.swift */ = {isa = PBXFileReference; lastKnownFileType = sourcecode.swift; path = Refresher.swift; sourceTree = "<group>"; };
		4DDDB3CF2BF23034002C4F95 /* PomPadDoiOS.app */ = {isa = PBXFileReference; explicitFileType = wrapper.application; includeInIndex = 0; path = PomPadDoiOS.app; sourceTree = BUILT_PRODUCTS_DIR; };
		4DDDB3D22BF23034002C4F95 /* PomPadDoiOSApp.swift */ = {isa = PBXFileReference; lastKnownFileType = sourcecode.swift; path = PomPadDoiOSApp.swift; sourceTree = "<group>"; };
		4DDDB3D42BF23034002C4F95 /* ContentView.swift */ = {isa = PBXFileReference; lastKnownFileType = sourcecode.swift; path = ContentView.swift; sourceTree = "<group>"; };
		4DDDB3D82BF23037002C4F95 /* Assets.xcassets */ = {isa = PBXFileReference; lastKnownFileType = folder.assetcatalog; path = Assets.xcassets; sourceTree = "<group>"; };
		4DDDB3DB2BF23037002C4F95 /* Preview Assets.xcassets */ = {isa = PBXFileReference; lastKnownFileType = folder.assetcatalog; path = "Preview Assets.xcassets"; sourceTree = "<group>"; };
		4DDDB3E12BF23037002C4F95 /* PomPadDoiOSTests.xctest */ = {isa = PBXFileReference; explicitFileType = wrapper.cfbundle; includeInIndex = 0; path = PomPadDoiOSTests.xctest; sourceTree = BUILT_PRODUCTS_DIR; };
		4DDDB3E52BF23037002C4F95 /* PomPadDoiOSTests.swift */ = {isa = PBXFileReference; lastKnownFileType = sourcecode.swift; path = PomPadDoiOSTests.swift; sourceTree = "<group>"; };
		4DDDB3EB2BF23037002C4F95 /* PomPadDoiOSUITests.xctest */ = {isa = PBXFileReference; explicitFileType = wrapper.cfbundle; includeInIndex = 0; path = PomPadDoiOSUITests.xctest; sourceTree = BUILT_PRODUCTS_DIR; };
		4DDDB3EF2BF23037002C4F95 /* PomPadDoiOSUITests.swift */ = {isa = PBXFileReference; lastKnownFileType = sourcecode.swift; path = PomPadDoiOSUITests.swift; sourceTree = "<group>"; };
		4DDDB3F12BF23037002C4F95 /* PomPadDoiOSUITestsLaunchTests.swift */ = {isa = PBXFileReference; lastKnownFileType = sourcecode.swift; path = PomPadDoiOSUITestsLaunchTests.swift; sourceTree = "<group>"; };
		4DDDB3FE2BF257B7002C4F95 /* MainView.swift */ = {isa = PBXFileReference; lastKnownFileType = sourcecode.swift; path = MainView.swift; sourceTree = "<group>"; };
		4DE97A9C2BF351ED00E43E9A /* Todo.swift */ = {isa = PBXFileReference; fileEncoding = 4; lastKnownFileType = sourcecode.swift; name = Todo.swift; path = ../../../PomPadDoMac/PomPadDoMac/Model/Todo.swift; sourceTree = "<group>"; };
		4DE97A9D2BF351ED00E43E9A /* Project.swift */ = {isa = PBXFileReference; fileEncoding = 4; lastKnownFileType = sourcecode.swift; name = Project.swift; path = ../../../PomPadDoMac/PomPadDoMac/Model/Project.swift; sourceTree = "<group>"; };
		4DE97A9E2BF351ED00E43E9A /* Status.swift */ = {isa = PBXFileReference; fileEncoding = 4; lastKnownFileType = sourcecode.swift; name = Status.swift; path = ../../../PomPadDoMac/PomPadDoMac/Model/Status.swift; sourceTree = "<group>"; };
		4DE97A9F2BF351ED00E43E9A /* ProjectGroup.swift */ = {isa = PBXFileReference; fileEncoding = 4; lastKnownFileType = sourcecode.swift; name = ProjectGroup.swift; path = ../../../PomPadDoMac/PomPadDoMac/Model/ProjectGroup.swift; sourceTree = "<group>"; };
		4DE97AA62BF35BD300E43E9A /* CheckBoxView.swift */ = {isa = PBXFileReference; fileEncoding = 4; lastKnownFileType = sourcecode.swift; name = CheckBoxView.swift; path = ../../../PomPadDoMac/PomPadDoMac/CustomViews/CheckBoxView.swift; sourceTree = "<group>"; };
		4DE97AA72BF35BD300E43E9A /* CircularProgressView.swift */ = {isa = PBXFileReference; fileEncoding = 4; lastKnownFileType = sourcecode.swift; name = CircularProgressView.swift; path = ../../../PomPadDoMac/PomPadDoMac/CustomViews/CircularProgressView.swift; sourceTree = "<group>"; };
		4DE97AA82BF35BD300E43E9A /* Collapsible.swift */ = {isa = PBXFileReference; fileEncoding = 4; lastKnownFileType = sourcecode.swift; name = Collapsible.swift; path = ../../../PomPadDoMac/PomPadDoMac/CustomViews/Collapsible.swift; sourceTree = "<group>"; };
		4DE97AAE2BF35CAF00E43E9A /* Previewer.swift */ = {isa = PBXFileReference; fileEncoding = 4; lastKnownFileType = sourcecode.swift; name = Previewer.swift; path = ../../../PomPadDoMac/PomPadDoMac/Utils/Previewer.swift; sourceTree = "<group>"; };
		4DE97AAF2BF35CB000E43E9A /* TasksQuery.swift */ = {isa = PBXFileReference; fileEncoding = 4; lastKnownFileType = sourcecode.swift; name = TasksQuery.swift; path = ../../../PomPadDoMac/PomPadDoMac/Utils/TasksQuery.swift; sourceTree = "<group>"; };
		4DE97AB02BF35CB000E43E9A /* NotificationManager.swift */ = {isa = PBXFileReference; fileEncoding = 4; lastKnownFileType = sourcecode.swift; name = NotificationManager.swift; path = ../../../PomPadDoMac/PomPadDoMac/Utils/NotificationManager.swift; sourceTree = "<group>"; };
		4DE97AB62BF35EA200E43E9A /* FocusTimer.swift */ = {isa = PBXFileReference; fileEncoding = 4; lastKnownFileType = sourcecode.swift; name = FocusTimer.swift; path = ../../../../PomPadDoMac/PomPadDoMac/Activities/Focus/FocusTimer.swift; sourceTree = "<group>"; };
		4DE97ABA2BF366B300E43E9A /* BadgeManager.swift */ = {isa = PBXFileReference; fileEncoding = 4; lastKnownFileType = sourcecode.swift; name = BadgeManager.swift; path = ../../../PomPadDoMac/PomPadDoMac/Utils/BadgeManager.swift; sourceTree = "<group>"; };
		4DE97AC12BF368B300E43E9A /* TaskCheckBoxView.swift */ = {isa = PBXFileReference; fileEncoding = 4; lastKnownFileType = sourcecode.swift; name = TaskCheckBoxView.swift; path = ../../../../PomPadDoMac/PomPadDoMac/Activities/Tasks/TaskCheckBoxView.swift; sourceTree = "<group>"; };
		4DEF682D2C19E47F000B9F1F /* TaskSwipeModifier.swift */ = {isa = PBXFileReference; fileEncoding = 4; lastKnownFileType = sourcecode.swift; name = TaskSwipeModifier.swift; path = ../../../../PomPadDoMac/PomPadDoMac/Activities/Tasks/TaskSwipeModifier.swift; sourceTree = "<group>"; };
		4DEF682F2C19FD12000B9F1F /* SectionsListView.swift */ = {isa = PBXFileReference; lastKnownFileType = sourcecode.swift; path = SectionsListView.swift; sourceTree = "<group>"; };
		4DFB04092BF4B7AF00436EDC /* Info.plist */ = {isa = PBXFileReference; lastKnownFileType = text.plist; path = Info.plist; sourceTree = "<group>"; };
/* End PBXFileReference section */

/* Begin PBXFrameworksBuildPhase section */
		4D807D092C2ABE6B000A973A /* Frameworks */ = {
			isa = PBXFrameworksBuildPhase;
			buildActionMask = 2147483647;
			files = (
			);
			runOnlyForDeploymentPostprocessing = 0;
		};
		4D807D182C2ABE6E000A973A /* Frameworks */ = {
			isa = PBXFrameworksBuildPhase;
			buildActionMask = 2147483647;
			files = (
			);
			runOnlyForDeploymentPostprocessing = 0;
		};
		4D807D222C2ABE6F000A973A /* Frameworks */ = {
			isa = PBXFrameworksBuildPhase;
			buildActionMask = 2147483647;
			files = (
			);
			runOnlyForDeploymentPostprocessing = 0;
		};
		4D83FCC32C4FB15200F407C9 /* Frameworks */ = {
			isa = PBXFrameworksBuildPhase;
			buildActionMask = 2147483647;
			files = (
				4D83FCC82C4FB15200F407C9 /* SwiftUI.framework in Frameworks */,
				4D83FCC72C4FB15200F407C9 /* WidgetKit.framework in Frameworks */,
			);
			runOnlyForDeploymentPostprocessing = 0;
		};
		4D83FCEE2C50016100F407C9 /* Frameworks */ = {
			isa = PBXFrameworksBuildPhase;
			buildActionMask = 2147483647;
			files = (
				4D83FCEF2C50016100F407C9 /* SwiftUI.framework in Frameworks */,
				4D83FCF02C50016100F407C9 /* WidgetKit.framework in Frameworks */,
			);
			runOnlyForDeploymentPostprocessing = 0;
		};
		4DDDB3CC2BF23034002C4F95 /* Frameworks */ = {
			isa = PBXFrameworksBuildPhase;
			buildActionMask = 2147483647;
			files = (
				4D4272C72BF3BD160003E129 /* SwiftDataTransferrable in Frameworks */,
			);
			runOnlyForDeploymentPostprocessing = 0;
		};
		4DDDB3DE2BF23037002C4F95 /* Frameworks */ = {
			isa = PBXFrameworksBuildPhase;
			buildActionMask = 2147483647;
			files = (
			);
			runOnlyForDeploymentPostprocessing = 0;
		};
		4DDDB3E82BF23037002C4F95 /* Frameworks */ = {
			isa = PBXFrameworksBuildPhase;
			buildActionMask = 2147483647;
			files = (
			);
			runOnlyForDeploymentPostprocessing = 0;
		};
/* End PBXFrameworksBuildPhase section */

/* Begin PBXGroup section */
		4D0179EC2C11C9A100D76BF5 /* Settings */ = {
			isa = PBXGroup;
			children = (
				4D0179F02C11F30A00D76BF5 /* SettingsView.swift */,
			);
			path = Settings;
			sourceTree = "<group>";
		};
		4D1959B32BFBB44000B90F10 /* Board */ = {
			isa = PBXGroup;
			children = (
				4DCBF8AF2C062D5700E1537A /* BoardView.swift */,
			);
			path = Board;
			sourceTree = "<group>";
		};
		4D21F3E62C0EFF1D00CB4E7F /* Review */ = {
			isa = PBXGroup;
			children = (
				4D21F3E72C0EFF3D00CB4E7F /* ReviewProjectsView.swift */,
				4D21F3E92C0F278F00CB4E7F /* ProjectToReviewView.swift */,
			);
			path = Review;
			sourceTree = "<group>";
		};
		4D4272C52BF3BD160003E129 /* Frameworks */ = {
			isa = PBXGroup;
			children = (
				4D1FA5DC2C387B7300B30FEB /* WidgetKit.framework */,
				4D1FA5DE2C387B7300B30FEB /* SwiftUI.framework */,
			);
			name = Frameworks;
			sourceTree = "<group>";
		};
		4D4272CA2BF3C5880003E129 /* Projects */ = {
			isa = PBXGroup;
			children = (
				4D21F3E62C0EFF1D00CB4E7F /* Review */,
				4D1959B32BFBB44000B90F10 /* Board */,
				4DF3C6312BFB842B006EC565 /* Settings */,
				4D4272CD2BF3C7600003E129 /* Groups */,
				4D4272D22BF3C8070003E129 /* NewProjectView.swift */,
				4DA863F32BFF71B100269D83 /* ProjectTasksListView.swift */,
				4DA863F52BFF864A00269D83 /* ProjectView.swift */,
				4D1959BC2BFBC2CF00B90F10 /* ProjectsListView.swift */,
				4DBBB0322C189B0300F1D400 /* ProjectTaskModifier.swift */,
			);
			path = Projects;
			sourceTree = "<group>";
		};
		4D4272CD2BF3C7600003E129 /* Groups */ = {
			isa = PBXGroup;
			children = (
				4D4272CE2BF3C7890003E129 /* EditProjectGroupView.swift */,
				4D4272D02BF3C7E20003E129 /* NewProjectGroupView.swift */,
			);
			path = Groups;
			sourceTree = "<group>";
		};
		4D807D0D2C2ABE6B000A973A /* PomPadDoWatch Watch App */ = {
			isa = PBXGroup;
			children = (
				4D807D432C2AC297000A973A /* Activities */,
				4D807D422C2AC27C000A973A /* PomPadDoWatch-Watch-App-Info.plist */,
				4D807D412C2AC26A000A973A /* PomPadDoWatch Watch App.entitlements */,
				4D807D0E2C2ABE6B000A973A /* PomPadDoWatchApp.swift */,
				4D807D102C2ABE6B000A973A /* ContentView.swift */,
				4D807D122C2ABE6E000A973A /* Assets.xcassets */,
				4D807D142C2ABE6E000A973A /* Preview Content */,
				4D807D472C2AC34E000A973A /* SectionsListView.swift */,
			);
			path = "PomPadDoWatch Watch App";
			sourceTree = "<group>";
		};
		4D807D142C2ABE6E000A973A /* Preview Content */ = {
			isa = PBXGroup;
			children = (
				4D807D152C2ABE6E000A973A /* Preview Assets.xcassets */,
			);
			path = "Preview Content";
			sourceTree = "<group>";
		};
		4D807D1E2C2ABE6F000A973A /* PomPadDoWatch Watch AppTests */ = {
			isa = PBXGroup;
			children = (
				4D807D1F2C2ABE6F000A973A /* PomPadDoWatchAppTests.swift */,
			);
			path = "PomPadDoWatch Watch AppTests";
			sourceTree = "<group>";
		};
		4D807D282C2ABE6F000A973A /* PomPadDoWatch Watch AppUITests */ = {
			isa = PBXGroup;
			children = (
				4D807D292C2ABE6F000A973A /* PomPadDoWatchAppUITests.swift */,
				4D807D2B2C2ABE6F000A973A /* PomPadDoWatchAppUITestsLaunchTests.swift */,
			);
			path = "PomPadDoWatch Watch AppUITests";
			sourceTree = "<group>";
		};
		4D807D432C2AC297000A973A /* Activities */ = {
			isa = PBXGroup;
			children = (
				4D807D442C2AC2A3000A973A /* Task */,
			);
			path = Activities;
			sourceTree = "<group>";
		};
		4D807D442C2AC2A3000A973A /* Task */ = {
			isa = PBXGroup;
			children = (
				4D807D452C2AC2BC000A973A /* NewTaskView.swift */,
				4D807D492C2AC384000A973A /* TasksListView.swift */,
				4D1210282C2AD4C800ACD511 /* TaskDetailsView.swift */,
			);
			path = Task;
			sourceTree = "<group>";
		};
		4D83FCC92C4FB15200F407C9 /* PomPadDoWidgets */ = {
			isa = PBXGroup;
			children = (
				4D83FCCA2C4FB15200F407C9 /* PomPadDoWidgetsBundle.swift */,
				4D83FCCE2C4FB15400F407C9 /* Assets.xcassets */,
				4D83FCD02C4FB15400F407C9 /* Info.plist */,
				4D83FCD92C4FB27F00F407C9 /* TodayTasks.swift */,
				4D83FCE12C4FC08500F407C9 /* AddToInbox.swift */,
			);
			path = PomPadDoWidgets;
			sourceTree = "<group>";
		};
		4DDDB3C62BF23034002C4F95 = {
			isa = PBXGroup;
			children = (
				4D83FCD82C4FB1BE00F407C9 /* PomPadDoWidgetsExtension.entitlements */,
				4DDDB3D12BF23034002C4F95 /* PomPadDoiOS */,
				4DDDB3E42BF23037002C4F95 /* PomPadDoiOSTests */,
				4DDDB3EE2BF23037002C4F95 /* PomPadDoiOSUITests */,
				4D807D0D2C2ABE6B000A973A /* PomPadDoWatch Watch App */,
				4D807D1E2C2ABE6F000A973A /* PomPadDoWatch Watch AppTests */,
				4D807D282C2ABE6F000A973A /* PomPadDoWatch Watch AppUITests */,
				4D83FCC92C4FB15200F407C9 /* PomPadDoWidgets */,
				4DDDB3D02BF23034002C4F95 /* Products */,
				4D4272C52BF3BD160003E129 /* Frameworks */,
				4D83FCF72C50016100F407C9 /* PomPadDoWidgetsWatchExtension-Info.plist */,
			);
			sourceTree = "<group>";
		};
		4DDDB3D02BF23034002C4F95 /* Products */ = {
			isa = PBXGroup;
			children = (
				4DDDB3CF2BF23034002C4F95 /* PomPadDoiOS.app */,
				4DDDB3E12BF23037002C4F95 /* PomPadDoiOSTests.xctest */,
				4DDDB3EB2BF23037002C4F95 /* PomPadDoiOSUITests.xctest */,
				4D807D0C2C2ABE6B000A973A /* PomPadDoWatch Watch App.app */,
				4D807D1B2C2ABE6E000A973A /* PomPadDoWatch Watch AppTests.xctest */,
				4D807D252C2ABE6F000A973A /* PomPadDoWatch Watch AppUITests.xctest */,
				4D83FCC62C4FB15200F407C9 /* PomPadDoWidgetsExtension.appex */,
				4D83FCF62C50016100F407C9 /* PomPadDoWidgetsWatchExtension.appex */,
			);
			name = Products;
			sourceTree = "<group>";
		};
		4DDDB3D12BF23034002C4F95 /* PomPadDoiOS */ = {
			isa = PBXGroup;
			children = (
				4D8F04EF2C296F7200B7698B /* Localizable.xcstrings */,
				4D0179EC2C11C9A100D76BF5 /* Settings */,
				4DCB073A2BFCB5B7009BA752 /* PomPadDoiOS.entitlements */,
				4DFB04092BF4B7AF00436EDC /* Info.plist */,
				4DE97AAC2BF35C0000E43E9A /* Utils */,
				4DE97AA52BF35BBD00E43E9A /* CustomViews */,
				4DE97AA42BF35ACA00E43E9A /* Activities */,
				4DE97A9B2BF351BD00E43E9A /* Model */,
				4DDDB3D22BF23034002C4F95 /* PomPadDoiOSApp.swift */,
				4DDDB3D82BF23037002C4F95 /* Assets.xcassets */,
				4DDDB3DA2BF23037002C4F95 /* Preview Content */,
				4DDDB3FE2BF257B7002C4F95 /* MainView.swift */,
				4D8F04F12C296F8C00B7698B /* InfoPlist.xcstrings */,
			);
			path = PomPadDoiOS;
			sourceTree = "<group>";
		};
		4DDDB3DA2BF23037002C4F95 /* Preview Content */ = {
			isa = PBXGroup;
			children = (
				4DDDB3DB2BF23037002C4F95 /* Preview Assets.xcassets */,
			);
			path = "Preview Content";
			sourceTree = "<group>";
		};
		4DDDB3E42BF23037002C4F95 /* PomPadDoiOSTests */ = {
			isa = PBXGroup;
			children = (
				4DDDB3E52BF23037002C4F95 /* PomPadDoiOSTests.swift */,
			);
			path = PomPadDoiOSTests;
			sourceTree = "<group>";
		};
		4DDDB3EE2BF23037002C4F95 /* PomPadDoiOSUITests */ = {
			isa = PBXGroup;
			children = (
				4DDDB3EF2BF23037002C4F95 /* PomPadDoiOSUITests.swift */,
				4DDDB3F12BF23037002C4F95 /* PomPadDoiOSUITestsLaunchTests.swift */,
			);
			path = PomPadDoiOSUITests;
			sourceTree = "<group>";
		};
		4DE97A9B2BF351BD00E43E9A /* Model */ = {
			isa = PBXGroup;
			children = (
				4DE97A9D2BF351ED00E43E9A /* Project.swift */,
				4DE97A9F2BF351ED00E43E9A /* ProjectGroup.swift */,
				4DE97A9E2BF351ED00E43E9A /* Status.swift */,
				4DE97A9C2BF351ED00E43E9A /* Todo.swift */,
			);
			path = Model;
			sourceTree = "<group>";
		};
		4DE97AA42BF35ACA00E43E9A /* Activities */ = {
			isa = PBXGroup;
			children = (
				4DDDB3D42BF23034002C4F95 /* ContentView.swift */,
				4D4272CA2BF3C5880003E129 /* Projects */,
				4DE97ABC2BF3686200E43E9A /* Tasks */,
				4DE97AB52BF35E8A00E43E9A /* Focus */,
				4DEF682F2C19FD12000B9F1F /* SectionsListView.swift */,
			);
			path = Activities;
			sourceTree = "<group>";
		};
		4DE97AA52BF35BBD00E43E9A /* CustomViews */ = {
			isa = PBXGroup;
			children = (
				4DE97AA62BF35BD300E43E9A /* CheckBoxView.swift */,
				4DE97AA72BF35BD300E43E9A /* CircularProgressView.swift */,
				4DE97AA82BF35BD300E43E9A /* Collapsible.swift */,
			);
			path = CustomViews;
			sourceTree = "<group>";
		};
		4DE97AAC2BF35C0000E43E9A /* Utils */ = {
			isa = PBXGroup;
			children = (
				4DE97ABA2BF366B300E43E9A /* BadgeManager.swift */,
				4DE97AB02BF35CB000E43E9A /* NotificationManager.swift */,
				4DE97AAE2BF35CAF00E43E9A /* Previewer.swift */,
				4DE97AAF2BF35CB000E43E9A /* TasksQuery.swift */,
				4D0179EA2C11C99B00D76BF5 /* Common.swift */,
				4DD0FA372C20794300C99E25 /* Refresher.swift */,
			);
			path = Utils;
			sourceTree = "<group>";
		};
		4DE97AB52BF35E8A00E43E9A /* Focus */ = {
			isa = PBXGroup;
			children = (
				4DE97AB62BF35EA200E43E9A /* FocusTimer.swift */,
				4D4272C02BF36F7F0003E129 /* FocusTimerView.swift */,
			);
			path = Focus;
			sourceTree = "<group>";
		};
		4DE97ABC2BF3686200E43E9A /* Tasks */ = {
			isa = PBXGroup;
			children = (
				4DE97AC12BF368B300E43E9A /* TaskCheckBoxView.swift */,
				4DA863EF2BFF691E00269D83 /* TaskRowView.swift */,
				4D4272C82BF3BDF70003E129 /* NewTaskView.swift */,
				4DA863F72BFF879900269D83 /* TasksListView.swift */,
				4DA863ED2BFF4D3200269D83 /* EditTaskView.swift */,
				4D3769172C188B0D00EBC0C5 /* TaskRowModifier.swift */,
				4DEF682D2C19E47F000B9F1F /* TaskSwipeModifier.swift */,
			);
			path = Tasks;
			sourceTree = "<group>";
		};
		4DF3C6312BFB842B006EC565 /* Settings */ = {
			isa = PBXGroup;
			children = (
				4D1959AF2BFB8D9200B90F10 /* ProjectSettingsView.swift */,
				4D1959B12BFBB25900B90F10 /* StatusRowView.swift */,
			);
			path = Settings;
			sourceTree = "<group>";
		};
/* End PBXGroup section */

/* Begin PBXNativeTarget section */
		4D807D0B2C2ABE6B000A973A /* PomPadDoWatch Watch App */ = {
			isa = PBXNativeTarget;
			buildConfigurationList = 4D807D372C2ABE6F000A973A /* Build configuration list for PBXNativeTarget "PomPadDoWatch Watch App" */;
			buildPhases = (
				4D807D082C2ABE6B000A973A /* Sources */,
				4D807D092C2ABE6B000A973A /* Frameworks */,
				4D807D0A2C2ABE6B000A973A /* Resources */,
				4D83FCFB2C5001DC00F407C9 /* Embed Foundation Extensions */,
			);
			buildRules = (
			);
			dependencies = (
				4D83FCFA2C5001DC00F407C9 /* PBXTargetDependency */,
			);
			name = "PomPadDoWatch Watch App";
			productName = "PomPadDoWatch Watch App";
			productReference = 4D807D0C2C2ABE6B000A973A /* PomPadDoWatch Watch App.app */;
			productType = "com.apple.product-type.application";
		};
		4D807D1A2C2ABE6E000A973A /* PomPadDoWatch Watch AppTests */ = {
			isa = PBXNativeTarget;
			buildConfigurationList = 4D807D382C2ABE6F000A973A /* Build configuration list for PBXNativeTarget "PomPadDoWatch Watch AppTests" */;
			buildPhases = (
				4D807D172C2ABE6E000A973A /* Sources */,
				4D807D182C2ABE6E000A973A /* Frameworks */,
				4D807D192C2ABE6E000A973A /* Resources */,
			);
			buildRules = (
			);
			dependencies = (
				4D807D1D2C2ABE6F000A973A /* PBXTargetDependency */,
			);
			name = "PomPadDoWatch Watch AppTests";
			productName = "PomPadDoWatch Watch AppTests";
			productReference = 4D807D1B2C2ABE6E000A973A /* PomPadDoWatch Watch AppTests.xctest */;
			productType = "com.apple.product-type.bundle.unit-test";
		};
		4D807D242C2ABE6F000A973A /* PomPadDoWatch Watch AppUITests */ = {
			isa = PBXNativeTarget;
			buildConfigurationList = 4D807D392C2ABE6F000A973A /* Build configuration list for PBXNativeTarget "PomPadDoWatch Watch AppUITests" */;
			buildPhases = (
				4D807D212C2ABE6F000A973A /* Sources */,
				4D807D222C2ABE6F000A973A /* Frameworks */,
				4D807D232C2ABE6F000A973A /* Resources */,
			);
			buildRules = (
			);
			dependencies = (
				4D807D272C2ABE6F000A973A /* PBXTargetDependency */,
			);
			name = "PomPadDoWatch Watch AppUITests";
			productName = "PomPadDoWatch Watch AppUITests";
			productReference = 4D807D252C2ABE6F000A973A /* PomPadDoWatch Watch AppUITests.xctest */;
			productType = "com.apple.product-type.bundle.ui-testing";
		};
		4D83FCC52C4FB15200F407C9 /* PomPadDoWidgetsExtension */ = {
			isa = PBXNativeTarget;
			buildConfigurationList = 4D83FCD72C4FB15400F407C9 /* Build configuration list for PBXNativeTarget "PomPadDoWidgetsExtension" */;
			buildPhases = (
				4D83FCC22C4FB15200F407C9 /* Sources */,
				4D83FCC32C4FB15200F407C9 /* Frameworks */,
				4D83FCC42C4FB15200F407C9 /* Resources */,
			);
			buildRules = (
			);
			dependencies = (
			);
			name = PomPadDoWidgetsExtension;
			productName = PomPadDoWidgetsExtension;
			productReference = 4D83FCC62C4FB15200F407C9 /* PomPadDoWidgetsExtension.appex */;
			productType = "com.apple.product-type.app-extension";
		};
		4D83FCE42C50016100F407C9 /* PomPadDoWidgetsWatchExtension */ = {
			isa = PBXNativeTarget;
			buildConfigurationList = 4D83FCF32C50016100F407C9 /* Build configuration list for PBXNativeTarget "PomPadDoWidgetsWatchExtension" */;
			buildPhases = (
				4D83FCE52C50016100F407C9 /* Sources */,
				4D83FCEE2C50016100F407C9 /* Frameworks */,
				4D83FCF12C50016100F407C9 /* Resources */,
			);
			buildRules = (
			);
			dependencies = (
			);
			name = PomPadDoWidgetsWatchExtension;
			productName = PomPadDoWidgetsExtension;
			productReference = 4D83FCF62C50016100F407C9 /* PomPadDoWidgetsWatchExtension.appex */;
			productType = "com.apple.product-type.app-extension";
		};
		4DDDB3CE2BF23034002C4F95 /* PomPadDoiOS */ = {
			isa = PBXNativeTarget;
			buildConfigurationList = 4DDDB3F52BF23037002C4F95 /* Build configuration list for PBXNativeTarget "PomPadDoiOS" */;
			buildPhases = (
				4DDDB3CB2BF23034002C4F95 /* Sources */,
				4DDDB3CC2BF23034002C4F95 /* Frameworks */,
				4DDDB3CD2BF23034002C4F95 /* Resources */,
				4D0179EF2C11CA1400D76BF5 /* SwiftLint */,
				4D807D302C2ABE6F000A973A /* Embed Watch Content */,
				4D83FCD42C4FB15400F407C9 /* Embed Foundation Extensions */,
			);
			buildRules = (
			);
			dependencies = (
				4D807D2E2C2ABE6F000A973A /* PBXTargetDependency */,
				4D83FCD22C4FB15400F407C9 /* PBXTargetDependency */,
			);
			name = PomPadDoiOS;
			packageProductDependencies = (
				4D4272C62BF3BD160003E129 /* SwiftDataTransferrable */,
			);
			productName = PomPadDoiOS;
			productReference = 4DDDB3CF2BF23034002C4F95 /* PomPadDoiOS.app */;
			productType = "com.apple.product-type.application";
		};
		4DDDB3E02BF23037002C4F95 /* PomPadDoiOSTests */ = {
			isa = PBXNativeTarget;
			buildConfigurationList = 4DDDB3F82BF23037002C4F95 /* Build configuration list for PBXNativeTarget "PomPadDoiOSTests" */;
			buildPhases = (
				4DDDB3DD2BF23037002C4F95 /* Sources */,
				4DDDB3DE2BF23037002C4F95 /* Frameworks */,
				4DDDB3DF2BF23037002C4F95 /* Resources */,
			);
			buildRules = (
			);
			dependencies = (
				4DDDB3E32BF23037002C4F95 /* PBXTargetDependency */,
			);
			name = PomPadDoiOSTests;
			productName = PomPadDoiOSTests;
			productReference = 4DDDB3E12BF23037002C4F95 /* PomPadDoiOSTests.xctest */;
			productType = "com.apple.product-type.bundle.unit-test";
		};
		4DDDB3EA2BF23037002C4F95 /* PomPadDoiOSUITests */ = {
			isa = PBXNativeTarget;
			buildConfigurationList = 4DDDB3FB2BF23037002C4F95 /* Build configuration list for PBXNativeTarget "PomPadDoiOSUITests" */;
			buildPhases = (
				4DDDB3E72BF23037002C4F95 /* Sources */,
				4DDDB3E82BF23037002C4F95 /* Frameworks */,
				4DDDB3E92BF23037002C4F95 /* Resources */,
			);
			buildRules = (
			);
			dependencies = (
				4DDDB3ED2BF23037002C4F95 /* PBXTargetDependency */,
			);
			name = PomPadDoiOSUITests;
			productName = PomPadDoiOSUITests;
			productReference = 4DDDB3EB2BF23037002C4F95 /* PomPadDoiOSUITests.xctest */;
			productType = "com.apple.product-type.bundle.ui-testing";
		};
/* End PBXNativeTarget section */

/* Begin PBXProject section */
		4DDDB3C72BF23034002C4F95 /* Project object */ = {
			isa = PBXProject;
			attributes = {
				BuildIndependentTargetsInParallel = 1;
				LastSwiftUpdateCheck = 1540;
				LastUpgradeCheck = 1530;
				TargetAttributes = {
					4D807D0B2C2ABE6B000A973A = {
						CreatedOnToolsVersion = 15.4;
					};
					4D807D1A2C2ABE6E000A973A = {
						CreatedOnToolsVersion = 15.4;
						TestTargetID = 4D807D0B2C2ABE6B000A973A;
					};
					4D807D242C2ABE6F000A973A = {
						CreatedOnToolsVersion = 15.4;
						TestTargetID = 4D807D0B2C2ABE6B000A973A;
					};
					4D83FCC52C4FB15200F407C9 = {
						CreatedOnToolsVersion = 15.4;
					};
					4DDDB3CE2BF23034002C4F95 = {
						CreatedOnToolsVersion = 15.3;
					};
					4DDDB3E02BF23037002C4F95 = {
						CreatedOnToolsVersion = 15.3;
						TestTargetID = 4DDDB3CE2BF23034002C4F95;
					};
					4DDDB3EA2BF23037002C4F95 = {
						CreatedOnToolsVersion = 15.3;
						TestTargetID = 4DDDB3CE2BF23034002C4F95;
					};
				};
			};
			buildConfigurationList = 4DDDB3CA2BF23034002C4F95 /* Build configuration list for PBXProject "PomPadDoiOS" */;
			compatibilityVersion = "Xcode 14.0";
			developmentRegion = en;
			hasScannedForEncodings = 0;
			knownRegions = (
				en,
				Base,
				ru,
			);
			mainGroup = 4DDDB3C62BF23034002C4F95;
			packageReferences = (
				4D4272C42BF3BD000003E129 /* XCRemoteSwiftPackageReference "swiftdata-transferrable" */,
			);
			productRefGroup = 4DDDB3D02BF23034002C4F95 /* Products */;
			projectDirPath = "";
			projectRoot = "";
			targets = (
				4DDDB3CE2BF23034002C4F95 /* PomPadDoiOS */,
				4DDDB3E02BF23037002C4F95 /* PomPadDoiOSTests */,
				4DDDB3EA2BF23037002C4F95 /* PomPadDoiOSUITests */,
				4D807D0B2C2ABE6B000A973A /* PomPadDoWatch Watch App */,
				4D807D1A2C2ABE6E000A973A /* PomPadDoWatch Watch AppTests */,
				4D807D242C2ABE6F000A973A /* PomPadDoWatch Watch AppUITests */,
				4D83FCC52C4FB15200F407C9 /* PomPadDoWidgetsExtension */,
				4D83FCE42C50016100F407C9 /* PomPadDoWidgetsWatchExtension */,
			);
		};
/* End PBXProject section */

/* Begin PBXResourcesBuildPhase section */
		4D807D0A2C2ABE6B000A973A /* Resources */ = {
			isa = PBXResourcesBuildPhase;
			buildActionMask = 2147483647;
			files = (
				4D807D162C2ABE6E000A973A /* Preview Assets.xcassets in Resources */,
				4D807D132C2ABE6E000A973A /* Assets.xcassets in Resources */,
				4D12102B2C2AE6EB00ACD511 /* Localizable.xcstrings in Resources */,
			);
			runOnlyForDeploymentPostprocessing = 0;
		};
		4D807D192C2ABE6E000A973A /* Resources */ = {
			isa = PBXResourcesBuildPhase;
			buildActionMask = 2147483647;
			files = (
			);
			runOnlyForDeploymentPostprocessing = 0;
		};
		4D807D232C2ABE6F000A973A /* Resources */ = {
			isa = PBXResourcesBuildPhase;
			buildActionMask = 2147483647;
			files = (
			);
			runOnlyForDeploymentPostprocessing = 0;
		};
		4D83FCC42C4FB15200F407C9 /* Resources */ = {
			isa = PBXResourcesBuildPhase;
			buildActionMask = 2147483647;
			files = (
				4D83FCCF2C4FB15400F407C9 /* Assets.xcassets in Resources */,
			);
			runOnlyForDeploymentPostprocessing = 0;
		};
		4D83FCF12C50016100F407C9 /* Resources */ = {
			isa = PBXResourcesBuildPhase;
			buildActionMask = 2147483647;
			files = (
				4D83FCF22C50016100F407C9 /* Assets.xcassets in Resources */,
			);
			runOnlyForDeploymentPostprocessing = 0;
		};
		4DDDB3CD2BF23034002C4F95 /* Resources */ = {
			isa = PBXResourcesBuildPhase;
			buildActionMask = 2147483647;
			files = (
				4DDDB3DC2BF23037002C4F95 /* Preview Assets.xcassets in Resources */,
				4DDDB3D92BF23037002C4F95 /* Assets.xcassets in Resources */,
				4D8F04F22C296F8C00B7698B /* InfoPlist.xcstrings in Resources */,
				4D8F04F02C296F7200B7698B /* Localizable.xcstrings in Resources */,
			);
			runOnlyForDeploymentPostprocessing = 0;
		};
		4DDDB3DF2BF23037002C4F95 /* Resources */ = {
			isa = PBXResourcesBuildPhase;
			buildActionMask = 2147483647;
			files = (
			);
			runOnlyForDeploymentPostprocessing = 0;
		};
		4DDDB3E92BF23037002C4F95 /* Resources */ = {
			isa = PBXResourcesBuildPhase;
			buildActionMask = 2147483647;
			files = (
			);
			runOnlyForDeploymentPostprocessing = 0;
		};
/* End PBXResourcesBuildPhase section */

/* Begin PBXShellScriptBuildPhase section */
		4D0179EF2C11CA1400D76BF5 /* SwiftLint */ = {
			isa = PBXShellScriptBuildPhase;
			alwaysOutOfDate = 1;
			buildActionMask = 2147483647;
			files = (
			);
			inputFileListPaths = (
			);
			inputPaths = (
			);
			name = SwiftLint;
			outputFileListPaths = (
			);
			outputPaths = (
			);
			runOnlyForDeploymentPostprocessing = 0;
			shellPath = /bin/sh;
			shellScript = "if which swiftlint >/dev/null; then\n  swiftlint\nelse\n  echo \"warning: SwiftLint not installed, download from https://github.com/realm/SwiftLint\"\nfi\n";
		};
/* End PBXShellScriptBuildPhase section */

/* Begin PBXSourcesBuildPhase section */
		4D807D082C2ABE6B000A973A /* Sources */ = {
			isa = PBXSourcesBuildPhase;
			buildActionMask = 2147483647;
			files = (
				4D1210272C2AD23400ACD511 /* TaskSwipeModifier.swift in Sources */,
				4D807D482C2AC34E000A973A /* SectionsListView.swift in Sources */,
				4D807D112C2ABE6B000A973A /* ContentView.swift in Sources */,
				4D807D402C2AC219000A973A /* TasksQuery.swift in Sources */,
				4D1210262C2ACDFD00ACD511 /* Refresher.swift in Sources */,
				4D807D4A2C2AC384000A973A /* TasksListView.swift in Sources */,
				4D807D3A2C2AC1EF000A973A /* Project.swift in Sources */,
				4D807D3E2C2AC202000A973A /* TaskCheckBoxView.swift in Sources */,
				4D807D3F2C2AC211000A973A /* Previewer.swift in Sources */,
				4D807D3B2C2AC1EF000A973A /* Status.swift in Sources */,
				4D12102A2C2AD75500ACD511 /* CircularProgressView.swift in Sources */,
				4D807D462C2AC2BC000A973A /* NewTaskView.swift in Sources */,
				4D807D3C2C2AC1EF000A973A /* Todo.swift in Sources */,
				4D807D3D2C2AC1EF000A973A /* ProjectGroup.swift in Sources */,
				4D807D0F2C2ABE6B000A973A /* PomPadDoWatchApp.swift in Sources */,
				4D1210292C2AD4C800ACD511 /* TaskDetailsView.swift in Sources */,
			);
			runOnlyForDeploymentPostprocessing = 0;
		};
		4D807D172C2ABE6E000A973A /* Sources */ = {
			isa = PBXSourcesBuildPhase;
			buildActionMask = 2147483647;
			files = (
				4D807D202C2ABE6F000A973A /* PomPadDoWatchAppTests.swift in Sources */,
			);
			runOnlyForDeploymentPostprocessing = 0;
		};
		4D807D212C2ABE6F000A973A /* Sources */ = {
			isa = PBXSourcesBuildPhase;
			buildActionMask = 2147483647;
			files = (
				4D807D2C2C2ABE6F000A973A /* PomPadDoWatchAppUITestsLaunchTests.swift in Sources */,
				4D807D2A2C2ABE6F000A973A /* PomPadDoWatchAppUITests.swift in Sources */,
			);
			runOnlyForDeploymentPostprocessing = 0;
		};
		4D83FCC22C4FB15200F407C9 /* Sources */ = {
			isa = PBXSourcesBuildPhase;
			buildActionMask = 2147483647;
			files = (
				4D83FCCB2C4FB15200F407C9 /* PomPadDoWidgetsBundle.swift in Sources */,
				4D83FCDB2C4FB28B00F407C9 /* ProjectGroup.swift in Sources */,
				4D83FCE02C4FB37000F407C9 /* TodayTasks.swift in Sources */,
				4D83FCDC2C4FB28B00F407C9 /* Project.swift in Sources */,
				4D83FCDD2C4FB28B00F407C9 /* Todo.swift in Sources */,
				4D83FCDE2C4FB28B00F407C9 /* Status.swift in Sources */,
				4D83FCE32C4FC08D00F407C9 /* AddToInbox.swift in Sources */,
				4D83FCDF2C4FB29000F407C9 /* TasksQuery.swift in Sources */,
			);
			runOnlyForDeploymentPostprocessing = 0;
		};
		4D83FCE52C50016100F407C9 /* Sources */ = {
			isa = PBXSourcesBuildPhase;
			buildActionMask = 2147483647;
			files = (
				4D83FCE62C50016100F407C9 /* PomPadDoWidgetsBundle.swift in Sources */,
				4D83FCE72C50016100F407C9 /* ProjectGroup.swift in Sources */,
				4D83FCE82C50016100F407C9 /* TodayTasks.swift in Sources */,
				4D83FCE92C50016100F407C9 /* Project.swift in Sources */,
				4D83FCEA2C50016100F407C9 /* Todo.swift in Sources */,
				4D83FCEB2C50016100F407C9 /* Status.swift in Sources */,
				4D83FCEC2C50016100F407C9 /* AddToInbox.swift in Sources */,
				4D83FCED2C50016100F407C9 /* TasksQuery.swift in Sources */,
			);
			runOnlyForDeploymentPostprocessing = 0;
		};
		4DDDB3CB2BF23034002C4F95 /* Sources */ = {
			isa = PBXSourcesBuildPhase;
			buildActionMask = 2147483647;
			files = (
				4D1959B02BFB8D9200B90F10 /* ProjectSettingsView.swift in Sources */,
				4DE97AC22BF368B300E43E9A /* TaskCheckBoxView.swift in Sources */,
				4D4272C92BF3BDF70003E129 /* NewTaskView.swift in Sources */,
				4D4272C12BF36F7F0003E129 /* FocusTimerView.swift in Sources */,
				4D0179EB2C11C99B00D76BF5 /* Common.swift in Sources */,
				4D0179F12C11F30A00D76BF5 /* SettingsView.swift in Sources */,
				4D4272D12BF3C7E20003E129 /* NewProjectGroupView.swift in Sources */,
				4DE97AB22BF35CB000E43E9A /* Previewer.swift in Sources */,
				4DDDB3D52BF23034002C4F95 /* ContentView.swift in Sources */,
				4DA863EE2BFF4D3200269D83 /* EditTaskView.swift in Sources */,
				4DA863F02BFF691E00269D83 /* TaskRowView.swift in Sources */,
				4D1959BD2BFBC2CF00B90F10 /* ProjectsListView.swift in Sources */,
				4DE97AA32BF351EE00E43E9A /* ProjectGroup.swift in Sources */,
				4DA863F62BFF864A00269D83 /* ProjectView.swift in Sources */,
				4DDDB3FF2BF257B7002C4F95 /* MainView.swift in Sources */,
				4DE97AA22BF351ED00E43E9A /* Status.swift in Sources */,
				4DD0FA382C20794300C99E25 /* Refresher.swift in Sources */,
				4DE97AB32BF35CB000E43E9A /* TasksQuery.swift in Sources */,
				4DE97AA92BF35BD300E43E9A /* CheckBoxView.swift in Sources */,
				4DDDB3D32BF23034002C4F95 /* PomPadDoiOSApp.swift in Sources */,
				4D1959B22BFBB25900B90F10 /* StatusRowView.swift in Sources */,
				4DEF682E2C19E47F000B9F1F /* TaskSwipeModifier.swift in Sources */,
				4DE97AA02BF351ED00E43E9A /* Todo.swift in Sources */,
				4D21F3E82C0EFF3D00CB4E7F /* ReviewProjectsView.swift in Sources */,
				4DE97AAB2BF35BD300E43E9A /* Collapsible.swift in Sources */,
				4DE97ABB2BF366B300E43E9A /* BadgeManager.swift in Sources */,
				4DA863F82BFF879900269D83 /* TasksListView.swift in Sources */,
				4D3769182C188B0D00EBC0C5 /* TaskRowModifier.swift in Sources */,
				4DE97AAA2BF35BD300E43E9A /* CircularProgressView.swift in Sources */,
				4D4272CF2BF3C7890003E129 /* EditProjectGroupView.swift in Sources */,
				4DE97AB82BF35EA200E43E9A /* FocusTimer.swift in Sources */,
				4DEF68302C19FD12000B9F1F /* SectionsListView.swift in Sources */,
				4DBBB0332C189B0300F1D400 /* ProjectTaskModifier.swift in Sources */,
				4DA863F42BFF71B100269D83 /* ProjectTasksListView.swift in Sources */,
				4D21F3EA2C0F278F00CB4E7F /* ProjectToReviewView.swift in Sources */,
				4DE97AB42BF35CB000E43E9A /* NotificationManager.swift in Sources */,
				4DCBF8B02C062D5700E1537A /* BoardView.swift in Sources */,
				4D4272D32BF3C8070003E129 /* NewProjectView.swift in Sources */,
				4DE97AA12BF351ED00E43E9A /* Project.swift in Sources */,
			);
			runOnlyForDeploymentPostprocessing = 0;
		};
		4DDDB3DD2BF23037002C4F95 /* Sources */ = {
			isa = PBXSourcesBuildPhase;
			buildActionMask = 2147483647;
			files = (
				4DDDB3E62BF23037002C4F95 /* PomPadDoiOSTests.swift in Sources */,
			);
			runOnlyForDeploymentPostprocessing = 0;
		};
		4DDDB3E72BF23037002C4F95 /* Sources */ = {
			isa = PBXSourcesBuildPhase;
			buildActionMask = 2147483647;
			files = (
				4DDDB3F22BF23037002C4F95 /* PomPadDoiOSUITestsLaunchTests.swift in Sources */,
				4DDDB3F02BF23037002C4F95 /* PomPadDoiOSUITests.swift in Sources */,
			);
			runOnlyForDeploymentPostprocessing = 0;
		};
/* End PBXSourcesBuildPhase section */

/* Begin PBXTargetDependency section */
		4D807D1D2C2ABE6F000A973A /* PBXTargetDependency */ = {
			isa = PBXTargetDependency;
			target = 4D807D0B2C2ABE6B000A973A /* PomPadDoWatch Watch App */;
			targetProxy = 4D807D1C2C2ABE6F000A973A /* PBXContainerItemProxy */;
		};
		4D807D272C2ABE6F000A973A /* PBXTargetDependency */ = {
			isa = PBXTargetDependency;
			target = 4D807D0B2C2ABE6B000A973A /* PomPadDoWatch Watch App */;
			targetProxy = 4D807D262C2ABE6F000A973A /* PBXContainerItemProxy */;
		};
		4D807D2E2C2ABE6F000A973A /* PBXTargetDependency */ = {
			isa = PBXTargetDependency;
			target = 4D807D0B2C2ABE6B000A973A /* PomPadDoWatch Watch App */;
			targetProxy = 4D807D2D2C2ABE6F000A973A /* PBXContainerItemProxy */;
		};
		4D83FCD22C4FB15400F407C9 /* PBXTargetDependency */ = {
			isa = PBXTargetDependency;
			target = 4D83FCC52C4FB15200F407C9 /* PomPadDoWidgetsExtension */;
			targetProxy = 4D83FCD12C4FB15400F407C9 /* PBXContainerItemProxy */;
		};
		4D83FCFA2C5001DC00F407C9 /* PBXTargetDependency */ = {
			isa = PBXTargetDependency;
			target = 4D83FCE42C50016100F407C9 /* PomPadDoWidgetsWatchExtension */;
			targetProxy = 4D83FCF92C5001DC00F407C9 /* PBXContainerItemProxy */;
		};
		4DDDB3E32BF23037002C4F95 /* PBXTargetDependency */ = {
			isa = PBXTargetDependency;
			target = 4DDDB3CE2BF23034002C4F95 /* PomPadDoiOS */;
			targetProxy = 4DDDB3E22BF23037002C4F95 /* PBXContainerItemProxy */;
		};
		4DDDB3ED2BF23037002C4F95 /* PBXTargetDependency */ = {
			isa = PBXTargetDependency;
			target = 4DDDB3CE2BF23034002C4F95 /* PomPadDoiOS */;
			targetProxy = 4DDDB3EC2BF23037002C4F95 /* PBXContainerItemProxy */;
		};
/* End PBXTargetDependency section */

/* Begin XCBuildConfiguration section */
		4D807D312C2ABE6F000A973A /* Debug */ = {
			isa = XCBuildConfiguration;
			buildSettings = {
				ASSETCATALOG_COMPILER_APPICON_NAME = AppIcon;
				ASSETCATALOG_COMPILER_GLOBAL_ACCENT_COLOR_NAME = AccentColor;
				CODE_SIGN_ENTITLEMENTS = "PomPadDoWatch Watch App/PomPadDoWatch Watch App.entitlements";
				CODE_SIGN_STYLE = Automatic;
				CURRENT_PROJECT_VERSION = 1;
				DEVELOPMENT_ASSET_PATHS = "\"PomPadDoWatch Watch App/Preview Content\"";
				DEVELOPMENT_TEAM = 9Z68336878;
				ENABLE_PREVIEWS = YES;
				GENERATE_INFOPLIST_FILE = YES;
				INFOPLIST_FILE = "PomPadDoWatch-Watch-App-Info.plist";
				INFOPLIST_KEY_CFBundleDisplayName = PomPadDo;
				INFOPLIST_KEY_UISupportedInterfaceOrientations = "UIInterfaceOrientationPortrait UIInterfaceOrientationPortraitUpsideDown";
				INFOPLIST_KEY_WKCompanionAppBundleIdentifier = com.amikhaylin.PomPadDoiOS;
				INFOPLIST_KEY_WKRunsIndependentlyOfCompanionApp = YES;
				LD_RUNPATH_SEARCH_PATHS = (
					"$(inherited)",
					"@executable_path/Frameworks",
				);
				MARKETING_VERSION = 1.0;
				PRODUCT_BUNDLE_IDENTIFIER = com.amikhaylin.PomPadDoiOS.watchkitapp;
				PRODUCT_NAME = "$(TARGET_NAME)";
				SDKROOT = watchos;
				SKIP_INSTALL = YES;
				SWIFT_EMIT_LOC_STRINGS = YES;
				SWIFT_VERSION = 5.0;
				TARGETED_DEVICE_FAMILY = 4;
				WATCHOS_DEPLOYMENT_TARGET = 10.5;
			};
			name = Debug;
		};
		4D807D322C2ABE6F000A973A /* Release */ = {
			isa = XCBuildConfiguration;
			buildSettings = {
				ASSETCATALOG_COMPILER_APPICON_NAME = AppIcon;
				ASSETCATALOG_COMPILER_GLOBAL_ACCENT_COLOR_NAME = AccentColor;
				CODE_SIGN_ENTITLEMENTS = "PomPadDoWatch Watch App/PomPadDoWatch Watch App.entitlements";
				CODE_SIGN_STYLE = Automatic;
				CURRENT_PROJECT_VERSION = 1;
				DEVELOPMENT_ASSET_PATHS = "\"PomPadDoWatch Watch App/Preview Content\"";
				DEVELOPMENT_TEAM = 9Z68336878;
				ENABLE_PREVIEWS = YES;
				GENERATE_INFOPLIST_FILE = YES;
				INFOPLIST_FILE = "PomPadDoWatch-Watch-App-Info.plist";
				INFOPLIST_KEY_CFBundleDisplayName = PomPadDo;
				INFOPLIST_KEY_UISupportedInterfaceOrientations = "UIInterfaceOrientationPortrait UIInterfaceOrientationPortraitUpsideDown";
				INFOPLIST_KEY_WKCompanionAppBundleIdentifier = com.amikhaylin.PomPadDoiOS;
				INFOPLIST_KEY_WKRunsIndependentlyOfCompanionApp = YES;
				LD_RUNPATH_SEARCH_PATHS = (
					"$(inherited)",
					"@executable_path/Frameworks",
				);
				MARKETING_VERSION = 1.0;
				PRODUCT_BUNDLE_IDENTIFIER = com.amikhaylin.PomPadDoiOS.watchkitapp;
				PRODUCT_NAME = "$(TARGET_NAME)";
				SDKROOT = watchos;
				SKIP_INSTALL = YES;
				SWIFT_EMIT_LOC_STRINGS = YES;
				SWIFT_VERSION = 5.0;
				TARGETED_DEVICE_FAMILY = 4;
				WATCHOS_DEPLOYMENT_TARGET = 10.5;
			};
			name = Release;
		};
		4D807D332C2ABE6F000A973A /* Debug */ = {
			isa = XCBuildConfiguration;
			buildSettings = {
				ALWAYS_EMBED_SWIFT_STANDARD_LIBRARIES = YES;
				BUNDLE_LOADER = "$(TEST_HOST)";
				CODE_SIGN_STYLE = Automatic;
				CURRENT_PROJECT_VERSION = 1;
				DEVELOPMENT_TEAM = 9Z68336878;
				GENERATE_INFOPLIST_FILE = YES;
				MARKETING_VERSION = 1.0;
				PRODUCT_BUNDLE_IDENTIFIER = "com.amikhaylin.PomPadDoWatch-Watch-AppTests";
				PRODUCT_NAME = "$(TARGET_NAME)";
				SDKROOT = watchos;
				SWIFT_EMIT_LOC_STRINGS = NO;
				SWIFT_VERSION = 5.0;
				TARGETED_DEVICE_FAMILY = 4;
				TEST_HOST = "$(BUILT_PRODUCTS_DIR)/PomPadDoWatch Watch App.app/$(BUNDLE_EXECUTABLE_FOLDER_PATH)/PomPadDoWatch Watch App";
				WATCHOS_DEPLOYMENT_TARGET = 10.5;
			};
			name = Debug;
		};
		4D807D342C2ABE6F000A973A /* Release */ = {
			isa = XCBuildConfiguration;
			buildSettings = {
				ALWAYS_EMBED_SWIFT_STANDARD_LIBRARIES = YES;
				BUNDLE_LOADER = "$(TEST_HOST)";
				CODE_SIGN_STYLE = Automatic;
				CURRENT_PROJECT_VERSION = 1;
				DEVELOPMENT_TEAM = 9Z68336878;
				GENERATE_INFOPLIST_FILE = YES;
				MARKETING_VERSION = 1.0;
				PRODUCT_BUNDLE_IDENTIFIER = "com.amikhaylin.PomPadDoWatch-Watch-AppTests";
				PRODUCT_NAME = "$(TARGET_NAME)";
				SDKROOT = watchos;
				SWIFT_EMIT_LOC_STRINGS = NO;
				SWIFT_VERSION = 5.0;
				TARGETED_DEVICE_FAMILY = 4;
				TEST_HOST = "$(BUILT_PRODUCTS_DIR)/PomPadDoWatch Watch App.app/$(BUNDLE_EXECUTABLE_FOLDER_PATH)/PomPadDoWatch Watch App";
				WATCHOS_DEPLOYMENT_TARGET = 10.5;
			};
			name = Release;
		};
		4D807D352C2ABE6F000A973A /* Debug */ = {
			isa = XCBuildConfiguration;
			buildSettings = {
				ALWAYS_EMBED_SWIFT_STANDARD_LIBRARIES = YES;
				CODE_SIGN_STYLE = Automatic;
				CURRENT_PROJECT_VERSION = 1;
				DEVELOPMENT_TEAM = 9Z68336878;
				GENERATE_INFOPLIST_FILE = YES;
				MARKETING_VERSION = 1.0;
				PRODUCT_BUNDLE_IDENTIFIER = "com.amikhaylin.PomPadDoWatch-Watch-AppUITests";
				PRODUCT_NAME = "$(TARGET_NAME)";
				SDKROOT = watchos;
				SWIFT_EMIT_LOC_STRINGS = NO;
				SWIFT_VERSION = 5.0;
				TARGETED_DEVICE_FAMILY = 4;
				TEST_TARGET_NAME = "PomPadDoWatch Watch App";
				WATCHOS_DEPLOYMENT_TARGET = 10.5;
			};
			name = Debug;
		};
		4D807D362C2ABE6F000A973A /* Release */ = {
			isa = XCBuildConfiguration;
			buildSettings = {
				ALWAYS_EMBED_SWIFT_STANDARD_LIBRARIES = YES;
				CODE_SIGN_STYLE = Automatic;
				CURRENT_PROJECT_VERSION = 1;
				DEVELOPMENT_TEAM = 9Z68336878;
				GENERATE_INFOPLIST_FILE = YES;
				MARKETING_VERSION = 1.0;
				PRODUCT_BUNDLE_IDENTIFIER = "com.amikhaylin.PomPadDoWatch-Watch-AppUITests";
				PRODUCT_NAME = "$(TARGET_NAME)";
				SDKROOT = watchos;
				SWIFT_EMIT_LOC_STRINGS = NO;
				SWIFT_VERSION = 5.0;
				TARGETED_DEVICE_FAMILY = 4;
				TEST_TARGET_NAME = "PomPadDoWatch Watch App";
				WATCHOS_DEPLOYMENT_TARGET = 10.5;
			};
			name = Release;
		};
		4D83FCD52C4FB15400F407C9 /* Debug */ = {
			isa = XCBuildConfiguration;
			buildSettings = {
				ASSETCATALOG_COMPILER_GLOBAL_ACCENT_COLOR_NAME = AccentColor;
				ASSETCATALOG_COMPILER_WIDGET_BACKGROUND_COLOR_NAME = WidgetBackground;
				CODE_SIGN_ENTITLEMENTS = PomPadDoWidgetsExtension.entitlements;
				CODE_SIGN_STYLE = Automatic;
				CURRENT_PROJECT_VERSION = 1;
				DEVELOPMENT_TEAM = 9Z68336878;
				GENERATE_INFOPLIST_FILE = YES;
				INFOPLIST_FILE = PomPadDoWidgets/Info.plist;
				INFOPLIST_KEY_CFBundleDisplayName = PomPadDoWidgets;
				INFOPLIST_KEY_NSHumanReadableCopyright = "";
				IPHONEOS_DEPLOYMENT_TARGET = 17.5;
				LD_RUNPATH_SEARCH_PATHS = (
					"$(inherited)",
					"@executable_path/Frameworks",
					"@executable_path/../../Frameworks",
				);
				MARKETING_VERSION = 1.0;
				PRODUCT_BUNDLE_IDENTIFIER = com.amikhaylin.PomPadDoiOS.PomPadDoWidgets;
				PRODUCT_NAME = "$(TARGET_NAME)";
				SKIP_INSTALL = YES;
				SWIFT_EMIT_LOC_STRINGS = YES;
				SWIFT_VERSION = 5.0;
				TARGETED_DEVICE_FAMILY = "1,2";
			};
			name = Debug;
		};
		4D83FCD62C4FB15400F407C9 /* Release */ = {
			isa = XCBuildConfiguration;
			buildSettings = {
				ASSETCATALOG_COMPILER_GLOBAL_ACCENT_COLOR_NAME = AccentColor;
				ASSETCATALOG_COMPILER_WIDGET_BACKGROUND_COLOR_NAME = WidgetBackground;
				CODE_SIGN_ENTITLEMENTS = PomPadDoWidgetsExtension.entitlements;
				CODE_SIGN_STYLE = Automatic;
				CURRENT_PROJECT_VERSION = 1;
				DEVELOPMENT_TEAM = 9Z68336878;
				GENERATE_INFOPLIST_FILE = YES;
				INFOPLIST_FILE = PomPadDoWidgets/Info.plist;
				INFOPLIST_KEY_CFBundleDisplayName = PomPadDoWidgets;
				INFOPLIST_KEY_NSHumanReadableCopyright = "";
				IPHONEOS_DEPLOYMENT_TARGET = 17.5;
				LD_RUNPATH_SEARCH_PATHS = (
					"$(inherited)",
					"@executable_path/Frameworks",
					"@executable_path/../../Frameworks",
				);
				MARKETING_VERSION = 1.0;
				PRODUCT_BUNDLE_IDENTIFIER = com.amikhaylin.PomPadDoiOS.PomPadDoWidgets;
				PRODUCT_NAME = "$(TARGET_NAME)";
				SKIP_INSTALL = YES;
				SWIFT_EMIT_LOC_STRINGS = YES;
				SWIFT_VERSION = 5.0;
				TARGETED_DEVICE_FAMILY = "1,2";
			};
			name = Release;
		};
		4D83FCF42C50016100F407C9 /* Debug */ = {
			isa = XCBuildConfiguration;
			buildSettings = {
				ASSETCATALOG_COMPILER_GLOBAL_ACCENT_COLOR_NAME = AccentColor;
				ASSETCATALOG_COMPILER_WIDGET_BACKGROUND_COLOR_NAME = WidgetBackground;
				CODE_SIGN_ENTITLEMENTS = PomPadDoWidgetsExtension.entitlements;
				CODE_SIGN_STYLE = Automatic;
				CURRENT_PROJECT_VERSION = 1;
				DEVELOPMENT_TEAM = 9Z68336878;
				GENERATE_INFOPLIST_FILE = YES;
				INFOPLIST_FILE = "PomPadDoWidgetsWatchExtension-Info.plist";
				INFOPLIST_KEY_CFBundleDisplayName = PomPadDoWidgets;
				INFOPLIST_KEY_NSHumanReadableCopyright = "";
				IPHONEOS_DEPLOYMENT_TARGET = 17.5;
				LD_RUNPATH_SEARCH_PATHS = (
					"$(inherited)",
					"@executable_path/Frameworks",
					"@executable_path/../../Frameworks",
				);
				MARKETING_VERSION = 1.0;
				PRODUCT_BUNDLE_IDENTIFIER = com.amikhaylin.PomPadDoiOS.watchkitapp.PomPadDoWidgets;
				PRODUCT_NAME = "$(TARGET_NAME)";
				SDKROOT = watchos;
				SKIP_INSTALL = YES;
				SWIFT_EMIT_LOC_STRINGS = YES;
				SWIFT_VERSION = 5.0;
				TARGETED_DEVICE_FAMILY = 4;
			};
			name = Debug;
		};
		4D83FCF52C50016100F407C9 /* Release */ = {
			isa = XCBuildConfiguration;
			buildSettings = {
				ASSETCATALOG_COMPILER_GLOBAL_ACCENT_COLOR_NAME = AccentColor;
				ASSETCATALOG_COMPILER_WIDGET_BACKGROUND_COLOR_NAME = WidgetBackground;
				CODE_SIGN_ENTITLEMENTS = PomPadDoWidgetsExtension.entitlements;
				CODE_SIGN_STYLE = Automatic;
				CURRENT_PROJECT_VERSION = 1;
				DEVELOPMENT_TEAM = 9Z68336878;
				GENERATE_INFOPLIST_FILE = YES;
				INFOPLIST_FILE = "PomPadDoWidgetsWatchExtension-Info.plist";
				INFOPLIST_KEY_CFBundleDisplayName = PomPadDoWidgets;
				INFOPLIST_KEY_NSHumanReadableCopyright = "";
				IPHONEOS_DEPLOYMENT_TARGET = 17.5;
				LD_RUNPATH_SEARCH_PATHS = (
					"$(inherited)",
					"@executable_path/Frameworks",
					"@executable_path/../../Frameworks",
				);
				MARKETING_VERSION = 1.0;
				PRODUCT_BUNDLE_IDENTIFIER = com.amikhaylin.PomPadDoiOS.watchkitapp.PomPadDoWidgets;
				PRODUCT_NAME = "$(TARGET_NAME)";
				SDKROOT = watchos;
				SKIP_INSTALL = YES;
				SWIFT_EMIT_LOC_STRINGS = YES;
				SWIFT_VERSION = 5.0;
				TARGETED_DEVICE_FAMILY = 4;
			};
			name = Release;
		};
		4DDDB3F32BF23037002C4F95 /* Debug */ = {
			isa = XCBuildConfiguration;
			buildSettings = {
				ALWAYS_SEARCH_USER_PATHS = NO;
				ASSETCATALOG_COMPILER_GENERATE_SWIFT_ASSET_SYMBOL_EXTENSIONS = YES;
				CLANG_ANALYZER_NONNULL = YES;
				CLANG_ANALYZER_NUMBER_OBJECT_CONVERSION = YES_AGGRESSIVE;
				CLANG_CXX_LANGUAGE_STANDARD = "gnu++20";
				CLANG_ENABLE_MODULES = YES;
				CLANG_ENABLE_OBJC_ARC = YES;
				CLANG_ENABLE_OBJC_WEAK = YES;
				CLANG_WARN_BLOCK_CAPTURE_AUTORELEASING = YES;
				CLANG_WARN_BOOL_CONVERSION = YES;
				CLANG_WARN_COMMA = YES;
				CLANG_WARN_CONSTANT_CONVERSION = YES;
				CLANG_WARN_DEPRECATED_OBJC_IMPLEMENTATIONS = YES;
				CLANG_WARN_DIRECT_OBJC_ISA_USAGE = YES_ERROR;
				CLANG_WARN_DOCUMENTATION_COMMENTS = YES;
				CLANG_WARN_EMPTY_BODY = YES;
				CLANG_WARN_ENUM_CONVERSION = YES;
				CLANG_WARN_INFINITE_RECURSION = YES;
				CLANG_WARN_INT_CONVERSION = YES;
				CLANG_WARN_NON_LITERAL_NULL_CONVERSION = YES;
				CLANG_WARN_OBJC_IMPLICIT_RETAIN_SELF = YES;
				CLANG_WARN_OBJC_LITERAL_CONVERSION = YES;
				CLANG_WARN_OBJC_ROOT_CLASS = YES_ERROR;
				CLANG_WARN_QUOTED_INCLUDE_IN_FRAMEWORK_HEADER = YES;
				CLANG_WARN_RANGE_LOOP_ANALYSIS = YES;
				CLANG_WARN_STRICT_PROTOTYPES = YES;
				CLANG_WARN_SUSPICIOUS_MOVE = YES;
				CLANG_WARN_UNGUARDED_AVAILABILITY = YES_AGGRESSIVE;
				CLANG_WARN_UNREACHABLE_CODE = YES;
				CLANG_WARN__DUPLICATE_METHOD_MATCH = YES;
				COPY_PHASE_STRIP = NO;
				DEBUG_INFORMATION_FORMAT = dwarf;
				ENABLE_STRICT_OBJC_MSGSEND = YES;
				ENABLE_TESTABILITY = YES;
				ENABLE_USER_SCRIPT_SANDBOXING = YES;
				GCC_C_LANGUAGE_STANDARD = gnu17;
				GCC_DYNAMIC_NO_PIC = NO;
				GCC_NO_COMMON_BLOCKS = YES;
				GCC_OPTIMIZATION_LEVEL = 0;
				GCC_PREPROCESSOR_DEFINITIONS = (
					"DEBUG=1",
					"$(inherited)",
				);
				GCC_WARN_64_TO_32_BIT_CONVERSION = YES;
				GCC_WARN_ABOUT_RETURN_TYPE = YES_ERROR;
				GCC_WARN_UNDECLARED_SELECTOR = YES;
				GCC_WARN_UNINITIALIZED_AUTOS = YES_AGGRESSIVE;
				GCC_WARN_UNUSED_FUNCTION = YES;
				GCC_WARN_UNUSED_VARIABLE = YES;
				IPHONEOS_DEPLOYMENT_TARGET = 17.4;
				LOCALIZATION_PREFERS_STRING_CATALOGS = YES;
				MTL_ENABLE_DEBUG_INFO = INCLUDE_SOURCE;
				MTL_FAST_MATH = YES;
				ONLY_ACTIVE_ARCH = YES;
				SDKROOT = iphoneos;
				SWIFT_ACTIVE_COMPILATION_CONDITIONS = "DEBUG $(inherited)";
				SWIFT_OPTIMIZATION_LEVEL = "-Onone";
			};
			name = Debug;
		};
		4DDDB3F42BF23037002C4F95 /* Release */ = {
			isa = XCBuildConfiguration;
			buildSettings = {
				ALWAYS_SEARCH_USER_PATHS = NO;
				ASSETCATALOG_COMPILER_GENERATE_SWIFT_ASSET_SYMBOL_EXTENSIONS = YES;
				CLANG_ANALYZER_NONNULL = YES;
				CLANG_ANALYZER_NUMBER_OBJECT_CONVERSION = YES_AGGRESSIVE;
				CLANG_CXX_LANGUAGE_STANDARD = "gnu++20";
				CLANG_ENABLE_MODULES = YES;
				CLANG_ENABLE_OBJC_ARC = YES;
				CLANG_ENABLE_OBJC_WEAK = YES;
				CLANG_WARN_BLOCK_CAPTURE_AUTORELEASING = YES;
				CLANG_WARN_BOOL_CONVERSION = YES;
				CLANG_WARN_COMMA = YES;
				CLANG_WARN_CONSTANT_CONVERSION = YES;
				CLANG_WARN_DEPRECATED_OBJC_IMPLEMENTATIONS = YES;
				CLANG_WARN_DIRECT_OBJC_ISA_USAGE = YES_ERROR;
				CLANG_WARN_DOCUMENTATION_COMMENTS = YES;
				CLANG_WARN_EMPTY_BODY = YES;
				CLANG_WARN_ENUM_CONVERSION = YES;
				CLANG_WARN_INFINITE_RECURSION = YES;
				CLANG_WARN_INT_CONVERSION = YES;
				CLANG_WARN_NON_LITERAL_NULL_CONVERSION = YES;
				CLANG_WARN_OBJC_IMPLICIT_RETAIN_SELF = YES;
				CLANG_WARN_OBJC_LITERAL_CONVERSION = YES;
				CLANG_WARN_OBJC_ROOT_CLASS = YES_ERROR;
				CLANG_WARN_QUOTED_INCLUDE_IN_FRAMEWORK_HEADER = YES;
				CLANG_WARN_RANGE_LOOP_ANALYSIS = YES;
				CLANG_WARN_STRICT_PROTOTYPES = YES;
				CLANG_WARN_SUSPICIOUS_MOVE = YES;
				CLANG_WARN_UNGUARDED_AVAILABILITY = YES_AGGRESSIVE;
				CLANG_WARN_UNREACHABLE_CODE = YES;
				CLANG_WARN__DUPLICATE_METHOD_MATCH = YES;
				COPY_PHASE_STRIP = NO;
				DEBUG_INFORMATION_FORMAT = "dwarf-with-dsym";
				ENABLE_NS_ASSERTIONS = NO;
				ENABLE_STRICT_OBJC_MSGSEND = YES;
				ENABLE_USER_SCRIPT_SANDBOXING = YES;
				GCC_C_LANGUAGE_STANDARD = gnu17;
				GCC_NO_COMMON_BLOCKS = YES;
				GCC_WARN_64_TO_32_BIT_CONVERSION = YES;
				GCC_WARN_ABOUT_RETURN_TYPE = YES_ERROR;
				GCC_WARN_UNDECLARED_SELECTOR = YES;
				GCC_WARN_UNINITIALIZED_AUTOS = YES_AGGRESSIVE;
				GCC_WARN_UNUSED_FUNCTION = YES;
				GCC_WARN_UNUSED_VARIABLE = YES;
				IPHONEOS_DEPLOYMENT_TARGET = 17.4;
				LOCALIZATION_PREFERS_STRING_CATALOGS = YES;
				MTL_ENABLE_DEBUG_INFO = NO;
				MTL_FAST_MATH = YES;
				SDKROOT = iphoneos;
				SWIFT_COMPILATION_MODE = wholemodule;
				VALIDATE_PRODUCT = YES;
			};
			name = Release;
		};
		4DDDB3F62BF23037002C4F95 /* Debug */ = {
			isa = XCBuildConfiguration;
			buildSettings = {
				ALWAYS_EMBED_SWIFT_STANDARD_LIBRARIES = YES;
				ASSETCATALOG_COMPILER_APPICON_NAME = AppIcon;
				ASSETCATALOG_COMPILER_GLOBAL_ACCENT_COLOR_NAME = AccentColor;
				CODE_SIGN_ENTITLEMENTS = PomPadDoiOS/PomPadDoiOS.entitlements;
				CODE_SIGN_STYLE = Automatic;
				CURRENT_PROJECT_VERSION = 1;
				DEVELOPMENT_ASSET_PATHS = "\"PomPadDoiOS/Preview Content\"";
				DEVELOPMENT_TEAM = 9Z68336878;
				ENABLE_PREVIEWS = YES;
				ENABLE_USER_SCRIPT_SANDBOXING = NO;
				GENERATE_INFOPLIST_FILE = YES;
				INFOPLIST_FILE = PomPadDoiOS/Info.plist;
				INFOPLIST_KEY_CFBundleDisplayName = PomPadDo;
				INFOPLIST_KEY_LSApplicationCategoryType = "public.app-category.productivity";
				INFOPLIST_KEY_UIApplicationSceneManifest_Generation = YES;
				INFOPLIST_KEY_UIApplicationSupportsIndirectInputEvents = YES;
				INFOPLIST_KEY_UISupportedInterfaceOrientations_iPad = "UIInterfaceOrientationPortrait UIInterfaceOrientationPortraitUpsideDown UIInterfaceOrientationLandscapeLeft UIInterfaceOrientationLandscapeRight";
				INFOPLIST_KEY_UISupportedInterfaceOrientations_iPhone = "UIInterfaceOrientationPortrait UIInterfaceOrientationLandscapeLeft UIInterfaceOrientationLandscapeRight";
				LD_RUNPATH_SEARCH_PATHS = (
					"$(inherited)",
					"@executable_path/Frameworks",
				);
				MARKETING_VERSION = 1.0;
				PRODUCT_BUNDLE_IDENTIFIER = com.amikhaylin.PomPadDoiOS;
				PRODUCT_NAME = "$(TARGET_NAME)";
				SUPPORTED_PLATFORMS = "iphoneos iphonesimulator";
				SUPPORTS_MACCATALYST = NO;
				SUPPORTS_MAC_DESIGNED_FOR_IPHONE_IPAD = NO;
				SUPPORTS_XR_DESIGNED_FOR_IPHONE_IPAD = NO;
				SWIFT_EMIT_LOC_STRINGS = YES;
				SWIFT_VERSION = 5.0;
				TARGETED_DEVICE_FAMILY = "1,2";
			};
			name = Debug;
		};
		4DDDB3F72BF23037002C4F95 /* Release */ = {
			isa = XCBuildConfiguration;
			buildSettings = {
				ALWAYS_EMBED_SWIFT_STANDARD_LIBRARIES = YES;
				ASSETCATALOG_COMPILER_APPICON_NAME = AppIcon;
				ASSETCATALOG_COMPILER_GLOBAL_ACCENT_COLOR_NAME = AccentColor;
				CODE_SIGN_ENTITLEMENTS = PomPadDoiOS/PomPadDoiOS.entitlements;
				CODE_SIGN_STYLE = Automatic;
				CURRENT_PROJECT_VERSION = 1;
				DEVELOPMENT_ASSET_PATHS = "\"PomPadDoiOS/Preview Content\"";
				DEVELOPMENT_TEAM = 9Z68336878;
				ENABLE_PREVIEWS = YES;
				ENABLE_USER_SCRIPT_SANDBOXING = NO;
				GENERATE_INFOPLIST_FILE = YES;
				INFOPLIST_FILE = PomPadDoiOS/Info.plist;
				INFOPLIST_KEY_CFBundleDisplayName = PomPadDo;
				INFOPLIST_KEY_LSApplicationCategoryType = "public.app-category.productivity";
				INFOPLIST_KEY_UIApplicationSceneManifest_Generation = YES;
				INFOPLIST_KEY_UIApplicationSupportsIndirectInputEvents = YES;
				INFOPLIST_KEY_UISupportedInterfaceOrientations_iPad = "UIInterfaceOrientationPortrait UIInterfaceOrientationPortraitUpsideDown UIInterfaceOrientationLandscapeLeft UIInterfaceOrientationLandscapeRight";
				INFOPLIST_KEY_UISupportedInterfaceOrientations_iPhone = "UIInterfaceOrientationPortrait UIInterfaceOrientationLandscapeLeft UIInterfaceOrientationLandscapeRight";
				LD_RUNPATH_SEARCH_PATHS = (
					"$(inherited)",
					"@executable_path/Frameworks",
				);
				MARKETING_VERSION = 1.0;
				PRODUCT_BUNDLE_IDENTIFIER = com.amikhaylin.PomPadDoiOS;
				PRODUCT_NAME = "$(TARGET_NAME)";
				SUPPORTED_PLATFORMS = "iphoneos iphonesimulator";
				SUPPORTS_MACCATALYST = NO;
				SUPPORTS_MAC_DESIGNED_FOR_IPHONE_IPAD = NO;
				SUPPORTS_XR_DESIGNED_FOR_IPHONE_IPAD = NO;
				SWIFT_EMIT_LOC_STRINGS = YES;
				SWIFT_VERSION = 5.0;
				TARGETED_DEVICE_FAMILY = "1,2";
			};
			name = Release;
		};
		4DDDB3F92BF23037002C4F95 /* Debug */ = {
			isa = XCBuildConfiguration;
			buildSettings = {
				ALWAYS_EMBED_SWIFT_STANDARD_LIBRARIES = YES;
				BUNDLE_LOADER = "$(TEST_HOST)";
				CODE_SIGN_STYLE = Automatic;
				CURRENT_PROJECT_VERSION = 1;
				DEVELOPMENT_TEAM = 9Z68336878;
				GENERATE_INFOPLIST_FILE = YES;
				IPHONEOS_DEPLOYMENT_TARGET = 17.4;
				MARKETING_VERSION = 1.0;
				PRODUCT_BUNDLE_IDENTIFIER = com.amikhaylin.PomPadDoiOSTests;
				PRODUCT_NAME = "$(TARGET_NAME)";
				SWIFT_EMIT_LOC_STRINGS = NO;
				SWIFT_VERSION = 5.0;
				TARGETED_DEVICE_FAMILY = "1,2";
				TEST_HOST = "$(BUILT_PRODUCTS_DIR)/PomPadDoiOS.app/$(BUNDLE_EXECUTABLE_FOLDER_PATH)/PomPadDoiOS";
			};
			name = Debug;
		};
		4DDDB3FA2BF23037002C4F95 /* Release */ = {
			isa = XCBuildConfiguration;
			buildSettings = {
				ALWAYS_EMBED_SWIFT_STANDARD_LIBRARIES = YES;
				BUNDLE_LOADER = "$(TEST_HOST)";
				CODE_SIGN_STYLE = Automatic;
				CURRENT_PROJECT_VERSION = 1;
				DEVELOPMENT_TEAM = 9Z68336878;
				GENERATE_INFOPLIST_FILE = YES;
				IPHONEOS_DEPLOYMENT_TARGET = 17.4;
				MARKETING_VERSION = 1.0;
				PRODUCT_BUNDLE_IDENTIFIER = com.amikhaylin.PomPadDoiOSTests;
				PRODUCT_NAME = "$(TARGET_NAME)";
				SWIFT_EMIT_LOC_STRINGS = NO;
				SWIFT_VERSION = 5.0;
				TARGETED_DEVICE_FAMILY = "1,2";
				TEST_HOST = "$(BUILT_PRODUCTS_DIR)/PomPadDoiOS.app/$(BUNDLE_EXECUTABLE_FOLDER_PATH)/PomPadDoiOS";
			};
			name = Release;
		};
		4DDDB3FC2BF23037002C4F95 /* Debug */ = {
			isa = XCBuildConfiguration;
			buildSettings = {
				ALWAYS_EMBED_SWIFT_STANDARD_LIBRARIES = YES;
				CODE_SIGN_STYLE = Automatic;
				CURRENT_PROJECT_VERSION = 1;
				DEVELOPMENT_TEAM = 9Z68336878;
				GENERATE_INFOPLIST_FILE = YES;
				MARKETING_VERSION = 1.0;
				PRODUCT_BUNDLE_IDENTIFIER = com.amikhaylin.PomPadDoiOSUITests;
				PRODUCT_NAME = "$(TARGET_NAME)";
				SWIFT_EMIT_LOC_STRINGS = NO;
				SWIFT_VERSION = 5.0;
				TARGETED_DEVICE_FAMILY = "1,2";
				TEST_TARGET_NAME = PomPadDoiOS;
			};
			name = Debug;
		};
		4DDDB3FD2BF23037002C4F95 /* Release */ = {
			isa = XCBuildConfiguration;
			buildSettings = {
				ALWAYS_EMBED_SWIFT_STANDARD_LIBRARIES = YES;
				CODE_SIGN_STYLE = Automatic;
				CURRENT_PROJECT_VERSION = 1;
				DEVELOPMENT_TEAM = 9Z68336878;
				GENERATE_INFOPLIST_FILE = YES;
				MARKETING_VERSION = 1.0;
				PRODUCT_BUNDLE_IDENTIFIER = com.amikhaylin.PomPadDoiOSUITests;
				PRODUCT_NAME = "$(TARGET_NAME)";
				SWIFT_EMIT_LOC_STRINGS = NO;
				SWIFT_VERSION = 5.0;
				TARGETED_DEVICE_FAMILY = "1,2";
				TEST_TARGET_NAME = PomPadDoiOS;
			};
			name = Release;
		};
/* End XCBuildConfiguration section */

/* Begin XCConfigurationList section */
		4D807D372C2ABE6F000A973A /* Build configuration list for PBXNativeTarget "PomPadDoWatch Watch App" */ = {
			isa = XCConfigurationList;
			buildConfigurations = (
				4D807D312C2ABE6F000A973A /* Debug */,
				4D807D322C2ABE6F000A973A /* Release */,
			);
			defaultConfigurationIsVisible = 0;
			defaultConfigurationName = Release;
		};
		4D807D382C2ABE6F000A973A /* Build configuration list for PBXNativeTarget "PomPadDoWatch Watch AppTests" */ = {
			isa = XCConfigurationList;
			buildConfigurations = (
				4D807D332C2ABE6F000A973A /* Debug */,
				4D807D342C2ABE6F000A973A /* Release */,
			);
			defaultConfigurationIsVisible = 0;
			defaultConfigurationName = Release;
		};
		4D807D392C2ABE6F000A973A /* Build configuration list for PBXNativeTarget "PomPadDoWatch Watch AppUITests" */ = {
			isa = XCConfigurationList;
			buildConfigurations = (
				4D807D352C2ABE6F000A973A /* Debug */,
				4D807D362C2ABE6F000A973A /* Release */,
			);
			defaultConfigurationIsVisible = 0;
			defaultConfigurationName = Release;
		};
		4D83FCD72C4FB15400F407C9 /* Build configuration list for PBXNativeTarget "PomPadDoWidgetsExtension" */ = {
			isa = XCConfigurationList;
			buildConfigurations = (
				4D83FCD52C4FB15400F407C9 /* Debug */,
				4D83FCD62C4FB15400F407C9 /* Release */,
			);
			defaultConfigurationIsVisible = 0;
			defaultConfigurationName = Release;
		};
		4D83FCF32C50016100F407C9 /* Build configuration list for PBXNativeTarget "PomPadDoWidgetsWatchExtension" */ = {
			isa = XCConfigurationList;
			buildConfigurations = (
				4D83FCF42C50016100F407C9 /* Debug */,
				4D83FCF52C50016100F407C9 /* Release */,
			);
			defaultConfigurationIsVisible = 0;
			defaultConfigurationName = Release;
		};
		4DDDB3CA2BF23034002C4F95 /* Build configuration list for PBXProject "PomPadDoiOS" */ = {
			isa = XCConfigurationList;
			buildConfigurations = (
				4DDDB3F32BF23037002C4F95 /* Debug */,
				4DDDB3F42BF23037002C4F95 /* Release */,
			);
			defaultConfigurationIsVisible = 0;
			defaultConfigurationName = Release;
		};
		4DDDB3F52BF23037002C4F95 /* Build configuration list for PBXNativeTarget "PomPadDoiOS" */ = {
			isa = XCConfigurationList;
			buildConfigurations = (
				4DDDB3F62BF23037002C4F95 /* Debug */,
				4DDDB3F72BF23037002C4F95 /* Release */,
			);
			defaultConfigurationIsVisible = 0;
			defaultConfigurationName = Release;
		};
		4DDDB3F82BF23037002C4F95 /* Build configuration list for PBXNativeTarget "PomPadDoiOSTests" */ = {
			isa = XCConfigurationList;
			buildConfigurations = (
				4DDDB3F92BF23037002C4F95 /* Debug */,
				4DDDB3FA2BF23037002C4F95 /* Release */,
			);
			defaultConfigurationIsVisible = 0;
			defaultConfigurationName = Release;
		};
		4DDDB3FB2BF23037002C4F95 /* Build configuration list for PBXNativeTarget "PomPadDoiOSUITests" */ = {
			isa = XCConfigurationList;
			buildConfigurations = (
				4DDDB3FC2BF23037002C4F95 /* Debug */,
				4DDDB3FD2BF23037002C4F95 /* Release */,
			);
			defaultConfigurationIsVisible = 0;
			defaultConfigurationName = Release;
		};
/* End XCConfigurationList section */

/* Begin XCRemoteSwiftPackageReference section */
		4D4272C42BF3BD000003E129 /* XCRemoteSwiftPackageReference "swiftdata-transferrable" */ = {
			isa = XCRemoteSwiftPackageReference;
			repositoryURL = "https://github.com/Whiffer/swiftdata-transferrable";
			requirement = {
				kind = upToNextMajorVersion;
				minimumVersion = 2.0.0;
			};
		};
/* End XCRemoteSwiftPackageReference section */

/* Begin XCSwiftPackageProductDependency section */
		4D4272C62BF3BD160003E129 /* SwiftDataTransferrable */ = {
			isa = XCSwiftPackageProductDependency;
			package = 4D4272C42BF3BD000003E129 /* XCRemoteSwiftPackageReference "swiftdata-transferrable" */;
			productName = SwiftDataTransferrable;
		};
/* End XCSwiftPackageProductDependency section */
	};
	rootObject = 4DDDB3C72BF23034002C4F95 /* Project object */;
}
