// !$*UTF8*$!
{
	archiveVersion = 1;
	classes = {
	};
	objectVersion = 70;
	objects = {

/* Begin PBXBuildFile section */
		4D05400B2D63A4980098FEC7 /* SwiftUI.framework in Frameworks */ = {isa = PBXBuildFile; fileRef = 4D71DB652D63404900C1FE13 /* SwiftUI.framework */; };
		4D05400C2D63A4980098FEC7 /* WidgetKit.framework in Frameworks */ = {isa = PBXBuildFile; fileRef = 4D71DB632D63404900C1FE13 /* WidgetKit.framework */; };
		4D10FF3B2F2E2C9A00CBA5ED /* PomPadDo.mobile.share.appex in Embed Foundation Extensions */ = {isa = PBXBuildFile; fileRef = 4D10FF312F2E2C9A00CBA5ED /* PomPadDo.mobile.share.appex */; settings = {ATTRIBUTES = (RemoveHeadersOnCopy, ); }; };
		4D2867812D61FAFE0064ADF3 /* SwiftDataTransferrable in Frameworks */ = {isa = PBXBuildFile; productRef = 4D2867802D61FAFE0064ADF3 /* SwiftDataTransferrable */; };
		4D3025572D63AD24000E5C3D /* PomPadDo.watch.widgetsExtension.appex in Embed Foundation Extensions */ = {isa = PBXBuildFile; fileRef = 4D0540122D63A4980098FEC7 /* PomPadDo.watch.widgetsExtension.appex */; settings = {ATTRIBUTES = (RemoveHeadersOnCopy, ); }; };
		4D3E50BF2D6382EA008C1FDB /* PomPadDo.watch Watch App.app in Embed Watch Content */ = {isa = PBXBuildFile; fileRef = 4D3E50B22D6382E7008C1FDB /* PomPadDo.watch Watch App.app */; settings = {ATTRIBUTES = (RemoveHeadersOnCopy, ); }; };
		4D71DB642D63404900C1FE13 /* WidgetKit.framework in Frameworks */ = {isa = PBXBuildFile; fileRef = 4D71DB632D63404900C1FE13 /* WidgetKit.framework */; };
		4D71DB662D63404900C1FE13 /* SwiftUI.framework in Frameworks */ = {isa = PBXBuildFile; fileRef = 4D71DB652D63404900C1FE13 /* SwiftUI.framework */; };
		4D71DB732D63404C00C1FE13 /* PomPadDoWidgetsExtension.appex in Embed Foundation Extensions */ = {isa = PBXBuildFile; fileRef = 4D71DB622D63404900C1FE13 /* PomPadDoWidgetsExtension.appex */; settings = {ATTRIBUTES = (RemoveHeadersOnCopy, ); }; };
		4D7A1FE82C0778E4009052AE /* PomPadDo.safari.appex in Embed Foundation Extensions */ = {isa = PBXBuildFile; fileRef = 4D7A1FD62C0778E4009052AE /* PomPadDo.safari.appex */; settings = {ATTRIBUTES = (RemoveHeadersOnCopy, ); }; };
		4D9FFAD62BA9C5BA00C5F5AE /* SwiftDataTransferrable in Frameworks */ = {isa = PBXBuildFile; productRef = 4D9FFAD52BA9C5BA00C5F5AE /* SwiftDataTransferrable */; };
		4DBAD6162BECBEEF002666BD /* Credits.rtf in Resources */ = {isa = PBXBuildFile; fileRef = 4DBAD6152BECBEEF002666BD /* Credits.rtf */; };
		4DC43AA22F1502A7009A5C73 /* CloudStorage in Frameworks */ = {isa = PBXBuildFile; productRef = 4DC43AA12F1502A7009A5C73 /* CloudStorage */; };
		4DC43AA42F1502DA009A5C73 /* CloudStorage in Frameworks */ = {isa = PBXBuildFile; productRef = 4DC43AA32F1502DA009A5C73 /* CloudStorage */; };
		4DC43AA62F1502F0009A5C73 /* CloudStorage in Frameworks */ = {isa = PBXBuildFile; productRef = 4DC43AA52F1502F0009A5C73 /* CloudStorage */; };
		4DF1E9E42C1B56E7007FC401 /* CloudKit.framework in Frameworks */ = {isa = PBXBuildFile; fileRef = 4DF1E9E32C1B56E7007FC401 /* CloudKit.framework */; };
/* End PBXBuildFile section */

/* Begin PBXContainerItemProxy section */
		4D0540192D63A7F70098FEC7 /* PBXContainerItemProxy */ = {
			isa = PBXContainerItemProxy;
			containerPortal = 4D95FE1A2B7B6BF300C8918D /* Project object */;
			proxyType = 1;
			remoteGlobalIDString = 4D0540032D63A4980098FEC7;
			remoteInfo = PomPadDo.watch.widgetsExtension;
		};
		4D0CECAA2EB2040E004C7365 /* PBXContainerItemProxy */ = {
			isa = PBXContainerItemProxy;
			containerPortal = 4D95FE1A2B7B6BF300C8918D /* Project object */;
			proxyType = 1;
			remoteGlobalIDString = 4D3E50B12D6382E7008C1FDB;
			remoteInfo = "PomPadDo.watch Watch App";
		};
		4D10FF392F2E2C9A00CBA5ED /* PBXContainerItemProxy */ = {
			isa = PBXContainerItemProxy;
			containerPortal = 4D95FE1A2B7B6BF300C8918D /* Project object */;
			proxyType = 1;
			remoteGlobalIDString = 4D10FF302F2E2C9A00CBA5ED;
			remoteInfo = PomPadDo.mobile.share;
		};
		4D28675B2D61F5C20064ADF3 /* PBXContainerItemProxy */ = {
			isa = PBXContainerItemProxy;
			containerPortal = 4D95FE1A2B7B6BF300C8918D /* Project object */;
			proxyType = 1;
			remoteGlobalIDString = 4D28673C2D61F5BE0064ADF3;
			remoteInfo = PomPadDo.mobile;
		};
		4D3025582D63AD24000E5C3D /* PBXContainerItemProxy */ = {
			isa = PBXContainerItemProxy;
			containerPortal = 4D95FE1A2B7B6BF300C8918D /* Project object */;
			proxyType = 1;
			remoteGlobalIDString = 4D0540032D63A4980098FEC7;
			remoteInfo = PomPadDo.watch.widgetsExtension;
		};
		4D3E50BD2D6382EA008C1FDB /* PBXContainerItemProxy */ = {
			isa = PBXContainerItemProxy;
			containerPortal = 4D95FE1A2B7B6BF300C8918D /* Project object */;
			proxyType = 1;
			remoteGlobalIDString = 4D3E50B12D6382E7008C1FDB;
			remoteInfo = "PomPadDo.watch Watch App";
		};
		4D71DB712D63404C00C1FE13 /* PBXContainerItemProxy */ = {
			isa = PBXContainerItemProxy;
			containerPortal = 4D95FE1A2B7B6BF300C8918D /* Project object */;
			proxyType = 1;
			remoteGlobalIDString = 4D71DB612D63404900C1FE13;
			remoteInfo = PomPadDoWidgetsExtension;
		};
		4D7A1FE62C0778E4009052AE /* PBXContainerItemProxy */ = {
			isa = PBXContainerItemProxy;
			containerPortal = 4D95FE1A2B7B6BF300C8918D /* Project object */;
			proxyType = 1;
			remoteGlobalIDString = 4D7A1FD52C0778E4009052AE;
			remoteInfo = PomPadDoExt;
		};
		4D95FE362B7B6BF600C8918D /* PBXContainerItemProxy */ = {
			isa = PBXContainerItemProxy;
			containerPortal = 4D95FE1A2B7B6BF300C8918D /* Project object */;
			proxyType = 1;
			remoteGlobalIDString = 4D95FE212B7B6BF300C8918D;
			remoteInfo = PomPadDoMac;
		};
		4DF1BABA2EA8EDFE00B8F211 /* PBXContainerItemProxy */ = {
			isa = PBXContainerItemProxy;
			containerPortal = 4D95FE1A2B7B6BF300C8918D /* Project object */;
			proxyType = 1;
			remoteGlobalIDString = 4D95FE212B7B6BF300C8918D;
			remoteInfo = PomPadDo;
		};
/* End PBXContainerItemProxy section */

/* Begin PBXCopyFilesBuildPhase section */
		4D30255A2D63AD24000E5C3D /* Embed Foundation Extensions */ = {
			isa = PBXCopyFilesBuildPhase;
			buildActionMask = 2147483647;
			dstPath = "";
			dstSubfolderSpec = 13;
			files = (
				4D3025572D63AD24000E5C3D /* PomPadDo.watch.widgetsExtension.appex in Embed Foundation Extensions */,
			);
			name = "Embed Foundation Extensions";
			runOnlyForDeploymentPostprocessing = 0;
		};
		4D3E50C02D6382EA008C1FDB /* Embed Watch Content */ = {
			isa = PBXCopyFilesBuildPhase;
			buildActionMask = 2147483647;
			dstPath = "$(CONTENTS_FOLDER_PATH)/Watch";
			dstSubfolderSpec = 16;
			files = (
				4D3E50BF2D6382EA008C1FDB /* PomPadDo.watch Watch App.app in Embed Watch Content */,
			);
			name = "Embed Watch Content";
			runOnlyForDeploymentPostprocessing = 0;
		};
		4D71DB782D63404C00C1FE13 /* Embed Foundation Extensions */ = {
			isa = PBXCopyFilesBuildPhase;
			buildActionMask = 2147483647;
			dstPath = "";
			dstSubfolderSpec = 13;
			files = (
				4D10FF3B2F2E2C9A00CBA5ED /* PomPadDo.mobile.share.appex in Embed Foundation Extensions */,
				4D71DB732D63404C00C1FE13 /* PomPadDoWidgetsExtension.appex in Embed Foundation Extensions */,
			);
			name = "Embed Foundation Extensions";
			runOnlyForDeploymentPostprocessing = 0;
		};
		4D7A1FE92C0778E4009052AE /* Embed Foundation Extensions */ = {
			isa = PBXCopyFilesBuildPhase;
			buildActionMask = 2147483647;
			dstPath = "";
			dstSubfolderSpec = 13;
			files = (
				4D7A1FE82C0778E4009052AE /* PomPadDo.safari.appex in Embed Foundation Extensions */,
			);
			name = "Embed Foundation Extensions";
			runOnlyForDeploymentPostprocessing = 0;
		};
/* End PBXCopyFilesBuildPhase section */

/* Begin PBXFileReference section */
		4D0540122D63A4980098FEC7 /* PomPadDo.watch.widgetsExtension.appex */ = {isa = PBXFileReference; explicitFileType = "wrapper.app-extension"; includeInIndex = 0; path = PomPadDo.watch.widgetsExtension.appex; sourceTree = BUILT_PRODUCTS_DIR; };
		4D0CECA42EB2040E004C7365 /* PomPadDo.watchUITests.xctest */ = {isa = PBXFileReference; explicitFileType = wrapper.cfbundle; includeInIndex = 0; path = PomPadDo.watchUITests.xctest; sourceTree = BUILT_PRODUCTS_DIR; };
		4D0CECB12EB39DC2004C7365 /* PomPadDo.watchApp.xctestplan */ = {isa = PBXFileReference; lastKnownFileType = text; name = PomPadDo.watchApp.xctestplan; path = PomPadDo.watchUITests/PomPadDo.watchApp.xctestplan; sourceTree = "<group>"; };
		4D10FF312F2E2C9A00CBA5ED /* PomPadDo.mobile.share.appex */ = {isa = PBXFileReference; explicitFileType = "wrapper.app-extension"; includeInIndex = 0; path = PomPadDo.mobile.share.appex; sourceTree = BUILT_PRODUCTS_DIR; };
		4D1A88FA2D63B84200CEA4C6 /* LICENSE */ = {isa = PBXFileReference; lastKnownFileType = text; path = LICENSE; sourceTree = "<group>"; };
		4D1A88FB2D63B84200CEA4C6 /* README.md */ = {isa = PBXFileReference; lastKnownFileType = net.daringfireball.markdown; path = README.md; sourceTree = "<group>"; };
		4D28673D2D61F5BE0064ADF3 /* PomPadDo.mobile.app */ = {isa = PBXFileReference; explicitFileType = wrapper.application; includeInIndex = 0; path = PomPadDo.mobile.app; sourceTree = BUILT_PRODUCTS_DIR; };
		4D28675A2D61F5C20064ADF3 /* PomPadDo.mobileUITests.xctest */ = {isa = PBXFileReference; explicitFileType = wrapper.cfbundle; includeInIndex = 0; path = PomPadDo.mobileUITests.xctest; sourceTree = BUILT_PRODUCTS_DIR; };
		4D3E50B22D6382E7008C1FDB /* PomPadDo.watch Watch App.app */ = {isa = PBXFileReference; explicitFileType = wrapper.application; includeInIndex = 0; path = "PomPadDo.watch Watch App.app"; sourceTree = BUILT_PRODUCTS_DIR; };
		4D5D4C842D6638F60064B27C /* PomPadDo.mobile.xctestplan */ = {isa = PBXFileReference; lastKnownFileType = text; name = PomPadDo.mobile.xctestplan; path = PomPadDo.mobileUITests/PomPadDo.mobile.xctestplan; sourceTree = "<group>"; };
		4D71DB622D63404900C1FE13 /* PomPadDoWidgetsExtension.appex */ = {isa = PBXFileReference; explicitFileType = "wrapper.app-extension"; includeInIndex = 0; path = PomPadDoWidgetsExtension.appex; sourceTree = BUILT_PRODUCTS_DIR; };
		4D71DB632D63404900C1FE13 /* WidgetKit.framework */ = {isa = PBXFileReference; lastKnownFileType = wrapper.framework; name = WidgetKit.framework; path = System/Library/Frameworks/WidgetKit.framework; sourceTree = SDKROOT; };
		4D71DB652D63404900C1FE13 /* SwiftUI.framework */ = {isa = PBXFileReference; lastKnownFileType = wrapper.framework; name = SwiftUI.framework; path = System/Library/Frameworks/SwiftUI.framework; sourceTree = SDKROOT; };
		4D71DB792D6340D200C1FE13 /* PomPadDoWidgetsExtension.entitlements */ = {isa = PBXFileReference; lastKnownFileType = text.plist.entitlements; path = PomPadDoWidgetsExtension.entitlements; sourceTree = "<group>"; };
		4D7A1FD62C0778E4009052AE /* PomPadDo.safari.appex */ = {isa = PBXFileReference; explicitFileType = "wrapper.app-extension"; includeInIndex = 0; path = PomPadDo.safari.appex; sourceTree = BUILT_PRODUCTS_DIR; };
		4D95FE222B7B6BF300C8918D /* PomPadDo.app */ = {isa = PBXFileReference; explicitFileType = wrapper.application; includeInIndex = 0; path = PomPadDo.app; sourceTree = BUILT_PRODUCTS_DIR; };
		4D95FE352B7B6BF600C8918D /* PomPadDoTests.xctest */ = {isa = PBXFileReference; explicitFileType = wrapper.cfbundle; includeInIndex = 0; path = PomPadDoTests.xctest; sourceTree = BUILT_PRODUCTS_DIR; };
		4DBAD6152BECBEEF002666BD /* Credits.rtf */ = {isa = PBXFileReference; fileEncoding = 4; lastKnownFileType = text.rtf; path = Credits.rtf; sourceTree = "<group>"; };
		4DF1BAB42EA8EDFE00B8F211 /* PomPadDoUITests.xctest */ = {isa = PBXFileReference; explicitFileType = wrapper.cfbundle; includeInIndex = 0; path = PomPadDoUITests.xctest; sourceTree = BUILT_PRODUCTS_DIR; };
		4DF1BAC22EA9398E00B8F211 /* PomPadDo.xctestplan */ = {isa = PBXFileReference; lastKnownFileType = text; name = PomPadDo.xctestplan; path = PomPadDoUITests/PomPadDo.xctestplan; sourceTree = "<group>"; };
		4DF1E9E32C1B56E7007FC401 /* CloudKit.framework */ = {isa = PBXFileReference; lastKnownFileType = wrapper.framework; name = CloudKit.framework; path = System/Library/Frameworks/CloudKit.framework; sourceTree = SDKROOT; };
/* End PBXFileReference section */

/* Begin PBXFileSystemSynchronizedBuildFileExceptionSet section */
		4D0540142D63A4980098FEC7 /* PBXFileSystemSynchronizedBuildFileExceptionSet */ = {
			isa = PBXFileSystemSynchronizedBuildFileExceptionSet;
			membershipExceptions = (
				Assets.xcassets,
				Info.plist,
			);
			target = 4D0540032D63A4980098FEC7 /* PomPadDo.watch.widgetsExtension */;
		};
		4D0DF0C92E9B99E9007DE44C /* PBXFileSystemSynchronizedBuildFileExceptionSet */ = {
			isa = PBXFileSystemSynchronizedBuildFileExceptionSet;
			membershipExceptions = (
				Activities/Focus/FocusTaskRowModifier.swift,
				Activities/Focus/FocusTasksView.swift,
				Activities/Focus/FocusTimer.swift,
				Activities/Projects/Board/BoardView.swift,
				Activities/Projects/List/ProjectTasksListView.swift,
				Activities/Projects/ProjectsListView.swift,
				Activities/Projects/ProjectTaskModifier.swift,
				Activities/Projects/ProjectView.swift,
				Activities/Projects/Review/ProjectToReviewView.swift,
				Activities/Projects/Review/ReviewProjectsView.swift,
				Activities/SectionsListView.swift,
				Activities/Tasks/EditTaskView.swift,
				Activities/Tasks/Subtasks/SubtasksListView.swift,
				Activities/Tasks/TaskCheckBoxView.swift,
				Activities/Tasks/TaskRowModifier.swift,
				Activities/Tasks/TaskRowView.swift,
				Activities/Tasks/TasksListView.swift,
				Activities/Tasks/TaskSwipeModifier.swift,
				Activities/Tasks/Trash/TrashListView.swift,
				CustomViews/CheckBoxView.swift,
				CustomViews/CircularProgressView.swift,
				CustomViews/Collapsible.swift,
				Localizable.xcstrings,
				Model/Project.swift,
				Model/ProjectGroup.swift,
				Model/Status.swift,
				Model/Todo.swift,
				Utils/BadgeManager.swift,
				Utils/CalendarManager.swift,
				Utils/Common.swift,
				Utils/DueDateType.swift,
				Utils/NotificationManager.swift,
				Utils/Previewer.swift,
				Utils/ProjectsQuery.swift,
				Utils/Refresher.swift,
				Utils/SideBarItem.swift,
				Utils/TasksQuery.swift,
			);
			target = 4D95FE212B7B6BF300C8918D /* PomPadDo */;
		};
		4D0DF0CA2E9B99E9007DE44C /* PBXFileSystemSynchronizedBuildFileExceptionSet */ = {
			isa = PBXFileSystemSynchronizedBuildFileExceptionSet;
			membershipExceptions = (
				Activities/Focus/FocusTaskRowModifier.swift,
				Activities/Focus/FocusTasksView.swift,
				Activities/Focus/FocusTimer.swift,
				Activities/Projects/Board/BoardView.swift,
				Activities/Projects/List/ProjectTasksListView.swift,
				Activities/Projects/ProjectsListView.swift,
				Activities/Projects/ProjectTaskModifier.swift,
				Activities/Projects/ProjectView.swift,
				Activities/Projects/Review/ProjectToReviewView.swift,
				Activities/Projects/Review/ReviewProjectsView.swift,
				Activities/SectionsListView.swift,
				Activities/Tasks/EditTaskView.swift,
				Activities/Tasks/Subtasks/SubtasksListView.swift,
				Activities/Tasks/TaskCheckBoxView.swift,
				Activities/Tasks/TaskRowModifier.swift,
				Activities/Tasks/TaskRowView.swift,
				Activities/Tasks/TasksListView.swift,
				Activities/Tasks/TaskSwipeModifier.swift,
				Activities/Tasks/Trash/TrashListView.swift,
				CustomViews/CheckBoxView.swift,
				CustomViews/CircularProgressView.swift,
				CustomViews/Collapsible.swift,
				Localizable.xcstrings,
				Model/Project.swift,
				Model/ProjectGroup.swift,
				Model/Status.swift,
				Model/Todo.swift,
				Utils/BadgeManager.swift,
				Utils/CalendarManager.swift,
				Utils/Common.swift,
				Utils/DueDateType.swift,
				Utils/NotificationManager.swift,
				Utils/Previewer.swift,
				Utils/ProjectsQuery.swift,
				Utils/Refresher.swift,
				Utils/SideBarItem.swift,
				Utils/TasksQuery.swift,
			);
			target = 4D28673C2D61F5BE0064ADF3 /* PomPadDo.mobile */;
		};
		4D0DF0CB2E9B99E9007DE44C /* PBXFileSystemSynchronizedBuildFileExceptionSet */ = {
			isa = PBXFileSystemSynchronizedBuildFileExceptionSet;
			membershipExceptions = (
				Activities/Focus/FocusTimer.swift,
				Activities/Tasks/TaskCheckBoxView.swift,
				Activities/Tasks/TaskSwipeModifier.swift,
				CustomViews/CircularProgressView.swift,
				Localizable.xcstrings,
				Model/Project.swift,
				Model/ProjectGroup.swift,
				Model/Status.swift,
				Model/Todo.swift,
				Utils/Common.swift,
				Utils/DueDateType.swift,
				Utils/NotificationManager.swift,
				Utils/Previewer.swift,
				Utils/Refresher.swift,
				Utils/TasksQuery.swift,
			);
			target = 4D3E50B12D6382E7008C1FDB /* PomPadDo.watch Watch App */;
		};
		4D0DF0CD2E9B9B3A007DE44C /* PBXFileSystemSynchronizedBuildFileExceptionSet */ = {
			isa = PBXFileSystemSynchronizedBuildFileExceptionSet;
			membershipExceptions = (
				Activities/Focus/FocusTimer.swift,
				Model/Project.swift,
				Model/ProjectGroup.swift,
				Model/Status.swift,
				Model/Todo.swift,
				Utils/Common.swift,
				Utils/NotificationManager.swift,
				Utils/TasksQuery.swift,
			);
			target = 4D95FE342B7B6BF600C8918D /* PomPadDoTests */;
		};
		4D0DF0CE2E9B9B3A007DE44C /* PBXFileSystemSynchronizedBuildFileExceptionSet */ = {
			isa = PBXFileSystemSynchronizedBuildFileExceptionSet;
			membershipExceptions = (
				Activities/Focus/FocusTimer.swift,
				Localizable.xcstrings,
				Model/Project.swift,
				Model/ProjectGroup.swift,
				Model/Status.swift,
				Model/Todo.swift,
				Utils/Common.swift,
				Utils/NotificationManager.swift,
				Utils/TasksQuery.swift,
			);
			target = 4D71DB612D63404900C1FE13 /* PomPadDoWidgetsExtension */;
		};
		4D0DF0CF2E9B9B3A007DE44C /* PBXFileSystemSynchronizedBuildFileExceptionSet */ = {
			isa = PBXFileSystemSynchronizedBuildFileExceptionSet;
			membershipExceptions = (
				Activities/Focus/FocusTimer.swift,
				Localizable.xcstrings,
				Model/Project.swift,
				Model/ProjectGroup.swift,
				Model/Status.swift,
				Model/Todo.swift,
				Utils/Common.swift,
				Utils/NotificationManager.swift,
				Utils/TasksQuery.swift,
			);
			target = 4D0540032D63A4980098FEC7 /* PomPadDo.watch.widgetsExtension */;
		};
		4D0DF0D92E9BA20E007DE44C /* PBXFileSystemSynchronizedBuildFileExceptionSet */ = {
			isa = PBXFileSystemSynchronizedBuildFileExceptionSet;
			membershipExceptions = (
				Localizable.xcstrings,
			);
			target = 4D7A1FD52C0778E4009052AE /* PomPadDo.safari */;
		};
		4D0DF0DA2E9BA20E007DE44C /* PBXFileSystemSynchronizedBuildFileExceptionSet */ = {
			isa = PBXFileSystemSynchronizedBuildFileExceptionSet;
			membershipExceptions = (
				Localizable.xcstrings,
				Tests/testData.json,
			);
			target = 4D2867592D61F5C20064ADF3 /* PomPadDo.mobileUITests */;
		};
		4D10FF3F2F2E2C9A00CBA5ED /* PBXFileSystemSynchronizedBuildFileExceptionSet */ = {
			isa = PBXFileSystemSynchronizedBuildFileExceptionSet;
			membershipExceptions = (
				Info.plist,
			);
			target = 4D10FF302F2E2C9A00CBA5ED /* PomPadDo.mobile.share */;
		};
		4D2867622D61F5C20064ADF3 /* PBXFileSystemSynchronizedBuildFileExceptionSet */ = {
			isa = PBXFileSystemSynchronizedBuildFileExceptionSet;
			membershipExceptions = (
				Info.plist,
			);
			target = 4D28673C2D61F5BE0064ADF3 /* PomPadDo.mobile */;
		};
		4D71DB772D63404C00C1FE13 /* PBXFileSystemSynchronizedBuildFileExceptionSet */ = {
			isa = PBXFileSystemSynchronizedBuildFileExceptionSet;
			membershipExceptions = (
				Info.plist,
			);
			target = 4D71DB612D63404900C1FE13 /* PomPadDoWidgetsExtension */;
		};
		4D7AF80D2F32413100FBFFFA /* PBXFileSystemSynchronizedBuildFileExceptionSet */ = {
			isa = PBXFileSystemSynchronizedBuildFileExceptionSet;
			membershipExceptions = (
				Activities/Focus/FocusTimer.swift,
				Model/Project.swift,
				Model/ProjectGroup.swift,
				Model/Status.swift,
				Model/Todo.swift,
				Utils/Common.swift,
				Utils/NotificationManager.swift,
			);
			target = 4D10FF302F2E2C9A00CBA5ED /* PomPadDo.mobile.share */;
		};
		4D7AF8122F32417F00FBFFFA /* PBXFileSystemSynchronizedBuildFileExceptionSet */ = {
			isa = PBXFileSystemSynchronizedBuildFileExceptionSet;
			membershipExceptions = (
				Activities/Focus/FocusSounds.swift,
			);
			target = 4D10FF302F2E2C9A00CBA5ED /* PomPadDo.mobile.share */;
		};
		4D8614D52E61F783005B6AF6 /* PBXFileSystemSynchronizedBuildFileExceptionSet */ = {
			isa = PBXFileSystemSynchronizedBuildFileExceptionSet;
			membershipExceptions = (
				Activities/Focus/FocusTabItemView.swift,
			);
			target = 4D3E50B12D6382E7008C1FDB /* PomPadDo.watch Watch App */;
		};
		4DD28D812EE07D9F00D3204B /* PBXFileSystemSynchronizedBuildFileExceptionSet */ = {
			isa = PBXFileSystemSynchronizedBuildFileExceptionSet;
			membershipExceptions = (
				Activities/Focus/FocusSounds.swift,
			);
			target = 4D95FE342B7B6BF600C8918D /* PomPadDoTests */;
		};
		4DEA3BC02ED070480021983D /* PBXFileSystemSynchronizedBuildFileExceptionSet */ = {
			isa = PBXFileSystemSynchronizedBuildFileExceptionSet;
			membershipExceptions = (
				Activities/Focus/FocusSounds.swift,
			);
			target = 4D0540032D63A4980098FEC7 /* PomPadDo.watch.widgetsExtension */;
		};
		4DEA3BC22ED070550021983D /* PBXFileSystemSynchronizedBuildFileExceptionSet */ = {
			isa = PBXFileSystemSynchronizedBuildFileExceptionSet;
			membershipExceptions = (
				Activities/Focus/FocusSounds.swift,
			);
			target = 4D71DB612D63404900C1FE13 /* PomPadDoWidgetsExtension */;
		};
		4DF1BAC12EA8FF0800B8F211 /* PBXFileSystemSynchronizedBuildFileExceptionSet */ = {
			isa = PBXFileSystemSynchronizedBuildFileExceptionSet;
			membershipExceptions = (
				Tests/testData.json,
			);
			target = 4DF1BAB32EA8EDFE00B8F211 /* PomPadDoUITests */;
		};
		4DFA79F42E9E5D6F0069A476 /* PBXFileSystemSynchronizedBuildFileExceptionSet */ = {
			isa = PBXFileSystemSynchronizedBuildFileExceptionSet;
			membershipExceptions = (
				Info.plist,
			);
			target = 4D95FE212B7B6BF300C8918D /* PomPadDo */;
		};
		4DFA7A0A2E9E5D7D0069A476 /* PBXFileSystemSynchronizedBuildFileExceptionSet */ = {
			isa = PBXFileSystemSynchronizedBuildFileExceptionSet;
			membershipExceptions = (
				Info.plist,
			);
			target = 4D7A1FD52C0778E4009052AE /* PomPadDo.safari */;
		};
/* End PBXFileSystemSynchronizedBuildFileExceptionSet section */

/* Begin PBXFileSystemSynchronizedRootGroup section */
		4D0CECA52EB2040E004C7365 /* PomPadDo.watchUITests */ = {isa = PBXFileSystemSynchronizedRootGroup; explicitFileTypes = {}; explicitFolders = (); path = PomPadDo.watchUITests; sourceTree = "<group>"; };
		4D0DF0C72E9B99A2007DE44C /* Shared */ = {isa = PBXFileSystemSynchronizedRootGroup; exceptions = (4D0DF0C92E9B99E9007DE44C /* PBXFileSystemSynchronizedBuildFileExceptionSet */, 4D0DF0CD2E9B9B3A007DE44C /* PBXFileSystemSynchronizedBuildFileExceptionSet */, 4D0DF0D92E9BA20E007DE44C /* PBXFileSystemSynchronizedBuildFileExceptionSet */, 4D0DF0CA2E9B99E9007DE44C /* PBXFileSystemSynchronizedBuildFileExceptionSet */, 4D0DF0DA2E9BA20E007DE44C /* PBXFileSystemSynchronizedBuildFileExceptionSet */, 4D0DF0CE2E9B9B3A007DE44C /* PBXFileSystemSynchronizedBuildFileExceptionSet */, 4D0DF0CB2E9B99E9007DE44C /* PBXFileSystemSynchronizedBuildFileExceptionSet */, 4D0DF0CF2E9B9B3A007DE44C /* PBXFileSystemSynchronizedBuildFileExceptionSet */, 4DF1BAC12EA8FF0800B8F211 /* PBXFileSystemSynchronizedBuildFileExceptionSet */, 4D7AF80D2F32413100FBFFFA /* PBXFileSystemSynchronizedBuildFileExceptionSet */, ); explicitFileTypes = {}; explicitFolders = (); path = Shared; sourceTree = "<group>"; };
		4D10FF322F2E2C9A00CBA5ED /* PomPadDo.mobile.share */ = {isa = PBXFileSystemSynchronizedRootGroup; exceptions = (4D10FF3F2F2E2C9A00CBA5ED /* PBXFileSystemSynchronizedBuildFileExceptionSet */, ); explicitFileTypes = {}; explicitFolders = (); path = PomPadDo.mobile.share; sourceTree = "<group>"; };
		4D28673E2D61F5BE0064ADF3 /* PomPadDo.mobile */ = {isa = PBXFileSystemSynchronizedRootGroup; exceptions = (4D2867622D61F5C20064ADF3 /* PBXFileSystemSynchronizedBuildFileExceptionSet */, 4DEA3BC22ED070550021983D /* PBXFileSystemSynchronizedBuildFileExceptionSet */, 4D8614D52E61F783005B6AF6 /* PBXFileSystemSynchronizedBuildFileExceptionSet */, 4D7AF8122F32417F00FBFFFA /* PBXFileSystemSynchronizedBuildFileExceptionSet */, ); explicitFileTypes = {}; explicitFolders = (); path = PomPadDo.mobile; sourceTree = "<group>"; };
		4D28675D2D61F5C20064ADF3 /* PomPadDo.mobileUITests */ = {isa = PBXFileSystemSynchronizedRootGroup; explicitFileTypes = {}; explicitFolders = (); path = PomPadDo.mobileUITests; sourceTree = "<group>"; };
		4D3E50B32D6382E8008C1FDB /* PomPadDo.watch Watch App */ = {isa = PBXFileSystemSynchronizedRootGroup; exceptions = (4DEA3BC02ED070480021983D /* PBXFileSystemSynchronizedBuildFileExceptionSet */, ); explicitFileTypes = {}; explicitFolders = (); path = "PomPadDo.watch Watch App"; sourceTree = "<group>"; };
		4D71DB672D63404900C1FE13 /* PomPadDoWidgets */ = {isa = PBXFileSystemSynchronizedRootGroup; exceptions = (4D71DB772D63404C00C1FE13 /* PBXFileSystemSynchronizedBuildFileExceptionSet */, 4D0540142D63A4980098FEC7 /* PBXFileSystemSynchronizedBuildFileExceptionSet */, ); explicitFileTypes = {}; explicitFolders = (); path = PomPadDoWidgets; sourceTree = "<group>"; };
		4DF1BAB52EA8EDFE00B8F211 /* PomPadDoUITests */ = {isa = PBXFileSystemSynchronizedRootGroup; explicitFileTypes = {}; explicitFolders = (); path = PomPadDoUITests; sourceTree = "<group>"; };
		4DFA79E02E9E5D6E0069A476 /* PomPadDo */ = {isa = PBXFileSystemSynchronizedRootGroup; exceptions = (4DFA79F42E9E5D6F0069A476 /* PBXFileSystemSynchronizedBuildFileExceptionSet */, 4DD28D812EE07D9F00D3204B /* PBXFileSystemSynchronizedBuildFileExceptionSet */, ); explicitFileTypes = {}; explicitFolders = (); path = PomPadDo; sourceTree = "<group>"; };
		4DFA79F62E9E5D7A0069A476 /* PomPadDo.Tests */ = {isa = PBXFileSystemSynchronizedRootGroup; explicitFileTypes = {}; explicitFolders = (); path = PomPadDo.Tests; sourceTree = "<group>"; };
		4DFA7A022E9E5D7D0069A476 /* PomPadDo.safari */ = {isa = PBXFileSystemSynchronizedRootGroup; exceptions = (4DFA7A0A2E9E5D7D0069A476 /* PBXFileSystemSynchronizedBuildFileExceptionSet */, ); explicitFileTypes = {}; explicitFolders = (); path = PomPadDo.safari; sourceTree = "<group>"; };
/* End PBXFileSystemSynchronizedRootGroup section */

/* Begin PBXFrameworksBuildPhase section */
		4D05400A2D63A4980098FEC7 /* Frameworks */ = {
			isa = PBXFrameworksBuildPhase;
			buildActionMask = 2147483647;
			files = (
				4D05400B2D63A4980098FEC7 /* SwiftUI.framework in Frameworks */,
				4D05400C2D63A4980098FEC7 /* WidgetKit.framework in Frameworks */,
			);
			runOnlyForDeploymentPostprocessing = 0;
		};
		4D0CECA12EB2040E004C7365 /* Frameworks */ = {
			isa = PBXFrameworksBuildPhase;
			buildActionMask = 2147483647;
			files = (
			);
			runOnlyForDeploymentPostprocessing = 0;
		};
		4D10FF2E2F2E2C9A00CBA5ED /* Frameworks */ = {
			isa = PBXFrameworksBuildPhase;
			buildActionMask = 2147483647;
			files = (
			);
			runOnlyForDeploymentPostprocessing = 0;
		};
		4D28673A2D61F5BE0064ADF3 /* Frameworks */ = {
			isa = PBXFrameworksBuildPhase;
			buildActionMask = 2147483647;
			files = (
				4DC43AA42F1502DA009A5C73 /* CloudStorage in Frameworks */,
				4D2867812D61FAFE0064ADF3 /* SwiftDataTransferrable in Frameworks */,
			);
			runOnlyForDeploymentPostprocessing = 0;
		};
		4D2867572D61F5C20064ADF3 /* Frameworks */ = {
			isa = PBXFrameworksBuildPhase;
			buildActionMask = 2147483647;
			files = (
			);
			runOnlyForDeploymentPostprocessing = 0;
		};
		4D3E50AF2D6382E7008C1FDB /* Frameworks */ = {
			isa = PBXFrameworksBuildPhase;
			buildActionMask = 2147483647;
			files = (
				4DC43AA62F1502F0009A5C73 /* CloudStorage in Frameworks */,
			);
			runOnlyForDeploymentPostprocessing = 0;
		};
		4D71DB5F2D63404900C1FE13 /* Frameworks */ = {
			isa = PBXFrameworksBuildPhase;
			buildActionMask = 2147483647;
			files = (
				4D71DB662D63404900C1FE13 /* SwiftUI.framework in Frameworks */,
				4D71DB642D63404900C1FE13 /* WidgetKit.framework in Frameworks */,
			);
			runOnlyForDeploymentPostprocessing = 0;
		};
		4D7A1FD32C0778E4009052AE /* Frameworks */ = {
			isa = PBXFrameworksBuildPhase;
			buildActionMask = 2147483647;
			files = (
			);
			runOnlyForDeploymentPostprocessing = 0;
		};
		4D95FE1F2B7B6BF300C8918D /* Frameworks */ = {
			isa = PBXFrameworksBuildPhase;
			buildActionMask = 2147483647;
			files = (
				4D9FFAD62BA9C5BA00C5F5AE /* SwiftDataTransferrable in Frameworks */,
				4DC43AA22F1502A7009A5C73 /* CloudStorage in Frameworks */,
				4DF1E9E42C1B56E7007FC401 /* CloudKit.framework in Frameworks */,
			);
			runOnlyForDeploymentPostprocessing = 0;
		};
		4D95FE322B7B6BF600C8918D /* Frameworks */ = {
			isa = PBXFrameworksBuildPhase;
			buildActionMask = 2147483647;
			files = (
			);
			runOnlyForDeploymentPostprocessing = 0;
		};
		4DF1BAB12EA8EDFE00B8F211 /* Frameworks */ = {
			isa = PBXFrameworksBuildPhase;
			buildActionMask = 2147483647;
			files = (
			);
			runOnlyForDeploymentPostprocessing = 0;
		};
/* End PBXFrameworksBuildPhase section */

/* Begin PBXGroup section */
		4D95FE192B7B6BF300C8918D = {
			isa = PBXGroup;
			children = (
				4D0CECB12EB39DC2004C7365 /* PomPadDo.watchApp.xctestplan */,
				4DF1BAC22EA9398E00B8F211 /* PomPadDo.xctestplan */,
				4D5D4C842D6638F60064B27C /* PomPadDo.mobile.xctestplan */,
				4D1A88FA2D63B84200CEA4C6 /* LICENSE */,
				4D1A88FB2D63B84200CEA4C6 /* README.md */,
				4D71DB792D6340D200C1FE13 /* PomPadDoWidgetsExtension.entitlements */,
				4DBAD6152BECBEEF002666BD /* Credits.rtf */,
				4D0DF0C72E9B99A2007DE44C /* Shared */,
				4DFA79E02E9E5D6E0069A476 /* PomPadDo */,
				4DFA79F62E9E5D7A0069A476 /* PomPadDo.Tests */,
				4DFA7A022E9E5D7D0069A476 /* PomPadDo.safari */,
				4D28673E2D61F5BE0064ADF3 /* PomPadDo.mobile */,
				4D28675D2D61F5C20064ADF3 /* PomPadDo.mobileUITests */,
				4D71DB672D63404900C1FE13 /* PomPadDoWidgets */,
				4D3E50B32D6382E8008C1FDB /* PomPadDo.watch Watch App */,
				4DF1BAB52EA8EDFE00B8F211 /* PomPadDoUITests */,
				4D0CECA52EB2040E004C7365 /* PomPadDo.watchUITests */,
				4D10FF322F2E2C9A00CBA5ED /* PomPadDo.mobile.share */,
				4D95FE232B7B6BF300C8918D /* Products */,
				4D9FFAD42BA9C5BA00C5F5AE /* Frameworks */,
			);
			sourceTree = "<group>";
		};
		4D95FE232B7B6BF300C8918D /* Products */ = {
			isa = PBXGroup;
			children = (
				4D95FE222B7B6BF300C8918D /* PomPadDo.app */,
				4D95FE352B7B6BF600C8918D /* PomPadDoTests.xctest */,
				4D7A1FD62C0778E4009052AE /* PomPadDo.safari.appex */,
				4D28673D2D61F5BE0064ADF3 /* PomPadDo.mobile.app */,
				4D28675A2D61F5C20064ADF3 /* PomPadDo.mobileUITests.xctest */,
				4D71DB622D63404900C1FE13 /* PomPadDoWidgetsExtension.appex */,
				4D3E50B22D6382E7008C1FDB /* PomPadDo.watch Watch App.app */,
				4D0540122D63A4980098FEC7 /* PomPadDo.watch.widgetsExtension.appex */,
				4DF1BAB42EA8EDFE00B8F211 /* PomPadDoUITests.xctest */,
				4D0CECA42EB2040E004C7365 /* PomPadDo.watchUITests.xctest */,
				4D10FF312F2E2C9A00CBA5ED /* PomPadDo.mobile.share.appex */,
			);
			name = Products;
			sourceTree = "<group>";
		};
		4D9FFAD42BA9C5BA00C5F5AE /* Frameworks */ = {
			isa = PBXGroup;
			children = (
				4DF1E9E32C1B56E7007FC401 /* CloudKit.framework */,
				4D71DB632D63404900C1FE13 /* WidgetKit.framework */,
				4D71DB652D63404900C1FE13 /* SwiftUI.framework */,
			);
			name = Frameworks;
			sourceTree = "<group>";
		};
/* End PBXGroup section */

/* Begin PBXNativeTarget section */
		4D0540032D63A4980098FEC7 /* PomPadDo.watch.widgetsExtension */ = {
			isa = PBXNativeTarget;
			buildConfigurationList = 4D05400F2D63A4980098FEC7 /* Build configuration list for PBXNativeTarget "PomPadDo.watch.widgetsExtension" */;
			buildPhases = (
				4D0540042D63A4980098FEC7 /* Sources */,
				4D05400A2D63A4980098FEC7 /* Frameworks */,
				4D05400D2D63A4980098FEC7 /* Resources */,
			);
			buildRules = (
			);
			dependencies = (
			);
			fileSystemSynchronizedGroups = (
				4D71DB672D63404900C1FE13 /* PomPadDoWidgets */,
			);
			name = PomPadDo.watch.widgetsExtension;
			packageProductDependencies = (
			);
			productName = PomPadDoWidgetsExtension;
			productReference = 4D0540122D63A4980098FEC7 /* PomPadDo.watch.widgetsExtension.appex */;
			productType = "com.apple.product-type.app-extension";
		};
		4D0CECA32EB2040E004C7365 /* PomPadDo.watchUITests */ = {
			isa = PBXNativeTarget;
			buildConfigurationList = 4D0CECAE2EB2040E004C7365 /* Build configuration list for PBXNativeTarget "PomPadDo.watchUITests" */;
			buildPhases = (
				4D0CECA02EB2040E004C7365 /* Sources */,
				4D0CECA12EB2040E004C7365 /* Frameworks */,
				4D0CECA22EB2040E004C7365 /* Resources */,
			);
			buildRules = (
			);
			dependencies = (
				4D0CECAB2EB2040E004C7365 /* PBXTargetDependency */,
			);
			fileSystemSynchronizedGroups = (
				4D0CECA52EB2040E004C7365 /* PomPadDo.watchUITests */,
			);
			name = PomPadDo.watchUITests;
			packageProductDependencies = (
			);
			productName = PomPadDo.watchUITests;
			productReference = 4D0CECA42EB2040E004C7365 /* PomPadDo.watchUITests.xctest */;
			productType = "com.apple.product-type.bundle.ui-testing";
		};
		4D10FF302F2E2C9A00CBA5ED /* PomPadDo.mobile.share */ = {
			isa = PBXNativeTarget;
			buildConfigurationList = 4D10FF3E2F2E2C9A00CBA5ED /* Build configuration list for PBXNativeTarget "PomPadDo.mobile.share" */;
			buildPhases = (
				4D10FF2D2F2E2C9A00CBA5ED /* Sources */,
				4D10FF2E2F2E2C9A00CBA5ED /* Frameworks */,
				4D10FF2F2F2E2C9A00CBA5ED /* Resources */,
			);
			buildRules = (
			);
			dependencies = (
			);
			fileSystemSynchronizedGroups = (
				4D10FF322F2E2C9A00CBA5ED /* PomPadDo.mobile.share */,
			);
			name = PomPadDo.mobile.share;
			packageProductDependencies = (
			);
			productName = PomPadDo.mobile.share;
			productReference = 4D10FF312F2E2C9A00CBA5ED /* PomPadDo.mobile.share.appex */;
			productType = "com.apple.product-type.app-extension";
		};
		4D28673C2D61F5BE0064ADF3 /* PomPadDo.mobile */ = {
			isa = PBXNativeTarget;
			buildConfigurationList = 4D2867632D61F5C20064ADF3 /* Build configuration list for PBXNativeTarget "PomPadDo.mobile" */;
			buildPhases = (
				4D2867392D61F5BE0064ADF3 /* Sources */,
				4D28673A2D61F5BE0064ADF3 /* Frameworks */,
				4D28673B2D61F5BE0064ADF3 /* Resources */,
				4D71DB782D63404C00C1FE13 /* Embed Foundation Extensions */,
				4D3E50C02D6382EA008C1FDB /* Embed Watch Content */,
			);
			buildRules = (
			);
			dependencies = (
				4D71DB722D63404C00C1FE13 /* PBXTargetDependency */,
				4D3E50BE2D6382EA008C1FDB /* PBXTargetDependency */,
				4D10FF3A2F2E2C9A00CBA5ED /* PBXTargetDependency */,
			);
			fileSystemSynchronizedGroups = (
				4D28673E2D61F5BE0064ADF3 /* PomPadDo.mobile */,
			);
			name = PomPadDo.mobile;
			packageProductDependencies = (
				4D2867802D61FAFE0064ADF3 /* SwiftDataTransferrable */,
				4DC43AA32F1502DA009A5C73 /* CloudStorage */,
			);
			productName = PomPadDo.mobile;
			productReference = 4D28673D2D61F5BE0064ADF3 /* PomPadDo.mobile.app */;
			productType = "com.apple.product-type.application";
		};
		4D2867592D61F5C20064ADF3 /* PomPadDo.mobileUITests */ = {
			isa = PBXNativeTarget;
			buildConfigurationList = 4D2867692D61F5C20064ADF3 /* Build configuration list for PBXNativeTarget "PomPadDo.mobileUITests" */;
			buildPhases = (
				4D2867562D61F5C20064ADF3 /* Sources */,
				4D2867572D61F5C20064ADF3 /* Frameworks */,
				4D2867582D61F5C20064ADF3 /* Resources */,
			);
			buildRules = (
			);
			dependencies = (
				4D28675C2D61F5C20064ADF3 /* PBXTargetDependency */,
			);
			fileSystemSynchronizedGroups = (
				4D28675D2D61F5C20064ADF3 /* PomPadDo.mobileUITests */,
			);
			name = PomPadDo.mobileUITests;
			packageProductDependencies = (
			);
			productName = PomPadDo.mobileUITests;
			productReference = 4D28675A2D61F5C20064ADF3 /* PomPadDo.mobileUITests.xctest */;
			productType = "com.apple.product-type.bundle.ui-testing";
		};
		4D3E50B12D6382E7008C1FDB /* PomPadDo.watch Watch App */ = {
			isa = PBXNativeTarget;
			buildConfigurationList = 4D3E50C32D6382EA008C1FDB /* Build configuration list for PBXNativeTarget "PomPadDo.watch Watch App" */;
			buildPhases = (
				4D3E50AE2D6382E7008C1FDB /* Sources */,
				4D3E50AF2D6382E7008C1FDB /* Frameworks */,
				4D3E50B02D6382E7008C1FDB /* Resources */,
				4D30255A2D63AD24000E5C3D /* Embed Foundation Extensions */,
			);
			buildRules = (
			);
			dependencies = (
				4D05401A2D63A7F70098FEC7 /* PBXTargetDependency */,
				4D3025592D63AD24000E5C3D /* PBXTargetDependency */,
			);
			fileSystemSynchronizedGroups = (
				4D3E50B32D6382E8008C1FDB /* PomPadDo.watch Watch App */,
			);
			name = "PomPadDo.watch Watch App";
			packageProductDependencies = (
				4DC43AA52F1502F0009A5C73 /* CloudStorage */,
			);
			productName = "PomPadDo.watch Watch App";
			productReference = 4D3E50B22D6382E7008C1FDB /* PomPadDo.watch Watch App.app */;
			productType = "com.apple.product-type.application";
		};
		4D71DB612D63404900C1FE13 /* PomPadDoWidgetsExtension */ = {
			isa = PBXNativeTarget;
			buildConfigurationList = 4D71DB742D63404C00C1FE13 /* Build configuration list for PBXNativeTarget "PomPadDoWidgetsExtension" */;
			buildPhases = (
				4D71DB5E2D63404900C1FE13 /* Sources */,
				4D71DB5F2D63404900C1FE13 /* Frameworks */,
				4D71DB602D63404900C1FE13 /* Resources */,
			);
			buildRules = (
			);
			dependencies = (
			);
			fileSystemSynchronizedGroups = (
				4D71DB672D63404900C1FE13 /* PomPadDoWidgets */,
			);
			name = PomPadDoWidgetsExtension;
			packageProductDependencies = (
			);
			productName = PomPadDoWidgetsExtension;
			productReference = 4D71DB622D63404900C1FE13 /* PomPadDoWidgetsExtension.appex */;
			productType = "com.apple.product-type.app-extension";
		};
		4D7A1FD52C0778E4009052AE /* PomPadDo.safari */ = {
			isa = PBXNativeTarget;
			buildConfigurationList = 4D7A1FEC2C0778E4009052AE /* Build configuration list for PBXNativeTarget "PomPadDo.safari" */;
			buildPhases = (
				4D7A1FD22C0778E4009052AE /* Sources */,
				4D7A1FD32C0778E4009052AE /* Frameworks */,
				4D7A1FD42C0778E4009052AE /* Resources */,
			);
			buildRules = (
			);
			dependencies = (
			);
			fileSystemSynchronizedGroups = (
				4DFA7A022E9E5D7D0069A476 /* PomPadDo.safari */,
			);
			name = PomPadDo.safari;
			productName = PomPadDoExt;
			productReference = 4D7A1FD62C0778E4009052AE /* PomPadDo.safari.appex */;
			productType = "com.apple.product-type.app-extension";
		};
		4D95FE212B7B6BF300C8918D /* PomPadDo */ = {
			isa = PBXNativeTarget;
			buildConfigurationList = 4D95FE492B7B6BF600C8918D /* Build configuration list for PBXNativeTarget "PomPadDo" */;
			buildPhases = (
				4D95FE1E2B7B6BF300C8918D /* Sources */,
				4D95FE1F2B7B6BF300C8918D /* Frameworks */,
				4D95FE202B7B6BF300C8918D /* Resources */,
				4DBFA7562BAD72AB006232FE /* SwiftLint */,
				4D7A1FE92C0778E4009052AE /* Embed Foundation Extensions */,
			);
			buildRules = (
			);
			dependencies = (
				4D7A1FE72C0778E4009052AE /* PBXTargetDependency */,
			);
			fileSystemSynchronizedGroups = (
				4DFA79E02E9E5D6E0069A476 /* PomPadDo */,
			);
			name = PomPadDo;
			packageProductDependencies = (
				4D9FFAD52BA9C5BA00C5F5AE /* SwiftDataTransferrable */,
				4DC43AA12F1502A7009A5C73 /* CloudStorage */,
			);
			productName = PomPadDoMac;
			productReference = 4D95FE222B7B6BF300C8918D /* PomPadDo.app */;
			productType = "com.apple.product-type.application";
		};
		4D95FE342B7B6BF600C8918D /* PomPadDoTests */ = {
			isa = PBXNativeTarget;
			buildConfigurationList = 4D95FE4C2B7B6BF600C8918D /* Build configuration list for PBXNativeTarget "PomPadDoTests" */;
			buildPhases = (
				4D95FE312B7B6BF600C8918D /* Sources */,
				4D95FE322B7B6BF600C8918D /* Frameworks */,
				4D95FE332B7B6BF600C8918D /* Resources */,
			);
			buildRules = (
			);
			dependencies = (
				4D95FE372B7B6BF600C8918D /* PBXTargetDependency */,
			);
			fileSystemSynchronizedGroups = (
				4DFA79F62E9E5D7A0069A476 /* PomPadDo.Tests */,
			);
			name = PomPadDoTests;
			productName = PomPadDoMacTests;
			productReference = 4D95FE352B7B6BF600C8918D /* PomPadDoTests.xctest */;
			productType = "com.apple.product-type.bundle.unit-test";
		};
		4DF1BAB32EA8EDFE00B8F211 /* PomPadDoUITests */ = {
			isa = PBXNativeTarget;
			buildConfigurationList = 4DF1BABE2EA8EDFE00B8F211 /* Build configuration list for PBXNativeTarget "PomPadDoUITests" */;
			buildPhases = (
				4DF1BAB02EA8EDFE00B8F211 /* Sources */,
				4DF1BAB12EA8EDFE00B8F211 /* Frameworks */,
				4DF1BAB22EA8EDFE00B8F211 /* Resources */,
			);
			buildRules = (
			);
			dependencies = (
				4DF1BABB2EA8EDFE00B8F211 /* PBXTargetDependency */,
			);
			fileSystemSynchronizedGroups = (
				4DF1BAB52EA8EDFE00B8F211 /* PomPadDoUITests */,
			);
			name = PomPadDoUITests;
			packageProductDependencies = (
			);
			productName = PomPadDoUITests;
			productReference = 4DF1BAB42EA8EDFE00B8F211 /* PomPadDoUITests.xctest */;
			productType = "com.apple.product-type.bundle.ui-testing";
		};
/* End PBXNativeTarget section */

/* Begin PBXProject section */
		4D95FE1A2B7B6BF300C8918D /* Project object */ = {
			isa = PBXProject;
			attributes = {
				BuildIndependentTargetsInParallel = 1;
				LastSwiftUpdateCheck = 2620;
				LastUpgradeCheck = 2610;
				TargetAttributes = {
					4D0CECA32EB2040E004C7365 = {
						CreatedOnToolsVersion = 26.0.1;
						TestTargetID = 4D3E50B12D6382E7008C1FDB;
					};
					4D10FF302F2E2C9A00CBA5ED = {
						CreatedOnToolsVersion = 26.2;
					};
					4D28673C2D61F5BE0064ADF3 = {
						CreatedOnToolsVersion = 16.2;
					};
					4D2867592D61F5C20064ADF3 = {
						CreatedOnToolsVersion = 16.2;
						TestTargetID = 4D28673C2D61F5BE0064ADF3;
					};
					4D3E50B12D6382E7008C1FDB = {
						CreatedOnToolsVersion = 16.2;
					};
					4D71DB612D63404900C1FE13 = {
						CreatedOnToolsVersion = 16.2;
						LastSwiftMigration = 1620;
					};
					4D7A1FD52C0778E4009052AE = {
						CreatedOnToolsVersion = 15.4;
					};
					4D95FE212B7B6BF300C8918D = {
						CreatedOnToolsVersion = 15.2;
					};
					4D95FE342B7B6BF600C8918D = {
						CreatedOnToolsVersion = 15.2;
						TestTargetID = 4D95FE212B7B6BF300C8918D;
					};
					4DF1BAB32EA8EDFE00B8F211 = {
						CreatedOnToolsVersion = 26.0.1;
						TestTargetID = 4D95FE212B7B6BF300C8918D;
					};
				};
			};
			buildConfigurationList = 4D95FE1D2B7B6BF300C8918D /* Build configuration list for PBXProject "PomPadDo" */;
			compatibilityVersion = "Xcode 14.0";
			developmentRegion = en;
			hasScannedForEncodings = 0;
			knownRegions = (
				en,
				ru,
				ar,
				bg,
				hr,
				cs,
				da,
				nl,
				fi,
				fr,
				de,
				el,
				he,
				hu,
				id,
				it,
				ja,
				ko,
				lt,
				lv,
				ms,
				fa,
				pl,
				pt,
				ro,
				sk,
				sl,
				es,
				sv,
				ta,
				th,
				tr,
				uk,
				ur,
				vi,
				"zh-Hans",
				"zh-Hant",
				ca,
				nb,
				Base,
			);
			mainGroup = 4D95FE192B7B6BF300C8918D;
			packageReferences = (
				4D9FFAD22BA9C38300C5F5AE /* XCRemoteSwiftPackageReference "swiftdata-transferrable" */,
				4DC43AA02F1502A7009A5C73 /* XCRemoteSwiftPackageReference "CloudStorage" */,
			);
			productRefGroup = 4D95FE232B7B6BF300C8918D /* Products */;
			projectDirPath = "";
			projectRoot = "";
			targets = (
				4D95FE212B7B6BF300C8918D /* PomPadDo */,
				4D95FE342B7B6BF600C8918D /* PomPadDoTests */,
				4D7A1FD52C0778E4009052AE /* PomPadDo.safari */,
				4D28673C2D61F5BE0064ADF3 /* PomPadDo.mobile */,
				4D2867592D61F5C20064ADF3 /* PomPadDo.mobileUITests */,
				4D71DB612D63404900C1FE13 /* PomPadDoWidgetsExtension */,
				4D3E50B12D6382E7008C1FDB /* PomPadDo.watch Watch App */,
				4D0540032D63A4980098FEC7 /* PomPadDo.watch.widgetsExtension */,
				4DF1BAB32EA8EDFE00B8F211 /* PomPadDoUITests */,
				4D0CECA32EB2040E004C7365 /* PomPadDo.watchUITests */,
				4D10FF302F2E2C9A00CBA5ED /* PomPadDo.mobile.share */,
			);
		};
/* End PBXProject section */

/* Begin PBXResourcesBuildPhase section */
		4D05400D2D63A4980098FEC7 /* Resources */ = {
			isa = PBXResourcesBuildPhase;
			buildActionMask = 2147483647;
			files = (
			);
			runOnlyForDeploymentPostprocessing = 0;
		};
		4D0CECA22EB2040E004C7365 /* Resources */ = {
			isa = PBXResourcesBuildPhase;
			buildActionMask = 2147483647;
			files = (
			);
			runOnlyForDeploymentPostprocessing = 0;
		};
		4D10FF2F2F2E2C9A00CBA5ED /* Resources */ = {
			isa = PBXResourcesBuildPhase;
			buildActionMask = 2147483647;
			files = (
			);
			runOnlyForDeploymentPostprocessing = 0;
		};
		4D28673B2D61F5BE0064ADF3 /* Resources */ = {
			isa = PBXResourcesBuildPhase;
			buildActionMask = 2147483647;
			files = (
			);
			runOnlyForDeploymentPostprocessing = 0;
		};
		4D2867582D61F5C20064ADF3 /* Resources */ = {
			isa = PBXResourcesBuildPhase;
			buildActionMask = 2147483647;
			files = (
			);
			runOnlyForDeploymentPostprocessing = 0;
		};
		4D3E50B02D6382E7008C1FDB /* Resources */ = {
			isa = PBXResourcesBuildPhase;
			buildActionMask = 2147483647;
			files = (
			);
			runOnlyForDeploymentPostprocessing = 0;
		};
		4D71DB602D63404900C1FE13 /* Resources */ = {
			isa = PBXResourcesBuildPhase;
			buildActionMask = 2147483647;
			files = (
			);
			runOnlyForDeploymentPostprocessing = 0;
		};
		4D7A1FD42C0778E4009052AE /* Resources */ = {
			isa = PBXResourcesBuildPhase;
			buildActionMask = 2147483647;
			files = (
			);
			runOnlyForDeploymentPostprocessing = 0;
		};
		4D95FE202B7B6BF300C8918D /* Resources */ = {
			isa = PBXResourcesBuildPhase;
			buildActionMask = 2147483647;
			files = (
				4DBAD6162BECBEEF002666BD /* Credits.rtf in Resources */,
			);
			runOnlyForDeploymentPostprocessing = 0;
		};
		4D95FE332B7B6BF600C8918D /* Resources */ = {
			isa = PBXResourcesBuildPhase;
			buildActionMask = 2147483647;
			files = (
			);
			runOnlyForDeploymentPostprocessing = 0;
		};
		4DF1BAB22EA8EDFE00B8F211 /* Resources */ = {
			isa = PBXResourcesBuildPhase;
			buildActionMask = 2147483647;
			files = (
			);
			runOnlyForDeploymentPostprocessing = 0;
		};
/* End PBXResourcesBuildPhase section */

/* Begin PBXShellScriptBuildPhase section */
		4DBFA7562BAD72AB006232FE /* SwiftLint */ = {
			isa = PBXShellScriptBuildPhase;
			alwaysOutOfDate = 1;
			buildActionMask = 2147483647;
			files = (
			);
			inputFileListPaths = (
			);
			inputPaths = (
			);
			name = SwiftLint;
			outputFileListPaths = (
			);
			outputPaths = (
			);
			runOnlyForDeploymentPostprocessing = 0;
			shellPath = /bin/sh;
			shellScript = "if which swiftlint >/dev/null; then\n  swiftlint\nelse\n  echo \"warning: SwiftLint not installed, download from https://github.com/realm/SwiftLint\"\nfi\n";
		};
/* End PBXShellScriptBuildPhase section */

/* Begin PBXSourcesBuildPhase section */
		4D0540042D63A4980098FEC7 /* Sources */ = {
			isa = PBXSourcesBuildPhase;
			buildActionMask = 2147483647;
			files = (
			);
			runOnlyForDeploymentPostprocessing = 0;
		};
		4D0CECA02EB2040E004C7365 /* Sources */ = {
			isa = PBXSourcesBuildPhase;
			buildActionMask = 2147483647;
			files = (
			);
			runOnlyForDeploymentPostprocessing = 0;
		};
		4D10FF2D2F2E2C9A00CBA5ED /* Sources */ = {
			isa = PBXSourcesBuildPhase;
			buildActionMask = 2147483647;
			files = (
			);
			runOnlyForDeploymentPostprocessing = 0;
		};
		4D2867392D61F5BE0064ADF3 /* Sources */ = {
			isa = PBXSourcesBuildPhase;
			buildActionMask = 2147483647;
			files = (
			);
			runOnlyForDeploymentPostprocessing = 0;
		};
		4D2867562D61F5C20064ADF3 /* Sources */ = {
			isa = PBXSourcesBuildPhase;
			buildActionMask = 2147483647;
			files = (
			);
			runOnlyForDeploymentPostprocessing = 0;
		};
		4D3E50AE2D6382E7008C1FDB /* Sources */ = {
			isa = PBXSourcesBuildPhase;
			buildActionMask = 2147483647;
			files = (
			);
			runOnlyForDeploymentPostprocessing = 0;
		};
		4D71DB5E2D63404900C1FE13 /* Sources */ = {
			isa = PBXSourcesBuildPhase;
			buildActionMask = 2147483647;
			files = (
			);
			runOnlyForDeploymentPostprocessing = 0;
		};
		4D7A1FD22C0778E4009052AE /* Sources */ = {
			isa = PBXSourcesBuildPhase;
			buildActionMask = 2147483647;
			files = (
			);
			runOnlyForDeploymentPostprocessing = 0;
		};
		4D95FE1E2B7B6BF300C8918D /* Sources */ = {
			isa = PBXSourcesBuildPhase;
			buildActionMask = 2147483647;
			files = (
			);
			runOnlyForDeploymentPostprocessing = 0;
		};
		4D95FE312B7B6BF600C8918D /* Sources */ = {
			isa = PBXSourcesBuildPhase;
			buildActionMask = 2147483647;
			files = (
			);
			runOnlyForDeploymentPostprocessing = 0;
		};
		4DF1BAB02EA8EDFE00B8F211 /* Sources */ = {
			isa = PBXSourcesBuildPhase;
			buildActionMask = 2147483647;
			files = (
			);
			runOnlyForDeploymentPostprocessing = 0;
		};
/* End PBXSourcesBuildPhase section */

/* Begin PBXTargetDependency section */
		4D05401A2D63A7F70098FEC7 /* PBXTargetDependency */ = {
			isa = PBXTargetDependency;
			target = 4D0540032D63A4980098FEC7 /* PomPadDo.watch.widgetsExtension */;
			targetProxy = 4D0540192D63A7F70098FEC7 /* PBXContainerItemProxy */;
		};
		4D0CECAB2EB2040E004C7365 /* PBXTargetDependency */ = {
			isa = PBXTargetDependency;
			target = 4D3E50B12D6382E7008C1FDB /* PomPadDo.watch Watch App */;
			targetProxy = 4D0CECAA2EB2040E004C7365 /* PBXContainerItemProxy */;
		};
		4D10FF3A2F2E2C9A00CBA5ED /* PBXTargetDependency */ = {
			isa = PBXTargetDependency;
			target = 4D10FF302F2E2C9A00CBA5ED /* PomPadDo.mobile.share */;
			targetProxy = 4D10FF392F2E2C9A00CBA5ED /* PBXContainerItemProxy */;
		};
		4D28675C2D61F5C20064ADF3 /* PBXTargetDependency */ = {
			isa = PBXTargetDependency;
			target = 4D28673C2D61F5BE0064ADF3 /* PomPadDo.mobile */;
			targetProxy = 4D28675B2D61F5C20064ADF3 /* PBXContainerItemProxy */;
		};
		4D3025592D63AD24000E5C3D /* PBXTargetDependency */ = {
			isa = PBXTargetDependency;
			target = 4D0540032D63A4980098FEC7 /* PomPadDo.watch.widgetsExtension */;
			targetProxy = 4D3025582D63AD24000E5C3D /* PBXContainerItemProxy */;
		};
		4D3E50BE2D6382EA008C1FDB /* PBXTargetDependency */ = {
			isa = PBXTargetDependency;
			target = 4D3E50B12D6382E7008C1FDB /* PomPadDo.watch Watch App */;
			targetProxy = 4D3E50BD2D6382EA008C1FDB /* PBXContainerItemProxy */;
		};
		4D71DB722D63404C00C1FE13 /* PBXTargetDependency */ = {
			isa = PBXTargetDependency;
			target = 4D71DB612D63404900C1FE13 /* PomPadDoWidgetsExtension */;
			targetProxy = 4D71DB712D63404C00C1FE13 /* PBXContainerItemProxy */;
		};
		4D7A1FE72C0778E4009052AE /* PBXTargetDependency */ = {
			isa = PBXTargetDependency;
			target = 4D7A1FD52C0778E4009052AE /* PomPadDo.safari */;
			targetProxy = 4D7A1FE62C0778E4009052AE /* PBXContainerItemProxy */;
		};
		4D95FE372B7B6BF600C8918D /* PBXTargetDependency */ = {
			isa = PBXTargetDependency;
			target = 4D95FE212B7B6BF300C8918D /* PomPadDo */;
			targetProxy = 4D95FE362B7B6BF600C8918D /* PBXContainerItemProxy */;
		};
		4DF1BABB2EA8EDFE00B8F211 /* PBXTargetDependency */ = {
			isa = PBXTargetDependency;
			target = 4D95FE212B7B6BF300C8918D /* PomPadDo */;
			targetProxy = 4DF1BABA2EA8EDFE00B8F211 /* PBXContainerItemProxy */;
		};
/* End PBXTargetDependency section */

/* Begin XCBuildConfiguration section */
		4D0540102D63A4980098FEC7 /* Debug */ = {
			isa = XCBuildConfiguration;
			buildSettings = {
				ALLOW_TARGET_PLATFORM_SPECIALIZATION = YES;
				ASSETCATALOG_COMPILER_GLOBAL_ACCENT_COLOR_NAME = AccentColor;
				ASSETCATALOG_COMPILER_WIDGET_BACKGROUND_COLOR_NAME = WidgetBackground;
				CLANG_ENABLE_MODULES = YES;
				CODE_SIGN_ENTITLEMENTS = PomPadDoWidgetsExtension.entitlements;
				CODE_SIGN_STYLE = Automatic;
				CURRENT_PROJECT_VERSION = 120;
				GENERATE_INFOPLIST_FILE = YES;
				INFOPLIST_FILE = "PomPadDoWatchWidgetsExtension Info.plist";
				INFOPLIST_KEY_CFBundleDisplayName = PomPadDoWidgets;
				INFOPLIST_KEY_NSHumanReadableCopyright = "";
				IPHONEOS_DEPLOYMENT_TARGET = 18.2;
				LD_RUNPATH_SEARCH_PATHS = (
					"$(inherited)",
					"@executable_path/Frameworks",
					"@executable_path/../../Frameworks",
				);
				MARKETING_VERSION = 26.1;
				PRODUCT_BUNDLE_IDENTIFIER = com.amikhaylin.PomPadDo.watchkitapp.widgets;
				PRODUCT_NAME = "$(TARGET_NAME)";
				SDKROOT = watchos;
				SKIP_INSTALL = YES;
				SUPPORTED_PLATFORMS = "watchsimulator watchos";
				SUPPORTS_MACCATALYST = YES;
				SUPPORTS_MAC_DESIGNED_FOR_IPHONE_IPAD = NO;
				SUPPORTS_XR_DESIGNED_FOR_IPHONE_IPAD = NO;
				SWIFT_EMIT_LOC_STRINGS = YES;
				SWIFT_OPTIMIZATION_LEVEL = "-Onone";
				SWIFT_VERSION = 5.0;
				TARGETED_DEVICE_FAMILY = 4;
				WATCHOS_DEPLOYMENT_TARGET = 11.2;
			};
			name = Debug;
		};
		4D0540112D63A4980098FEC7 /* Release */ = {
			isa = XCBuildConfiguration;
			buildSettings = {
				ALLOW_TARGET_PLATFORM_SPECIALIZATION = YES;
				ASSETCATALOG_COMPILER_GLOBAL_ACCENT_COLOR_NAME = AccentColor;
				ASSETCATALOG_COMPILER_WIDGET_BACKGROUND_COLOR_NAME = WidgetBackground;
				CLANG_ENABLE_MODULES = YES;
				CODE_SIGN_ENTITLEMENTS = PomPadDoWidgetsExtension.entitlements;
				CODE_SIGN_STYLE = Automatic;
				CURRENT_PROJECT_VERSION = 120;
				GENERATE_INFOPLIST_FILE = YES;
				INFOPLIST_FILE = "PomPadDoWatchWidgetsExtension Info.plist";
				INFOPLIST_KEY_CFBundleDisplayName = PomPadDoWidgets;
				INFOPLIST_KEY_NSHumanReadableCopyright = "";
				IPHONEOS_DEPLOYMENT_TARGET = 18.2;
				LD_RUNPATH_SEARCH_PATHS = (
					"$(inherited)",
					"@executable_path/Frameworks",
					"@executable_path/../../Frameworks",
				);
				MARKETING_VERSION = 26.1;
				PRODUCT_BUNDLE_IDENTIFIER = com.amikhaylin.PomPadDo.watchkitapp.widgets;
				PRODUCT_NAME = "$(TARGET_NAME)";
				SDKROOT = watchos;
				SKIP_INSTALL = YES;
				SUPPORTED_PLATFORMS = "watchsimulator watchos";
				SUPPORTS_MACCATALYST = YES;
				SUPPORTS_MAC_DESIGNED_FOR_IPHONE_IPAD = NO;
				SUPPORTS_XR_DESIGNED_FOR_IPHONE_IPAD = NO;
				SWIFT_EMIT_LOC_STRINGS = YES;
				SWIFT_VERSION = 5.0;
				TARGETED_DEVICE_FAMILY = 4;
				VALIDATE_PRODUCT = YES;
				WATCHOS_DEPLOYMENT_TARGET = 11.2;
			};
			name = Release;
		};
		4D0CECAC2EB2040E004C7365 /* Debug */ = {
			isa = XCBuildConfiguration;
			buildSettings = {
				CODE_SIGN_STYLE = Automatic;
				CURRENT_PROJECT_VERSION = 120;
				DEVELOPMENT_TEAM = 9Z68336878;
				GENERATE_INFOPLIST_FILE = YES;
				MARKETING_VERSION = 1.0;
				PRODUCT_BUNDLE_IDENTIFIER = "com.amikhaylin.PomPadDo-watchUITests";
				PRODUCT_NAME = "$(TARGET_NAME)";
				SDKROOT = watchos;
				STRING_CATALOG_GENERATE_SYMBOLS = NO;
				SWIFT_APPROACHABLE_CONCURRENCY = YES;
				SWIFT_EMIT_LOC_STRINGS = NO;
				SWIFT_UPCOMING_FEATURE_MEMBER_IMPORT_VISIBILITY = YES;
				SWIFT_VERSION = 5.0;
				TARGETED_DEVICE_FAMILY = 4;
				TEST_TARGET_NAME = "PomPadDo.watch Watch App";
				WATCHOS_DEPLOYMENT_TARGET = 26.0;
			};
			name = Debug;
		};
		4D0CECAD2EB2040E004C7365 /* Release */ = {
			isa = XCBuildConfiguration;
			buildSettings = {
				CODE_SIGN_STYLE = Automatic;
				CURRENT_PROJECT_VERSION = 120;
				DEVELOPMENT_TEAM = 9Z68336878;
				GENERATE_INFOPLIST_FILE = YES;
				MARKETING_VERSION = 1.0;
				PRODUCT_BUNDLE_IDENTIFIER = "com.amikhaylin.PomPadDo-watchUITests";
				PRODUCT_NAME = "$(TARGET_NAME)";
				SDKROOT = watchos;
				STRING_CATALOG_GENERATE_SYMBOLS = NO;
				SWIFT_APPROACHABLE_CONCURRENCY = YES;
				SWIFT_EMIT_LOC_STRINGS = NO;
				SWIFT_UPCOMING_FEATURE_MEMBER_IMPORT_VISIBILITY = YES;
				SWIFT_VERSION = 5.0;
				TARGETED_DEVICE_FAMILY = 4;
				TEST_TARGET_NAME = "PomPadDo.watch Watch App";
				VALIDATE_PRODUCT = YES;
				WATCHOS_DEPLOYMENT_TARGET = 26.0;
			};
			name = Release;
		};
		4D10FF3C2F2E2C9A00CBA5ED /* Debug */ = {
			isa = XCBuildConfiguration;
			buildSettings = {
				CODE_SIGN_ENTITLEMENTS = PomPadDo.mobile.share/PomPadDo.mobile.share.entitlements;
				CODE_SIGN_STYLE = Automatic;
				CURRENT_PROJECT_VERSION = 120;
				GENERATE_INFOPLIST_FILE = YES;
				INFOPLIST_FILE = PomPadDo.mobile.share/Info.plist;
				INFOPLIST_KEY_CFBundleDisplayName = PomPadDo.mobile.share;
				INFOPLIST_KEY_NSHumanReadableCopyright = "";
				IPHONEOS_DEPLOYMENT_TARGET = 26.2;
				LD_RUNPATH_SEARCH_PATHS = (
					"$(inherited)",
					"@executable_path/Frameworks",
					"@executable_path/../../Frameworks",
				);
				MARKETING_VERSION = 26.1;
				PRODUCT_BUNDLE_IDENTIFIER = "com.amikhaylin.PomPadDo.PomPadDo-mobile-share";
				PRODUCT_NAME = "$(TARGET_NAME)";
				SDKROOT = iphoneos;
				SKIP_INSTALL = YES;
				STRING_CATALOG_GENERATE_SYMBOLS = YES;
				SUPPORTED_PLATFORMS = "iphoneos iphonesimulator";
				SUPPORTS_MACCATALYST = NO;
				SUPPORTS_MAC_DESIGNED_FOR_IPHONE_IPAD = NO;
				SUPPORTS_XR_DESIGNED_FOR_IPHONE_IPAD = NO;
				SWIFT_APPROACHABLE_CONCURRENCY = YES;
				SWIFT_EMIT_LOC_STRINGS = YES;
				SWIFT_UPCOMING_FEATURE_MEMBER_IMPORT_VISIBILITY = YES;
				SWIFT_VERSION = 5.0;
				TARGETED_DEVICE_FAMILY = "1,2";
			};
			name = Debug;
		};
		4D10FF3D2F2E2C9A00CBA5ED /* Release */ = {
			isa = XCBuildConfiguration;
			buildSettings = {
				CODE_SIGN_ENTITLEMENTS = PomPadDo.mobile.share/PomPadDo.mobile.share.entitlements;
				CODE_SIGN_STYLE = Automatic;
				CURRENT_PROJECT_VERSION = 120;
				GENERATE_INFOPLIST_FILE = YES;
				INFOPLIST_FILE = PomPadDo.mobile.share/Info.plist;
				INFOPLIST_KEY_CFBundleDisplayName = PomPadDo.mobile.share;
				INFOPLIST_KEY_NSHumanReadableCopyright = "";
				IPHONEOS_DEPLOYMENT_TARGET = 26.2;
				LD_RUNPATH_SEARCH_PATHS = (
					"$(inherited)",
					"@executable_path/Frameworks",
					"@executable_path/../../Frameworks",
				);
				MARKETING_VERSION = 26.1;
				PRODUCT_BUNDLE_IDENTIFIER = "com.amikhaylin.PomPadDo.PomPadDo-mobile-share";
				PRODUCT_NAME = "$(TARGET_NAME)";
				SDKROOT = iphoneos;
				SKIP_INSTALL = YES;
				STRING_CATALOG_GENERATE_SYMBOLS = YES;
				SUPPORTED_PLATFORMS = "iphoneos iphonesimulator";
				SUPPORTS_MACCATALYST = NO;
				SUPPORTS_MAC_DESIGNED_FOR_IPHONE_IPAD = NO;
				SUPPORTS_XR_DESIGNED_FOR_IPHONE_IPAD = NO;
				SWIFT_APPROACHABLE_CONCURRENCY = YES;
				SWIFT_EMIT_LOC_STRINGS = YES;
				SWIFT_UPCOMING_FEATURE_MEMBER_IMPORT_VISIBILITY = YES;
				SWIFT_VERSION = 5.0;
				TARGETED_DEVICE_FAMILY = "1,2";
				VALIDATE_PRODUCT = YES;
			};
			name = Release;
		};
		4D2867642D61F5C20064ADF3 /* Debug */ = {
			isa = XCBuildConfiguration;
			buildSettings = {
				ASSETCATALOG_COMPILER_APPICON_NAME = AppIcon;
				ASSETCATALOG_COMPILER_GLOBAL_ACCENT_COLOR_NAME = AccentColor;
				CODE_SIGN_ENTITLEMENTS = PomPadDo.mobile/PomPadDo_mobile.entitlements;
				CODE_SIGN_STYLE = Automatic;
				CURRENT_PROJECT_VERSION = 120;
				DEVELOPMENT_ASSET_PATHS = "\"PomPadDo.mobile/Preview Content\"";
				ENABLE_APP_SANDBOX = YES;
				ENABLE_PREVIEWS = YES;
				ENABLE_USER_SELECTED_FILES = readonly;
				GENERATE_INFOPLIST_FILE = YES;
				INFOPLIST_FILE = PomPadDo.mobile/Info.plist;
				INFOPLIST_KEY_CFBundleDisplayName = PomPadDo;
				INFOPLIST_KEY_LSApplicationCategoryType = "public.app-category.productivity";
				INFOPLIST_KEY_NSCalendarsWriteOnlyAccessUsageDescription = "Adding events to your calendars";
				INFOPLIST_KEY_UIApplicationSceneManifest_Generation = YES;
				INFOPLIST_KEY_UIApplicationSupportsIndirectInputEvents = YES;
				INFOPLIST_KEY_UILaunchStoryboardName = LaunchScreen;
				INFOPLIST_KEY_UISupportedInterfaceOrientations_iPad = "UIInterfaceOrientationPortrait UIInterfaceOrientationPortraitUpsideDown UIInterfaceOrientationLandscapeLeft UIInterfaceOrientationLandscapeRight";
				INFOPLIST_KEY_UISupportedInterfaceOrientations_iPhone = "UIInterfaceOrientationPortrait UIInterfaceOrientationLandscapeLeft UIInterfaceOrientationLandscapeRight";
				IPHONEOS_DEPLOYMENT_TARGET = 18.1;
				LD_RUNPATH_SEARCH_PATHS = (
					"$(inherited)",
					"@executable_path/Frameworks",
				);
				MARKETING_VERSION = 26.1;
				PRODUCT_BUNDLE_IDENTIFIER = com.amikhaylin.PomPadDo;
				PRODUCT_NAME = "$(TARGET_NAME)";
				SDKROOT = iphoneos;
				SUPPORTED_PLATFORMS = "iphoneos iphonesimulator";
				SUPPORTS_MACCATALYST = NO;
				SUPPORTS_MAC_DESIGNED_FOR_IPHONE_IPAD = NO;
				SUPPORTS_XR_DESIGNED_FOR_IPHONE_IPAD = NO;
				SWIFT_EMIT_LOC_STRINGS = YES;
				SWIFT_VERSION = 5.0;
				TARGETED_DEVICE_FAMILY = "1,2";
			};
			name = Debug;
		};
		4D2867652D61F5C20064ADF3 /* Release */ = {
			isa = XCBuildConfiguration;
			buildSettings = {
				ASSETCATALOG_COMPILER_APPICON_NAME = AppIcon;
				ASSETCATALOG_COMPILER_GLOBAL_ACCENT_COLOR_NAME = AccentColor;
				CODE_SIGN_ENTITLEMENTS = PomPadDo.mobile/PomPadDo_mobile.entitlements;
				CODE_SIGN_STYLE = Automatic;
				CURRENT_PROJECT_VERSION = 120;
				DEVELOPMENT_ASSET_PATHS = "\"PomPadDo.mobile/Preview Content\"";
				ENABLE_APP_SANDBOX = YES;
				ENABLE_PREVIEWS = YES;
				ENABLE_USER_SELECTED_FILES = readonly;
				GENERATE_INFOPLIST_FILE = YES;
				INFOPLIST_FILE = PomPadDo.mobile/Info.plist;
				INFOPLIST_KEY_CFBundleDisplayName = PomPadDo;
				INFOPLIST_KEY_LSApplicationCategoryType = "public.app-category.productivity";
				INFOPLIST_KEY_NSCalendarsWriteOnlyAccessUsageDescription = "Adding events to your calendars";
				INFOPLIST_KEY_UIApplicationSceneManifest_Generation = YES;
				INFOPLIST_KEY_UIApplicationSupportsIndirectInputEvents = YES;
				INFOPLIST_KEY_UILaunchStoryboardName = LaunchScreen;
				INFOPLIST_KEY_UISupportedInterfaceOrientations_iPad = "UIInterfaceOrientationPortrait UIInterfaceOrientationPortraitUpsideDown UIInterfaceOrientationLandscapeLeft UIInterfaceOrientationLandscapeRight";
				INFOPLIST_KEY_UISupportedInterfaceOrientations_iPhone = "UIInterfaceOrientationPortrait UIInterfaceOrientationLandscapeLeft UIInterfaceOrientationLandscapeRight";
				IPHONEOS_DEPLOYMENT_TARGET = 18.1;
				LD_RUNPATH_SEARCH_PATHS = (
					"$(inherited)",
					"@executable_path/Frameworks",
				);
				MARKETING_VERSION = 26.1;
				PRODUCT_BUNDLE_IDENTIFIER = com.amikhaylin.PomPadDo;
				PRODUCT_NAME = "$(TARGET_NAME)";
				SDKROOT = iphoneos;
				SUPPORTED_PLATFORMS = "iphoneos iphonesimulator";
				SUPPORTS_MACCATALYST = NO;
				SUPPORTS_MAC_DESIGNED_FOR_IPHONE_IPAD = NO;
				SUPPORTS_XR_DESIGNED_FOR_IPHONE_IPAD = NO;
				SWIFT_EMIT_LOC_STRINGS = YES;
				SWIFT_VERSION = 5.0;
				TARGETED_DEVICE_FAMILY = "1,2";
				VALIDATE_PRODUCT = YES;
			};
			name = Release;
		};
		4D28676A2D61F5C20064ADF3 /* Debug */ = {
			isa = XCBuildConfiguration;
			buildSettings = {
				CODE_SIGN_STYLE = Automatic;
				CURRENT_PROJECT_VERSION = 120;
				GENERATE_INFOPLIST_FILE = YES;
				IPHONEOS_DEPLOYMENT_TARGET = 18.1;
				MARKETING_VERSION = 1.0;
				PRODUCT_BUNDLE_IDENTIFIER = com.amikhaylin.PomPadDo.mobileUITests;
				PRODUCT_NAME = "$(TARGET_NAME)";
				SDKROOT = iphoneos;
				SWIFT_EMIT_LOC_STRINGS = NO;
				SWIFT_VERSION = 5.0;
				TARGETED_DEVICE_FAMILY = "1,2";
				TEST_TARGET_NAME = PomPadDo.mobile;
			};
			name = Debug;
		};
		4D28676B2D61F5C20064ADF3 /* Release */ = {
			isa = XCBuildConfiguration;
			buildSettings = {
				CODE_SIGN_STYLE = Automatic;
				CURRENT_PROJECT_VERSION = 120;
				GENERATE_INFOPLIST_FILE = YES;
				IPHONEOS_DEPLOYMENT_TARGET = 18.1;
				MARKETING_VERSION = 1.0;
				PRODUCT_BUNDLE_IDENTIFIER = com.amikhaylin.PomPadDo.mobileUITests;
				PRODUCT_NAME = "$(TARGET_NAME)";
				SDKROOT = iphoneos;
				SWIFT_EMIT_LOC_STRINGS = NO;
				SWIFT_VERSION = 5.0;
				TARGETED_DEVICE_FAMILY = "1,2";
				TEST_TARGET_NAME = PomPadDo.mobile;
				VALIDATE_PRODUCT = YES;
			};
			name = Release;
		};
		4D3E50C12D6382EA008C1FDB /* Debug */ = {
			isa = XCBuildConfiguration;
			buildSettings = {
				ASSETCATALOG_COMPILER_APPICON_NAME = AppIcon;
				ASSETCATALOG_COMPILER_GLOBAL_ACCENT_COLOR_NAME = AccentColor;
				CODE_SIGN_ENTITLEMENTS = "PomPadDo.watch Watch App/PomPadDo.watch Watch App.entitlements";
				CODE_SIGN_STYLE = Automatic;
				CURRENT_PROJECT_VERSION = 120;
				DEVELOPMENT_ASSET_PATHS = "\"PomPadDo.watch Watch App/Preview Content\"";
				ENABLE_PREVIEWS = YES;
				GENERATE_INFOPLIST_FILE = YES;
				INFOPLIST_FILE = "PomPadDo-watch-Watch-App-Info.plist";
				INFOPLIST_KEY_CFBundleDisplayName = PomPadDo;
				INFOPLIST_KEY_UISupportedInterfaceOrientations = "UIInterfaceOrientationPortrait UIInterfaceOrientationPortraitUpsideDown";
				INFOPLIST_KEY_WKCompanionAppBundleIdentifier = com.amikhaylin.PomPadDo;
				LD_RUNPATH_SEARCH_PATHS = (
					"$(inherited)",
					"@executable_path/Frameworks",
				);
				MARKETING_VERSION = 26.1;
				PRODUCT_BUNDLE_IDENTIFIER = com.amikhaylin.PomPadDo.watchkitapp;
				PRODUCT_NAME = "$(TARGET_NAME)";
				SDKROOT = watchos;
				SKIP_INSTALL = YES;
				SWIFT_EMIT_LOC_STRINGS = YES;
				SWIFT_VERSION = 5.0;
				TARGETED_DEVICE_FAMILY = 4;
				WATCHOS_DEPLOYMENT_TARGET = 11.2;
			};
			name = Debug;
		};
		4D3E50C22D6382EA008C1FDB /* Release */ = {
			isa = XCBuildConfiguration;
			buildSettings = {
				ASSETCATALOG_COMPILER_APPICON_NAME = AppIcon;
				ASSETCATALOG_COMPILER_GLOBAL_ACCENT_COLOR_NAME = AccentColor;
				CODE_SIGN_ENTITLEMENTS = "PomPadDo.watch Watch App/PomPadDo.watch Watch App.entitlements";
				CODE_SIGN_STYLE = Automatic;
				CURRENT_PROJECT_VERSION = 120;
				DEVELOPMENT_ASSET_PATHS = "\"PomPadDo.watch Watch App/Preview Content\"";
				ENABLE_PREVIEWS = YES;
				GENERATE_INFOPLIST_FILE = YES;
				INFOPLIST_FILE = "PomPadDo-watch-Watch-App-Info.plist";
				INFOPLIST_KEY_CFBundleDisplayName = PomPadDo;
				INFOPLIST_KEY_UISupportedInterfaceOrientations = "UIInterfaceOrientationPortrait UIInterfaceOrientationPortraitUpsideDown";
				INFOPLIST_KEY_WKCompanionAppBundleIdentifier = com.amikhaylin.PomPadDo;
				LD_RUNPATH_SEARCH_PATHS = (
					"$(inherited)",
					"@executable_path/Frameworks",
				);
				MARKETING_VERSION = 26.1;
				PRODUCT_BUNDLE_IDENTIFIER = com.amikhaylin.PomPadDo.watchkitapp;
				PRODUCT_NAME = "$(TARGET_NAME)";
				SDKROOT = watchos;
				SKIP_INSTALL = YES;
				SWIFT_EMIT_LOC_STRINGS = YES;
				SWIFT_VERSION = 5.0;
				TARGETED_DEVICE_FAMILY = 4;
				VALIDATE_PRODUCT = YES;
				WATCHOS_DEPLOYMENT_TARGET = 11.2;
			};
			name = Release;
		};
		4D71DB752D63404C00C1FE13 /* Debug */ = {
			isa = XCBuildConfiguration;
			buildSettings = {
				ASSETCATALOG_COMPILER_GLOBAL_ACCENT_COLOR_NAME = AccentColor;
				ASSETCATALOG_COMPILER_WIDGET_BACKGROUND_COLOR_NAME = WidgetBackground;
				CLANG_ENABLE_MODULES = YES;
				CODE_SIGN_ENTITLEMENTS = PomPadDoWidgetsExtension.entitlements;
				CODE_SIGN_STYLE = Automatic;
				CURRENT_PROJECT_VERSION = 120;
				GENERATE_INFOPLIST_FILE = YES;
				INFOPLIST_FILE = PomPadDoWidgets/Info.plist;
				INFOPLIST_KEY_CFBundleDisplayName = PomPadDoWidgets;
				INFOPLIST_KEY_NSHumanReadableCopyright = "";
				IPHONEOS_DEPLOYMENT_TARGET = 18.1;
				LD_RUNPATH_SEARCH_PATHS = (
					"$(inherited)",
					"@executable_path/Frameworks",
					"@executable_path/../../Frameworks",
				);
				MARKETING_VERSION = 26.1;
				PRODUCT_BUNDLE_IDENTIFIER = com.amikhaylin.PomPadDo.PomPadDoWidgets;
				PRODUCT_NAME = "$(TARGET_NAME)";
				SDKROOT = iphoneos;
				SKIP_INSTALL = YES;
				SUPPORTED_PLATFORMS = "iphoneos iphonesimulator";
				SUPPORTS_MACCATALYST = NO;
				SUPPORTS_MAC_DESIGNED_FOR_IPHONE_IPAD = NO;
				SUPPORTS_XR_DESIGNED_FOR_IPHONE_IPAD = NO;
				SWIFT_EMIT_LOC_STRINGS = YES;
				SWIFT_OPTIMIZATION_LEVEL = "-Onone";
				SWIFT_VERSION = 5.0;
				TARGETED_DEVICE_FAMILY = "1,2";
			};
			name = Debug;
		};
		4D71DB762D63404C00C1FE13 /* Release */ = {
			isa = XCBuildConfiguration;
			buildSettings = {
				ASSETCATALOG_COMPILER_GLOBAL_ACCENT_COLOR_NAME = AccentColor;
				ASSETCATALOG_COMPILER_WIDGET_BACKGROUND_COLOR_NAME = WidgetBackground;
				CLANG_ENABLE_MODULES = YES;
				CODE_SIGN_ENTITLEMENTS = PomPadDoWidgetsExtension.entitlements;
				CODE_SIGN_STYLE = Automatic;
				CURRENT_PROJECT_VERSION = 120;
				GENERATE_INFOPLIST_FILE = YES;
				INFOPLIST_FILE = PomPadDoWidgets/Info.plist;
				INFOPLIST_KEY_CFBundleDisplayName = PomPadDoWidgets;
				INFOPLIST_KEY_NSHumanReadableCopyright = "";
				IPHONEOS_DEPLOYMENT_TARGET = 18.1;
				LD_RUNPATH_SEARCH_PATHS = (
					"$(inherited)",
					"@executable_path/Frameworks",
					"@executable_path/../../Frameworks",
				);
				MARKETING_VERSION = 26.1;
				PRODUCT_BUNDLE_IDENTIFIER = com.amikhaylin.PomPadDo.PomPadDoWidgets;
				PRODUCT_NAME = "$(TARGET_NAME)";
				SDKROOT = iphoneos;
				SKIP_INSTALL = YES;
				SUPPORTED_PLATFORMS = "iphoneos iphonesimulator";
				SUPPORTS_MACCATALYST = NO;
				SUPPORTS_MAC_DESIGNED_FOR_IPHONE_IPAD = NO;
				SUPPORTS_XR_DESIGNED_FOR_IPHONE_IPAD = NO;
				SWIFT_EMIT_LOC_STRINGS = YES;
				SWIFT_VERSION = 5.0;
				TARGETED_DEVICE_FAMILY = "1,2";
				VALIDATE_PRODUCT = YES;
			};
			name = Release;
		};
		4D7A1FEA2C0778E4009052AE /* Debug */ = {
			isa = XCBuildConfiguration;
			buildSettings = {
				CODE_SIGN_ENTITLEMENTS = PomPadDo.safari/PomPadDoExt.entitlements;
				CODE_SIGN_IDENTITY = "Apple Development";
				"CODE_SIGN_IDENTITY[sdk=macosx*]" = "Apple Development";
				CODE_SIGN_STYLE = Automatic;
				CURRENT_PROJECT_VERSION = 120;
				ENABLE_APP_SANDBOX = YES;
				ENABLE_HARDENED_RUNTIME = YES;
				ENABLE_USER_SELECTED_FILES = readonly;
				GENERATE_INFOPLIST_FILE = YES;
				INFOPLIST_FILE = PomPadDo.safari/Info.plist;
				INFOPLIST_KEY_CFBundleDisplayName = PomPadDo;
				INFOPLIST_KEY_NSHumanReadableCopyright = "";
				LD_RUNPATH_SEARCH_PATHS = (
					"$(inherited)",
					"@executable_path/../Frameworks",
					"@executable_path/../../../../Frameworks",
				);
				MACOSX_DEPLOYMENT_TARGET = 14.5;
				MARKETING_VERSION = 26.1;
				OTHER_LDFLAGS = (
					"-framework",
					SafariServices,
				);
				PRODUCT_BUNDLE_IDENTIFIER = com.amikhaylin.PomPadDo.safari;
				PRODUCT_NAME = "$(TARGET_NAME)";
				PROVISIONING_PROFILE_SPECIFIER = "";
				SKIP_INSTALL = YES;
				SWIFT_EMIT_LOC_STRINGS = YES;
				SWIFT_VERSION = 5.0;
			};
			name = Debug;
		};
		4D7A1FEB2C0778E4009052AE /* Release */ = {
			isa = XCBuildConfiguration;
			buildSettings = {
				CODE_SIGN_ENTITLEMENTS = PomPadDo.safari/PomPadDoExt.entitlements;
				CODE_SIGN_IDENTITY = "Apple Development";
				"CODE_SIGN_IDENTITY[sdk=macosx*]" = "Apple Development";
				CODE_SIGN_STYLE = Automatic;
				CURRENT_PROJECT_VERSION = 120;
				ENABLE_APP_SANDBOX = YES;
				ENABLE_HARDENED_RUNTIME = YES;
				ENABLE_USER_SELECTED_FILES = readonly;
				GENERATE_INFOPLIST_FILE = YES;
				INFOPLIST_FILE = PomPadDo.safari/Info.plist;
				INFOPLIST_KEY_CFBundleDisplayName = PomPadDo;
				INFOPLIST_KEY_NSHumanReadableCopyright = "";
				LD_RUNPATH_SEARCH_PATHS = (
					"$(inherited)",
					"@executable_path/../Frameworks",
					"@executable_path/../../../../Frameworks",
				);
				MACOSX_DEPLOYMENT_TARGET = 14.5;
				MARKETING_VERSION = 26.1;
				OTHER_LDFLAGS = (
					"-framework",
					SafariServices,
				);
				PRODUCT_BUNDLE_IDENTIFIER = com.amikhaylin.PomPadDo.safari;
				PRODUCT_NAME = "$(TARGET_NAME)";
				PROVISIONING_PROFILE_SPECIFIER = "";
				SKIP_INSTALL = YES;
				SWIFT_EMIT_LOC_STRINGS = YES;
				SWIFT_VERSION = 5.0;
			};
			name = Release;
		};
		4D95FE472B7B6BF600C8918D /* Debug */ = {
			isa = XCBuildConfiguration;
			buildSettings = {
				ALWAYS_SEARCH_USER_PATHS = NO;
				ASSETCATALOG_COMPILER_GENERATE_SWIFT_ASSET_SYMBOL_EXTENSIONS = YES;
				CLANG_ANALYZER_LOCALIZABILITY_NONLOCALIZED = YES;
				CLANG_ANALYZER_NONNULL = YES;
				CLANG_ANALYZER_NUMBER_OBJECT_CONVERSION = YES_AGGRESSIVE;
				CLANG_CXX_LANGUAGE_STANDARD = "gnu++20";
				CLANG_ENABLE_MODULES = YES;
				CLANG_ENABLE_OBJC_ARC = YES;
				CLANG_ENABLE_OBJC_WEAK = YES;
				CLANG_WARN_BLOCK_CAPTURE_AUTORELEASING = YES;
				CLANG_WARN_BOOL_CONVERSION = YES;
				CLANG_WARN_COMMA = YES;
				CLANG_WARN_CONSTANT_CONVERSION = YES;
				CLANG_WARN_DEPRECATED_OBJC_IMPLEMENTATIONS = YES;
				CLANG_WARN_DIRECT_OBJC_ISA_USAGE = YES_ERROR;
				CLANG_WARN_DOCUMENTATION_COMMENTS = YES;
				CLANG_WARN_EMPTY_BODY = YES;
				CLANG_WARN_ENUM_CONVERSION = YES;
				CLANG_WARN_INFINITE_RECURSION = YES;
				CLANG_WARN_INT_CONVERSION = YES;
				CLANG_WARN_NON_LITERAL_NULL_CONVERSION = YES;
				CLANG_WARN_OBJC_IMPLICIT_RETAIN_SELF = YES;
				CLANG_WARN_OBJC_LITERAL_CONVERSION = YES;
				CLANG_WARN_OBJC_ROOT_CLASS = YES_ERROR;
				CLANG_WARN_QUOTED_INCLUDE_IN_FRAMEWORK_HEADER = YES;
				CLANG_WARN_RANGE_LOOP_ANALYSIS = YES;
				CLANG_WARN_STRICT_PROTOTYPES = YES;
				CLANG_WARN_SUSPICIOUS_MOVE = YES;
				CLANG_WARN_UNGUARDED_AVAILABILITY = YES_AGGRESSIVE;
				CLANG_WARN_UNREACHABLE_CODE = YES;
				CLANG_WARN__DUPLICATE_METHOD_MATCH = YES;
				COPY_PHASE_STRIP = NO;
				DEAD_CODE_STRIPPING = YES;
				DEBUG_INFORMATION_FORMAT = dwarf;
				DEVELOPMENT_TEAM = 9Z68336878;
				ENABLE_STRICT_OBJC_MSGSEND = YES;
				ENABLE_TESTABILITY = YES;
				ENABLE_USER_SCRIPT_SANDBOXING = YES;
				GCC_C_LANGUAGE_STANDARD = gnu17;
				GCC_DYNAMIC_NO_PIC = NO;
				GCC_NO_COMMON_BLOCKS = YES;
				GCC_OPTIMIZATION_LEVEL = 0;
				GCC_PREPROCESSOR_DEFINITIONS = (
					"DEBUG=1",
					"$(inherited)",
				);
				GCC_WARN_64_TO_32_BIT_CONVERSION = YES;
				GCC_WARN_ABOUT_RETURN_TYPE = YES_ERROR;
				GCC_WARN_UNDECLARED_SELECTOR = YES;
				GCC_WARN_UNINITIALIZED_AUTOS = YES_AGGRESSIVE;
				GCC_WARN_UNUSED_FUNCTION = YES;
				GCC_WARN_UNUSED_VARIABLE = YES;
				LOCALIZATION_PREFERS_STRING_CATALOGS = YES;
				MACOSX_DEPLOYMENT_TARGET = 14.2;
				MTL_ENABLE_DEBUG_INFO = INCLUDE_SOURCE;
				MTL_FAST_MATH = YES;
				ONLY_ACTIVE_ARCH = YES;
				"OTHER_SWIFT_FLAGS[arch=*]" = "-D DEBUG";
				SDKROOT = macosx;
				STRING_CATALOG_GENERATE_SYMBOLS = YES;
				SWIFT_ACTIVE_COMPILATION_CONDITIONS = "DEBUG $(inherited)";
				SWIFT_OPTIMIZATION_LEVEL = "-Onone";
			};
			name = Debug;
		};
		4D95FE482B7B6BF600C8918D /* Release */ = {
			isa = XCBuildConfiguration;
			buildSettings = {
				ALWAYS_SEARCH_USER_PATHS = NO;
				ASSETCATALOG_COMPILER_GENERATE_SWIFT_ASSET_SYMBOL_EXTENSIONS = YES;
				CLANG_ANALYZER_LOCALIZABILITY_NONLOCALIZED = YES;
				CLANG_ANALYZER_NONNULL = YES;
				CLANG_ANALYZER_NUMBER_OBJECT_CONVERSION = YES_AGGRESSIVE;
				CLANG_CXX_LANGUAGE_STANDARD = "gnu++20";
				CLANG_ENABLE_MODULES = YES;
				CLANG_ENABLE_OBJC_ARC = YES;
				CLANG_ENABLE_OBJC_WEAK = YES;
				CLANG_WARN_BLOCK_CAPTURE_AUTORELEASING = YES;
				CLANG_WARN_BOOL_CONVERSION = YES;
				CLANG_WARN_COMMA = YES;
				CLANG_WARN_CONSTANT_CONVERSION = YES;
				CLANG_WARN_DEPRECATED_OBJC_IMPLEMENTATIONS = YES;
				CLANG_WARN_DIRECT_OBJC_ISA_USAGE = YES_ERROR;
				CLANG_WARN_DOCUMENTATION_COMMENTS = YES;
				CLANG_WARN_EMPTY_BODY = YES;
				CLANG_WARN_ENUM_CONVERSION = YES;
				CLANG_WARN_INFINITE_RECURSION = YES;
				CLANG_WARN_INT_CONVERSION = YES;
				CLANG_WARN_NON_LITERAL_NULL_CONVERSION = YES;
				CLANG_WARN_OBJC_IMPLICIT_RETAIN_SELF = YES;
				CLANG_WARN_OBJC_LITERAL_CONVERSION = YES;
				CLANG_WARN_OBJC_ROOT_CLASS = YES_ERROR;
				CLANG_WARN_QUOTED_INCLUDE_IN_FRAMEWORK_HEADER = YES;
				CLANG_WARN_RANGE_LOOP_ANALYSIS = YES;
				CLANG_WARN_STRICT_PROTOTYPES = YES;
				CLANG_WARN_SUSPICIOUS_MOVE = YES;
				CLANG_WARN_UNGUARDED_AVAILABILITY = YES_AGGRESSIVE;
				CLANG_WARN_UNREACHABLE_CODE = YES;
				CLANG_WARN__DUPLICATE_METHOD_MATCH = YES;
				COPY_PHASE_STRIP = NO;
				DEAD_CODE_STRIPPING = YES;
				DEBUG_INFORMATION_FORMAT = "dwarf-with-dsym";
				DEVELOPMENT_TEAM = 9Z68336878;
				ENABLE_NS_ASSERTIONS = NO;
				ENABLE_STRICT_OBJC_MSGSEND = YES;
				ENABLE_USER_SCRIPT_SANDBOXING = YES;
				GCC_C_LANGUAGE_STANDARD = gnu17;
				GCC_NO_COMMON_BLOCKS = YES;
				GCC_WARN_64_TO_32_BIT_CONVERSION = YES;
				GCC_WARN_ABOUT_RETURN_TYPE = YES_ERROR;
				GCC_WARN_UNDECLARED_SELECTOR = YES;
				GCC_WARN_UNINITIALIZED_AUTOS = YES_AGGRESSIVE;
				GCC_WARN_UNUSED_FUNCTION = YES;
				GCC_WARN_UNUSED_VARIABLE = YES;
				LOCALIZATION_PREFERS_STRING_CATALOGS = YES;
				MACOSX_DEPLOYMENT_TARGET = 14.2;
				MTL_ENABLE_DEBUG_INFO = NO;
				MTL_FAST_MATH = YES;
				SDKROOT = macosx;
				STRING_CATALOG_GENERATE_SYMBOLS = YES;
				SWIFT_COMPILATION_MODE = wholemodule;
			};
			name = Release;
		};
		4D95FE4A2B7B6BF600C8918D /* Debug */ = {
			isa = XCBuildConfiguration;
			buildSettings = {
				ASSETCATALOG_COMPILER_APPICON_NAME = AppIcon;
				ASSETCATALOG_COMPILER_GLOBAL_ACCENT_COLOR_NAME = AccentColor;
				ASSETCATALOG_COMPILER_INCLUDE_ALL_APPICON_ASSETS = YES;
				CODE_SIGN_ENTITLEMENTS = PomPadDo/PomPadDoMac.entitlements;
				CODE_SIGN_STYLE = Automatic;
				COMBINE_HIDPI_IMAGES = YES;
				CURRENT_PROJECT_VERSION = 120;
				DEAD_CODE_STRIPPING = YES;
				DEVELOPMENT_ASSET_PATHS = "\"PomPadDo/Preview Content\"";
				ENABLE_APP_SANDBOX = YES;
				ENABLE_HARDENED_RUNTIME = YES;
				ENABLE_OUTGOING_NETWORK_CONNECTIONS = YES;
				ENABLE_PREVIEWS = YES;
				ENABLE_RESOURCE_ACCESS_CALENDARS = YES;
				ENABLE_USER_SCRIPT_SANDBOXING = NO;
				ENABLE_USER_SELECTED_FILES = readwrite;
				GENERATE_INFOPLIST_FILE = YES;
				INFOPLIST_FILE = PomPadDo/Info.plist;
				INFOPLIST_KEY_CFBundleDisplayName = PomPadDo;
				INFOPLIST_KEY_LSApplicationCategoryType = "public.app-category.productivity";
				INFOPLIST_KEY_NSCalendarsWriteOnlyAccessUsageDescription = "Adding events to your calendars";
				INFOPLIST_KEY_NSHumanReadableCopyright = "";
				LD_RUNPATH_SEARCH_PATHS = (
					"$(inherited)",
					"@executable_path/../Frameworks",
				);
				MACOSX_DEPLOYMENT_TARGET = 14.0;
				MARKETING_VERSION = 26.1;
				PRODUCT_BUNDLE_IDENTIFIER = com.amikhaylin.PomPadDo;
				PRODUCT_NAME = PomPadDo;
				SWIFT_EMIT_LOC_STRINGS = YES;
				SWIFT_VERSION = 5.0;
			};
			name = Debug;
		};
		4D95FE4B2B7B6BF600C8918D /* Release */ = {
			isa = XCBuildConfiguration;
			buildSettings = {
				ASSETCATALOG_COMPILER_APPICON_NAME = AppIcon;
				ASSETCATALOG_COMPILER_GLOBAL_ACCENT_COLOR_NAME = AccentColor;
				ASSETCATALOG_COMPILER_INCLUDE_ALL_APPICON_ASSETS = YES;
				CODE_SIGN_ENTITLEMENTS = PomPadDo/PomPadDoMac.entitlements;
				CODE_SIGN_STYLE = Automatic;
				COMBINE_HIDPI_IMAGES = YES;
				CURRENT_PROJECT_VERSION = 120;
				DEAD_CODE_STRIPPING = YES;
				DEVELOPMENT_ASSET_PATHS = "\"PomPadDo/Preview Content\"";
				ENABLE_APP_SANDBOX = YES;
				ENABLE_HARDENED_RUNTIME = YES;
				ENABLE_OUTGOING_NETWORK_CONNECTIONS = YES;
				ENABLE_PREVIEWS = YES;
				ENABLE_RESOURCE_ACCESS_CALENDARS = YES;
				ENABLE_USER_SCRIPT_SANDBOXING = NO;
				ENABLE_USER_SELECTED_FILES = readwrite;
				GENERATE_INFOPLIST_FILE = YES;
				INFOPLIST_FILE = PomPadDo/Info.plist;
				INFOPLIST_KEY_CFBundleDisplayName = PomPadDo;
				INFOPLIST_KEY_LSApplicationCategoryType = "public.app-category.productivity";
				INFOPLIST_KEY_NSCalendarsWriteOnlyAccessUsageDescription = "Adding events to your calendars";
				INFOPLIST_KEY_NSHumanReadableCopyright = "";
				LD_RUNPATH_SEARCH_PATHS = (
					"$(inherited)",
					"@executable_path/../Frameworks",
				);
				MACOSX_DEPLOYMENT_TARGET = 14.0;
				MARKETING_VERSION = 26.1;
				PRODUCT_BUNDLE_IDENTIFIER = com.amikhaylin.PomPadDo;
				PRODUCT_NAME = PomPadDo;
				SWIFT_EMIT_LOC_STRINGS = YES;
				SWIFT_VERSION = 5.0;
			};
			name = Release;
		};
		4D95FE4D2B7B6BF600C8918D /* Debug */ = {
			isa = XCBuildConfiguration;
			buildSettings = {
				BUNDLE_LOADER = "$(TEST_HOST)";
				CODE_SIGN_STYLE = Automatic;
				CURRENT_PROJECT_VERSION = 120;
				DEAD_CODE_STRIPPING = YES;
				GENERATE_INFOPLIST_FILE = YES;
				MACOSX_DEPLOYMENT_TARGET = 14.0;
				MARKETING_VERSION = 1.0;
				PRODUCT_BUNDLE_IDENTIFIER = com.amikhaylin.PomPadDo.Tests;
				PRODUCT_NAME = "$(TARGET_NAME)";
				SWIFT_EMIT_LOC_STRINGS = NO;
				SWIFT_VERSION = 5.0;
				TEST_HOST = "$(BUILT_PRODUCTS_DIR)/PomPadDo.app/$(BUNDLE_EXECUTABLE_FOLDER_PATH)/PomPadDo";
			};
			name = Debug;
		};
		4D95FE4E2B7B6BF600C8918D /* Release */ = {
			isa = XCBuildConfiguration;
			buildSettings = {
				BUNDLE_LOADER = "$(TEST_HOST)";
				CODE_SIGN_STYLE = Automatic;
				CURRENT_PROJECT_VERSION = 120;
				DEAD_CODE_STRIPPING = YES;
				GENERATE_INFOPLIST_FILE = YES;
				MACOSX_DEPLOYMENT_TARGET = 14.0;
				MARKETING_VERSION = 1.0;
				PRODUCT_BUNDLE_IDENTIFIER = com.amikhaylin.PomPadDo.Tests;
				PRODUCT_NAME = "$(TARGET_NAME)";
				SWIFT_EMIT_LOC_STRINGS = NO;
				SWIFT_VERSION = 5.0;
				TEST_HOST = "$(BUILT_PRODUCTS_DIR)/PomPadDo.app/$(BUNDLE_EXECUTABLE_FOLDER_PATH)/PomPadDo";
			};
			name = Release;
		};
		4DF1BABC2EA8EDFE00B8F211 /* Debug */ = {
			isa = XCBuildConfiguration;
			buildSettings = {
				CODE_SIGN_STYLE = Automatic;
				CURRENT_PROJECT_VERSION = 120;
				DEVELOPMENT_TEAM = 9Z68336878;
				GENERATE_INFOPLIST_FILE = YES;
				MACOSX_DEPLOYMENT_TARGET = 26.0;
				MARKETING_VERSION = 1.0;
				PRODUCT_BUNDLE_IDENTIFIER = com.amikhaylin.PomPadDoUITests;
				PRODUCT_NAME = "$(TARGET_NAME)";
				STRING_CATALOG_GENERATE_SYMBOLS = NO;
				SWIFT_APPROACHABLE_CONCURRENCY = YES;
				SWIFT_EMIT_LOC_STRINGS = NO;
				SWIFT_UPCOMING_FEATURE_MEMBER_IMPORT_VISIBILITY = YES;
				SWIFT_VERSION = 5.0;
				TEST_TARGET_NAME = PomPadDo;
			};
			name = Debug;
		};
		4DF1BABD2EA8EDFE00B8F211 /* Release */ = {
			isa = XCBuildConfiguration;
			buildSettings = {
				CODE_SIGN_STYLE = Automatic;
				CURRENT_PROJECT_VERSION = 120;
				DEVELOPMENT_TEAM = 9Z68336878;
				GENERATE_INFOPLIST_FILE = YES;
				MACOSX_DEPLOYMENT_TARGET = 26.0;
				MARKETING_VERSION = 1.0;
				PRODUCT_BUNDLE_IDENTIFIER = com.amikhaylin.PomPadDoUITests;
				PRODUCT_NAME = "$(TARGET_NAME)";
				STRING_CATALOG_GENERATE_SYMBOLS = NO;
				SWIFT_APPROACHABLE_CONCURRENCY = YES;
				SWIFT_EMIT_LOC_STRINGS = NO;
				SWIFT_UPCOMING_FEATURE_MEMBER_IMPORT_VISIBILITY = YES;
				SWIFT_VERSION = 5.0;
				TEST_TARGET_NAME = PomPadDo;
			};
			name = Release;
		};
/* End XCBuildConfiguration section */

/* Begin XCConfigurationList section */
		4D05400F2D63A4980098FEC7 /* Build configuration list for PBXNativeTarget "PomPadDo.watch.widgetsExtension" */ = {
			isa = XCConfigurationList;
			buildConfigurations = (
				4D0540102D63A4980098FEC7 /* Debug */,
				4D0540112D63A4980098FEC7 /* Release */,
			);
			defaultConfigurationIsVisible = 0;
			defaultConfigurationName = Release;
		};
		4D0CECAE2EB2040E004C7365 /* Build configuration list for PBXNativeTarget "PomPadDo.watchUITests" */ = {
			isa = XCConfigurationList;
			buildConfigurations = (
				4D0CECAC2EB2040E004C7365 /* Debug */,
				4D0CECAD2EB2040E004C7365 /* Release */,
			);
			defaultConfigurationIsVisible = 0;
			defaultConfigurationName = Release;
		};
		4D10FF3E2F2E2C9A00CBA5ED /* Build configuration list for PBXNativeTarget "PomPadDo.mobile.share" */ = {
			isa = XCConfigurationList;
			buildConfigurations = (
				4D10FF3C2F2E2C9A00CBA5ED /* Debug */,
				4D10FF3D2F2E2C9A00CBA5ED /* Release */,
			);
			defaultConfigurationIsVisible = 0;
			defaultConfigurationName = Release;
		};
		4D2867632D61F5C20064ADF3 /* Build configuration list for PBXNativeTarget "PomPadDo.mobile" */ = {
			isa = XCConfigurationList;
			buildConfigurations = (
				4D2867642D61F5C20064ADF3 /* Debug */,
				4D2867652D61F5C20064ADF3 /* Release */,
			);
			defaultConfigurationIsVisible = 0;
			defaultConfigurationName = Release;
		};
		4D2867692D61F5C20064ADF3 /* Build configuration list for PBXNativeTarget "PomPadDo.mobileUITests" */ = {
			isa = XCConfigurationList;
			buildConfigurations = (
				4D28676A2D61F5C20064ADF3 /* Debug */,
				4D28676B2D61F5C20064ADF3 /* Release */,
			);
			defaultConfigurationIsVisible = 0;
			defaultConfigurationName = Release;
		};
		4D3E50C32D6382EA008C1FDB /* Build configuration list for PBXNativeTarget "PomPadDo.watch Watch App" */ = {
			isa = XCConfigurationList;
			buildConfigurations = (
				4D3E50C12D6382EA008C1FDB /* Debug */,
				4D3E50C22D6382EA008C1FDB /* Release */,
			);
			defaultConfigurationIsVisible = 0;
			defaultConfigurationName = Release;
		};
		4D71DB742D63404C00C1FE13 /* Build configuration list for PBXNativeTarget "PomPadDoWidgetsExtension" */ = {
			isa = XCConfigurationList;
			buildConfigurations = (
				4D71DB752D63404C00C1FE13 /* Debug */,
				4D71DB762D63404C00C1FE13 /* Release */,
			);
			defaultConfigurationIsVisible = 0;
			defaultConfigurationName = Release;
		};
		4D7A1FEC2C0778E4009052AE /* Build configuration list for PBXNativeTarget "PomPadDo.safari" */ = {
			isa = XCConfigurationList;
			buildConfigurations = (
				4D7A1FEA2C0778E4009052AE /* Debug */,
				4D7A1FEB2C0778E4009052AE /* Release */,
			);
			defaultConfigurationIsVisible = 0;
			defaultConfigurationName = Release;
		};
		4D95FE1D2B7B6BF300C8918D /* Build configuration list for PBXProject "PomPadDo" */ = {
			isa = XCConfigurationList;
			buildConfigurations = (
				4D95FE472B7B6BF600C8918D /* Debug */,
				4D95FE482B7B6BF600C8918D /* Release */,
			);
			defaultConfigurationIsVisible = 0;
			defaultConfigurationName = Release;
		};
		4D95FE492B7B6BF600C8918D /* Build configuration list for PBXNativeTarget "PomPadDo" */ = {
			isa = XCConfigurationList;
			buildConfigurations = (
				4D95FE4A2B7B6BF600C8918D /* Debug */,
				4D95FE4B2B7B6BF600C8918D /* Release */,
			);
			defaultConfigurationIsVisible = 0;
			defaultConfigurationName = Release;
		};
		4D95FE4C2B7B6BF600C8918D /* Build configuration list for PBXNativeTarget "PomPadDoTests" */ = {
			isa = XCConfigurationList;
			buildConfigurations = (
				4D95FE4D2B7B6BF600C8918D /* Debug */,
				4D95FE4E2B7B6BF600C8918D /* Release */,
			);
			defaultConfigurationIsVisible = 0;
			defaultConfigurationName = Release;
		};
		4DF1BABE2EA8EDFE00B8F211 /* Build configuration list for PBXNativeTarget "PomPadDoUITests" */ = {
			isa = XCConfigurationList;
			buildConfigurations = (
				4DF1BABC2EA8EDFE00B8F211 /* Debug */,
				4DF1BABD2EA8EDFE00B8F211 /* Release */,
			);
			defaultConfigurationIsVisible = 0;
			defaultConfigurationName = Release;
		};
/* End XCConfigurationList section */

/* Begin XCRemoteSwiftPackageReference section */
		4D9FFAD22BA9C38300C5F5AE /* XCRemoteSwiftPackageReference "swiftdata-transferrable" */ = {
			isa = XCRemoteSwiftPackageReference;
			repositoryURL = "https://github.com/Whiffer/swiftdata-transferrable";
			requirement = {
				kind = upToNextMajorVersion;
				minimumVersion = 3.0.0;
			};
		};
		4DC43AA02F1502A7009A5C73 /* XCRemoteSwiftPackageReference "CloudStorage" */ = {
			isa = XCRemoteSwiftPackageReference;
			repositoryURL = "https://github.com/tomlokhorst/CloudStorage";
			requirement = {
				kind = upToNextMajorVersion;
				minimumVersion = 0.7.0;
			};
		};
/* End XCRemoteSwiftPackageReference section */

/* Begin XCSwiftPackageProductDependency section */
		4D2867802D61FAFE0064ADF3 /* SwiftDataTransferrable */ = {
			isa = XCSwiftPackageProductDependency;
			package = 4D9FFAD22BA9C38300C5F5AE /* XCRemoteSwiftPackageReference "swiftdata-transferrable" */;
			productName = SwiftDataTransferrable;
		};
		4D9FFAD52BA9C5BA00C5F5AE /* SwiftDataTransferrable */ = {
			isa = XCSwiftPackageProductDependency;
			package = 4D9FFAD22BA9C38300C5F5AE /* XCRemoteSwiftPackageReference "swiftdata-transferrable" */;
			productName = SwiftDataTransferrable;
		};
		4DC43AA12F1502A7009A5C73 /* CloudStorage */ = {
			isa = XCSwiftPackageProductDependency;
			package = 4DC43AA02F1502A7009A5C73 /* XCRemoteSwiftPackageReference "CloudStorage" */;
			productName = CloudStorage;
		};
		4DC43AA32F1502DA009A5C73 /* CloudStorage */ = {
			isa = XCSwiftPackageProductDependency;
			package = 4DC43AA02F1502A7009A5C73 /* XCRemoteSwiftPackageReference "CloudStorage" */;
			productName = CloudStorage;
		};
		4DC43AA52F1502F0009A5C73 /* CloudStorage */ = {
			isa = XCSwiftPackageProductDependency;
			package = 4DC43AA02F1502A7009A5C73 /* XCRemoteSwiftPackageReference "CloudStorage" */;
			productName = CloudStorage;
		};
/* End XCSwiftPackageProductDependency section */
	};
	rootObject = 4D95FE1A2B7B6BF300C8918D /* Project object */;
}
